
Microsoft Visual Studio Solution File, Format Version 10.00
# Visual Studio 2008
Project("{FAE04EC0-301F-11D3-BF4B-00C04F79EFBC}") = "FilteringWithWhereClauses", "FilteringWithWhereClauses\FilteringWithWhereClauses.csproj", "{1FC54739-7618-45C3-9445-E6CF9B118525}"
EndProject
Global
	GlobalSection(SolutionConfigurationPlatforms) = preSolution
		Debug|Any CPU = Debug|Any CPU
		Release|Any CPU = Release|Any CPU
	EndGlobalSection
	GlobalSection(ProjectConfigurationPlatforms) = postSolution
		{1FC54739-7618-45C3-9445-E6CF9B118525}.Debug|Any CPU.ActiveCfg = Debug|Any CPU
		{1FC54739-7618-45C3-9445-E6CF9B118525}.Debug|Any CPU.Build.0 = Debug|Any CPU
		{1FC54739-7618-45C3-9445-E6CF9B118525}.Release|Any CPU.ActiveCfg = Release|Any CPU
		{1FC54739-7618-45C3-9445-E6CF9B118525}.Release|Any CPU.Build.0 = Release|Any CPU
	EndGlobalSection
	GlobalSection(SolutionProperties) = preSolution
		HideSolutionNode = FALSE
	EndGlobalSection
EndGlobal
