Microsoft Visual Studio Solution File, Format Version 9.00
# Visual Studio 2005
Project("{EF7E3281-CD33-11D4-8326-00C04FA0CE8D}") = "ExposeWebService", "ExposeWebService.btproj", "{AA2C890E-E4FB-471C-98A1-20B1F4678D6B}"
EndProject
Global
	GlobalSection(SolutionConfigurationPlatforms) = preSolution
		Deployment|.NET = Deployment|.NET
		Development|.NET = Development|.NET
	EndGlobalSection
	GlobalSection(ProjectConfigurationPlatforms) = postSolution
		{AA2C890E-E4FB-471C-98A1-20B1F4678D6B}.Deployment|.NET.ActiveCfg = Deployment|.NET
		{AA2C890E-E4FB-471C-98A1-20B1F4678D6B}.Deployment|.NET.Build.0 = Deployment|.NET
		{AA2C890E-E4FB-471C-98A1-20B1F4678D6B}.Deployment|.NET.Deploy.0 = Deployment|.NET
		{AA2C890E-E4FB-471C-98A1-20B1F4678D6B}.Development|.NET.ActiveCfg = Development|.NET
		{AA2C890E-E4FB-471C-98A1-20B1F4678D6B}.Development|.NET.Build.0 = Development|.NET
		{AA2C890E-E4FB-471C-98A1-20B1F4678D6B}.Development|.NET.Deploy.0 = Development|.NET
	EndGlobalSection
	GlobalSection(SolutionProperties) = preSolution
		HideSolutionNode = FALSE
	EndGlobalSection
EndGlobal
