
Microsoft Visual Studio Solution File, Format Version 9.00
# Visual Studio 2005
Project("{EF7E3281-CD33-11D4-8326-00C04FA0CE8D}") = "SampleMimeEncoding", "SampleMimeEncoding.btproj", "{3D237F32-2AFD-4C8C-9FF1-8B2BAEF0F626}"
EndProject
Global
	GlobalSection(SolutionConfigurationPlatforms) = preSolution
		Deployment|.NET = Deployment|.NET
		Development|.NET = Development|.NET
	EndGlobalSection
	GlobalSection(ProjectConfigurationPlatforms) = postSolution
		{3D237F32-2AFD-4C8C-9FF1-8B2BAEF0F626}.Deployment|.NET.ActiveCfg = Deployment|.NET
		{3D237F32-2AFD-4C8C-9FF1-8B2BAEF0F626}.Deployment|.NET.Build.0 = Deployment|.NET
		{3D237F32-2AFD-4C8C-9FF1-8B2BAEF0F626}.Deployment|.NET.Deploy.0 = Deployment|.NET
		{3D237F32-2AFD-4C8C-9FF1-8B2BAEF0F626}.Development|.NET.ActiveCfg = Development|.NET
		{3D237F32-2AFD-4C8C-9FF1-8B2BAEF0F626}.Development|.NET.Build.0 = Development|.NET
		{3D237F32-2AFD-4C8C-9FF1-8B2BAEF0F626}.Development|.NET.Deploy.0 = Development|.NET
	EndGlobalSection
	GlobalSection(SolutionProperties) = preSolution
		HideSolutionNode = FALSE
	EndGlobalSection
EndGlobal
