Microsoft Visual Studio Solution File, Format Version 9.00
# Visual Studio 2005
Project("{EF7E3281-CD33-11D4-8326-00C04FA0CE8D}") = "SetMQSeriesHeaderPropertyPipeline", "SetMQSeriesHeaderPropertyPipeline.btproj", "{2D00AFB7-63AC-4793-8146-DD6486AFF62D}"
EndProject
Global
	GlobalSection(SolutionConfigurationPlatforms) = preSolution
		Deployment|.NET = Deployment|.NET
		Development|.NET = Development|.NET
	EndGlobalSection
	GlobalSection(ProjectConfigurationPlatforms) = postSolution
		{2D00AFB7-63AC-4793-8146-DD6486AFF62D}.Deployment|.NET.ActiveCfg = Deployment|.NET
		{2D00AFB7-63AC-4793-8146-DD6486AFF62D}.Deployment|.NET.Build.0 = Deployment|.NET
		{2D00AFB7-63AC-4793-8146-DD6486AFF62D}.Deployment|.NET.Deploy.0 = Deployment|.NET
		{2D00AFB7-63AC-4793-8146-DD6486AFF62D}.Development|.NET.ActiveCfg = Development|.NET
		{2D00AFB7-63AC-4793-8146-DD6486AFF62D}.Development|.NET.Build.0 = Development|.NET
		{2D00AFB7-63AC-4793-8146-DD6486AFF62D}.Development|.NET.Deploy.0 = Development|.NET
	EndGlobalSection
	GlobalSection(SolutionProperties) = preSolution
		HideSolutionNode = FALSE
	EndGlobalSection
EndGlobal
