
Microsoft Visual Studio Solution File, Format Version 10.00
# Visual Studio 2008
Project("{FAE04EC0-301F-11D3-BF4B-00C04F79EFBC}") = "SilverlightApplication1", "SilverlightApplication1.csproj", "{972A8AA0-9387-42AB-95A9-0BB515C34115}"
EndProject
Project("{FAE04EC0-301F-11D3-BF4B-00C04F79EFBC}") = "SilverlightApplication1.Web", "..\SilverlightApplication1.Web\SilverlightApplication1.Web.csproj", "{C151306C-8A1B-4B37-8746-4FFE523B548C}"
EndProject
Global
	GlobalSection(SolutionConfigurationPlatforms) = preSolution
		Debug|Any CPU = Debug|Any CPU
		Release|Any CPU = Release|Any CPU
	EndGlobalSection
	GlobalSection(ProjectConfigurationPlatforms) = postSolution
		{972A8AA0-9387-42AB-95A9-0BB515C34115}.Debug|Any CPU.ActiveCfg = Debug|Any CPU
		{972A8AA0-9387-42AB-95A9-0BB515C34115}.Debug|Any CPU.Build.0 = Debug|Any CPU
		{972A8AA0-9387-42AB-95A9-0BB515C34115}.Release|Any CPU.ActiveCfg = Release|Any CPU
		{972A8AA0-9387-42AB-95A9-0BB515C34115}.Release|Any CPU.Build.0 = Release|Any CPU
		{C151306C-8A1B-4B37-8746-4FFE523B548C}.Debug|Any CPU.ActiveCfg = Debug|Any CPU
		{C151306C-8A1B-4B37-8746-4FFE523B548C}.Debug|Any CPU.Build.0 = Debug|Any CPU
		{C151306C-8A1B-4B37-8746-4FFE523B548C}.Release|Any CPU.ActiveCfg = Release|Any CPU
		{C151306C-8A1B-4B37-8746-4FFE523B548C}.Release|Any CPU.Build.0 = Release|Any CPU
	EndGlobalSection
	GlobalSection(SolutionProperties) = preSolution
		HideSolutionNode = FALSE
	EndGlobalSection
EndGlobal
