Microsoft Visual Studio Solution File, Format Version 8.00
Project("{FAE04EC0-301F-11D3-BF4B-00C04F79EFBC}") = "PassData_Constructor", "PassData_Constructor\PassData_Constructor.csproj", "{D874156F-7FF2-41F5-B5CA-E69873080C8A}"
	ProjectSection(ProjectDependencies) = postProject
	EndProjectSection
EndProject
Project("{FAE04EC0-301F-11D3-BF4B-00C04F79EFBC}") = "PassData_Object", "PassData_Object\PassData_Object.csproj", "{3EBF5657-8D1E-4CCB-AFAA-58C02323CCDA}"
	ProjectSection(ProjectDependencies) = postProject
	EndProjectSection
EndProject
Project("{FAE04EC0-301F-11D3-BF4B-00C04F79EFBC}") = "PassData_Properties", "PassData_Properties\PassData_Properties.csproj", "{444CF0D7-0560-4EBE-B4EB-82A8975DF1D6}"
	ProjectSection(ProjectDependencies) = postProject
	EndProjectSection
EndProject
Project("{FAE04EC0-301F-11D3-BF4B-00C04F79EFBC}") = "PassData_Delegates", "PassData_Delegates\PassData_Delegates.csproj", "{95C1FCEA-046D-4177-9F14-C05E95B6E54D}"
	ProjectSection(ProjectDependencies) = postProject
	EndProjectSection
EndProject
Global
	GlobalSection(SolutionConfiguration) = preSolution
		Debug = Debug
		Release = Release
	EndGlobalSection
	GlobalSection(ProjectConfiguration) = postSolution
		{D874156F-7FF2-41F5-B5CA-E69873080C8A}.Debug.ActiveCfg = Debug|.NET
		{D874156F-7FF2-41F5-B5CA-E69873080C8A}.Debug.Build.0 = Debug|.NET
		{D874156F-7FF2-41F5-B5CA-E69873080C8A}.Release.ActiveCfg = Release|.NET
		{D874156F-7FF2-41F5-B5CA-E69873080C8A}.Release.Build.0 = Release|.NET
		{3EBF5657-8D1E-4CCB-AFAA-58C02323CCDA}.Debug.ActiveCfg = Debug|.NET
		{3EBF5657-8D1E-4CCB-AFAA-58C02323CCDA}.Debug.Build.0 = Debug|.NET
		{3EBF5657-8D1E-4CCB-AFAA-58C02323CCDA}.Release.ActiveCfg = Release|.NET
		{3EBF5657-8D1E-4CCB-AFAA-58C02323CCDA}.Release.Build.0 = Release|.NET
		{444CF0D7-0560-4EBE-B4EB-82A8975DF1D6}.Debug.ActiveCfg = Debug|.NET
		{444CF0D7-0560-4EBE-B4EB-82A8975DF1D6}.Debug.Build.0 = Debug|.NET
		{444CF0D7-0560-4EBE-B4EB-82A8975DF1D6}.Release.ActiveCfg = Release|.NET
		{444CF0D7-0560-4EBE-B4EB-82A8975DF1D6}.Release.Build.0 = Release|.NET
		{95C1FCEA-046D-4177-9F14-C05E95B6E54D}.Debug.ActiveCfg = Debug|.NET
		{95C1FCEA-046D-4177-9F14-C05E95B6E54D}.Debug.Build.0 = Debug|.NET
		{95C1FCEA-046D-4177-9F14-C05E95B6E54D}.Release.ActiveCfg = Release|.NET
		{95C1FCEA-046D-4177-9F14-C05E95B6E54D}.Release.Build.0 = Release|.NET
	EndGlobalSection
	GlobalSection(ExtensibilityGlobals) = postSolution
	EndGlobalSection
	GlobalSection(ExtensibilityAddIns) = postSolution
	EndGlobalSection
EndGlobal
