Microsoft Visual Studio Solution File, Format Version 8.00
Project("{FAE04EC0-301F-11D3-BF4B-00C04F79EFBC}") = "Shopping", "Shopping\Shopping.csproj", "{C89A4F15-2E3A-4D4E-B9F2-43ECEA898D2B}"
	ProjectSection(ProjectDependencies) = postProject
	EndProjectSection
EndProject
Project("{FAE04EC0-301F-11D3-BF4B-00C04F79EFBC}") = "UnitTests", "UnitTests\UnitTests.csproj", "{45DA7213-A3BB-4DB7-A40A-27DA9863A6C4}"
	ProjectSection(ProjectDependencies) = postProject
	EndProjectSection
EndProject
Project("{FAE04EC0-301F-11D3-BF4B-00C04F79EFBC}") = "DataAccess", "DataAccess\DataAccess.csproj", "{D807D40E-FCBC-4150-AF3F-44E01DBDD1B6}"
	ProjectSection(ProjectDependencies) = postProject
	EndProjectSection
EndProject
Global
	GlobalSection(SolutionConfiguration) = preSolution
		Debug = Debug
		Release = Release
	EndGlobalSection
	GlobalSection(ProjectConfiguration) = postSolution
		{C89A4F15-2E3A-4D4E-B9F2-43ECEA898D2B}.Debug.ActiveCfg = Debug|.NET
		{C89A4F15-2E3A-4D4E-B9F2-43ECEA898D2B}.Debug.Build.0 = Debug|.NET
		{C89A4F15-2E3A-4D4E-B9F2-43ECEA898D2B}.Release.ActiveCfg = Release|.NET
		{C89A4F15-2E3A-4D4E-B9F2-43ECEA898D2B}.Release.Build.0 = Release|.NET
		{45DA7213-A3BB-4DB7-A40A-27DA9863A6C4}.Debug.ActiveCfg = Debug|.NET
		{45DA7213-A3BB-4DB7-A40A-27DA9863A6C4}.Debug.Build.0 = Debug|.NET
		{45DA7213-A3BB-4DB7-A40A-27DA9863A6C4}.Release.ActiveCfg = Release|.NET
		{45DA7213-A3BB-4DB7-A40A-27DA9863A6C4}.Release.Build.0 = Release|.NET
		{D807D40E-FCBC-4150-AF3F-44E01DBDD1B6}.Debug.ActiveCfg = Debug|.NET
		{D807D40E-FCBC-4150-AF3F-44E01DBDD1B6}.Debug.Build.0 = Debug|.NET
		{D807D40E-FCBC-4150-AF3F-44E01DBDD1B6}.Release.ActiveCfg = Release|.NET
		{D807D40E-FCBC-4150-AF3F-44E01DBDD1B6}.Release.Build.0 = Release|.NET
	EndGlobalSection
	GlobalSection(ExtensibilityGlobals) = postSolution
	EndGlobalSection
	GlobalSection(ExtensibilityAddIns) = postSolution
	EndGlobalSection
EndGlobal
