Microsoft Visual Studio Solution File, Format Version 9.00
# Visual Studio 2005
Project("{EF7E3281-CD33-11D4-8326-00C04FA0CE8D}") = "Schemas", "Schemas\Schemas.btproj", "{BA297D6B-710A-49BF-BF75-200CD887F95B}"
EndProject
Project("{EF7E3281-CD33-11D4-8326-00C04FA0CE8D}") = "Orchestrations.Adapter", "Orchestrations\Adapter\Orchestrations.Adapter.btproj", "{D61EF641-48F2-4DC3-8741-137FEC99748C}"
EndProject
Project("{FAE04EC0-301F-11D3-BF4B-00C04F79EFBC}") = "Utilities", "Utilities\Utilities.csproj", "{E12D1E4A-6850-43FE-9B72-93884DF14FA7}"
EndProject
Project("{FAE04EC0-301F-11D3-BF4B-00C04F79EFBC}") = "SimpleClient", "SimpleClient\SimpleClient.csproj", "{4109204B-5597-469F-896D-45917EA77CB2}"
EndProject
Project("{FAE04EC0-301F-11D3-BF4B-00C04F79EFBC}") = "PaymentTracker", "PaymentTracker\PaymentTracker.csproj", "{B9426975-C548-4610-93DF-A5647CA70ED0}"
EndProject
Project("{FAE04EC0-301F-11D3-BF4B-00C04F79EFBC}") = "ServiceLevelTracking", "ServiceLevelTracking\ServiceLevelTracking.csproj", "{CEA86233-15D6-4A26-9D39-57136E02DF44}"
EndProject
Project("{FAE04EC0-301F-11D3-BF4B-00C04F79EFBC}") = "ConfigHelper", "ConfigHelper\ConfigHelper.csproj", "{6357D327-CD2D-4811-9243-F8773138FC07}"
EndProject
Project("{EF7E3281-CD33-11D4-8326-00C04FA0CE8D}") = "Orchestrations.Inline", "Orchestrations\Inline\Orchestrations.Inline.btproj", "{EC776E39-7706-44E9-9126-D78393F40A88}"
EndProject
Project("{FAE04EC0-301F-11D3-BF4B-00C04F79EFBC}") = "PaymentTrackerCall", "PaymentTrackerCall\PaymentTrackerCall.csproj", "{DD4A7242-8C24-4665-ADE1-E15BF68DEA44}"
EndProject
Project("{FAE04EC0-301F-11D3-BF4B-00C04F79EFBC}") = "PendTransCall", "PendTransCall\PendTransCall.csproj", "{8313694A-1B37-4D58-AA97-19E21FCB88F6}"
EndProject
Project("{FAE04EC0-301F-11D3-BF4B-00C04F79EFBC}") = "SchemaClasses", "SchemaClasses\SchemaClasses.csproj", "{856FC012-AD3B-4BD7-AB65-36414C27B6AD}"
EndProject
Project("{EF7E3281-CD33-11D4-8326-00C04FA0CE8D}") = "Maps", "Maps\Maps.btproj", "{BB207F93-384B-4489-A736-FF37320687F0}"
EndProject
Project("{EF7E3281-CD33-11D4-8326-00C04FA0CE8D}") = "Orchestrations.Stub", "Orchestrations\Stub\Orchestrations.Stub.btproj", "{869A6368-5116-4AF6-B5C9-D4269950B2A8}"
EndProject
Project("{FAE04EC0-301F-11D3-BF4B-00C04F79EFBC}") = "InPipelineComp", "InPipelineComp\InPipelineComp.csproj", "{491505F3-99F1-4437-9894-5686C51B9361}"
EndProject
Project("{EF7E3281-CD33-11D4-8326-00C04FA0CE8D}") = "InPipeline", "InPipeline\InPipeline.btproj", "{159B747C-CB20-4916-BE44-EADEB70D333B}"
EndProject
Project("{FAE04EC0-301F-11D3-BF4B-00C04F79EFBC}") = "PmTrkPipelineComp", "PmTrkPipelineComp\PmTrkPipelineComp.csproj", "{F253A1BA-0389-4B89-BE07-393E07E14C97}"
EndProject
Project("{EF7E3281-CD33-11D4-8326-00C04FA0CE8D}") = "PmTrkPipeline", "PmTrkPipeline\PmTrkPipeline.btproj", "{EFA830B5-714D-4C59-982C-F0B54D9BACA2}"
EndProject
Project("{E24C65DC-7377-472B-9ABA-BC803B73C61A}") = "C:\...\Adapter\", "OrchProxy\Adapter\", "{A8A5498C-435C-44EE-B029-BEFEECA003BA}"
	ProjectSection(WebsiteProperties) = preProject
		Debug.AspNetCompiler.VirtualPath = "/Adapter"
		Debug.AspNetCompiler.PhysicalPath = "OrchProxy\Adapter\"
		Debug.AspNetCompiler.TargetPath = "PrecompiledWeb\Adapter\"
		Debug.AspNetCompiler.Updateable = "true"
		Debug.AspNetCompiler.ForceOverwrite = "true"
		Debug.AspNetCompiler.FixedNames = "true"
		Debug.AspNetCompiler.Debug = "True"
		Release.AspNetCompiler.VirtualPath = "/Adapter"
		Release.AspNetCompiler.PhysicalPath = "OrchProxy\Adapter\"
		Release.AspNetCompiler.TargetPath = "PrecompiledWeb\Adapter\"
		Release.AspNetCompiler.Updateable = "true"
		Release.AspNetCompiler.ForceOverwrite = "true"
		Release.AspNetCompiler.FixedNames = "true"
		Release.AspNetCompiler.Debug = "False"
		VWDPort = "3227"
	EndProjectSection
EndProject
Project("{E24C65DC-7377-472B-9ABA-BC803B73C61A}") = "C:\...\Inline\", "OrchProxy\Inline\", "{7B1B85E2-3741-4A3D-85E6-37C30CF6DC0F}"
	ProjectSection(WebsiteProperties) = preProject
		Debug.AspNetCompiler.VirtualPath = "/Inline"
		Debug.AspNetCompiler.PhysicalPath = "OrchProxy\Inline\"
		Debug.AspNetCompiler.TargetPath = "PrecompiledWeb\Inline\"
		Debug.AspNetCompiler.Updateable = "true"
		Debug.AspNetCompiler.ForceOverwrite = "true"
		Debug.AspNetCompiler.FixedNames = "true"
		Debug.AspNetCompiler.Debug = "True"
		Release.AspNetCompiler.VirtualPath = "/Inline"
		Release.AspNetCompiler.PhysicalPath = "OrchProxy\Inline\"
		Release.AspNetCompiler.TargetPath = "PrecompiledWeb\Inline\"
		Release.AspNetCompiler.Updateable = "true"
		Release.AspNetCompiler.ForceOverwrite = "true"
		Release.AspNetCompiler.FixedNames = "true"
		Release.AspNetCompiler.Debug = "False"
		VWDPort = "3230"
	EndProjectSection
EndProject
Project("{E24C65DC-7377-472B-9ABA-BC803B73C61A}") = "C:\...\Stub\", "OrchProxy\Stub\", "{DE96C0D8-EBE4-406F-8729-E63469C27DF0}"
	ProjectSection(WebsiteProperties) = preProject
		Debug.AspNetCompiler.VirtualPath = "/Stub"
		Debug.AspNetCompiler.PhysicalPath = "OrchProxy\Stub\"
		Debug.AspNetCompiler.TargetPath = "PrecompiledWeb\Stub\"
		Debug.AspNetCompiler.Updateable = "true"
		Debug.AspNetCompiler.ForceOverwrite = "true"
		Debug.AspNetCompiler.FixedNames = "true"
		Debug.AspNetCompiler.Debug = "True"
		Release.AspNetCompiler.VirtualPath = "/Stub"
		Release.AspNetCompiler.PhysicalPath = "OrchProxy\Stub\"
		Release.AspNetCompiler.TargetPath = "PrecompiledWeb\Stub\"
		Release.AspNetCompiler.Updateable = "true"
		Release.AspNetCompiler.ForceOverwrite = "true"
		Release.AspNetCompiler.FixedNames = "true"
		Release.AspNetCompiler.Debug = "False"
		VWDPort = "3233"
	EndProjectSection
EndProject
Project("{FAE04EC0-301F-11D3-BF4B-00C04F79EFBC}") = "ErrorHelper", "ErrorHelper\ErrorHelper.csproj", "{EC8C80DE-FDE2-4175-B279-D2A4D4C871B1}"
EndProject
Project("{FAE04EC0-301F-11D3-BF4B-00C04F79EFBC}") = "StubSAPCall", "StubWebServices\StubSAPCall\StubSAPCall.csproj", "{4FA1454B-F9B3-4FBC-8226-7FDB14FD2F99}"
EndProject
Project("{E24C65DC-7377-472B-9ABA-BC803B73C61A}") = "C:\...\PaymentTrack\", "StubWebServices\PaymentTrack\", "{102BDA60-D6CE-4CBC-916C-FD4843A90F69}"
	ProjectSection(WebsiteProperties) = preProject
		ProjectReferences = "{856FC012-AD3B-4BD7-AB65-36414C27B6AD}|Microsoft.Samples.BizTalk.WoodgroveBank.SchemaClasses.dll;"
		Debug.AspNetCompiler.VirtualPath = "/PaymentTrack"
		Debug.AspNetCompiler.PhysicalPath = "StubWebServices\PaymentTrack\"
		Debug.AspNetCompiler.TargetPath = "PrecompiledWeb\PaymentTrack\"
		Debug.AspNetCompiler.Updateable = "true"
		Debug.AspNetCompiler.ForceOverwrite = "true"
		Debug.AspNetCompiler.FixedNames = "true"
		Debug.AspNetCompiler.Debug = "True"
		Release.AspNetCompiler.VirtualPath = "/PaymentTrack"
		Release.AspNetCompiler.PhysicalPath = "StubWebServices\PaymentTrack\"
		Release.AspNetCompiler.TargetPath = "PrecompiledWeb\PaymentTrack\"
		Release.AspNetCompiler.Updateable = "true"
		Release.AspNetCompiler.ForceOverwrite = "true"
		Release.AspNetCompiler.FixedNames = "true"
		Release.AspNetCompiler.Debug = "False"
		VWDPort = "3236"
	EndProjectSection
EndProject
Project("{E24C65DC-7377-472B-9ABA-BC803B73C61A}") = "C:\...\PendingTrans\", "StubWebServices\PendingTrans\", "{9945AD9C-C2A7-4A78-BFCA-A48FCCE2CCFB}"
	ProjectSection(WebsiteProperties) = preProject
		ProjectReferences = "{856FC012-AD3B-4BD7-AB65-36414C27B6AD}|Microsoft.Samples.BizTalk.WoodgroveBank.SchemaClasses.dll;"
		Debug.AspNetCompiler.VirtualPath = "/PendingTrans"
		Debug.AspNetCompiler.PhysicalPath = "StubWebServices\PendingTrans\"
		Debug.AspNetCompiler.TargetPath = "PrecompiledWeb\PendingTrans\"
		Debug.AspNetCompiler.Updateable = "true"
		Debug.AspNetCompiler.ForceOverwrite = "true"
		Debug.AspNetCompiler.FixedNames = "true"
		Debug.AspNetCompiler.Debug = "True"
		Release.AspNetCompiler.VirtualPath = "/PendingTrans"
		Release.AspNetCompiler.PhysicalPath = "StubWebServices\PendingTrans\"
		Release.AspNetCompiler.TargetPath = "PrecompiledWeb\PendingTrans\"
		Release.AspNetCompiler.Updateable = "true"
		Release.AspNetCompiler.ForceOverwrite = "true"
		Release.AspNetCompiler.FixedNames = "true"
		Release.AspNetCompiler.Debug = "False"
		VWDPort = "3239"
	EndProjectSection
EndProject
Project("{E24C65DC-7377-472B-9ABA-BC803B73C61A}") = "C:\...\SAP\", "StubWebServices\SAP\", "{7165BD63-EBC1-4CC0-BB2C-22E01700D4AF}"
	ProjectSection(WebsiteProperties) = preProject
		ProjectReferences = "{856FC012-AD3B-4BD7-AB65-36414C27B6AD}|Microsoft.Samples.BizTalk.WoodgroveBank.SchemaClasses.dll;"
		Debug.AspNetCompiler.VirtualPath = "/SAP"
		Debug.AspNetCompiler.PhysicalPath = "StubWebServices\SAP\"
		Debug.AspNetCompiler.TargetPath = "PrecompiledWeb\SAP\"
		Debug.AspNetCompiler.Updateable = "true"
		Debug.AspNetCompiler.ForceOverwrite = "true"
		Debug.AspNetCompiler.FixedNames = "true"
		Debug.AspNetCompiler.Debug = "True"
		Release.AspNetCompiler.VirtualPath = "/SAP"
		Release.AspNetCompiler.PhysicalPath = "StubWebServices\SAP\"
		Release.AspNetCompiler.TargetPath = "PrecompiledWeb\SAP\"
		Release.AspNetCompiler.Updateable = "true"
		Release.AspNetCompiler.ForceOverwrite = "true"
		Release.AspNetCompiler.FixedNames = "true"
		Release.AspNetCompiler.Debug = "False"
		VWDPort = "3242"
	EndProjectSection
EndProject
Global
	GlobalSection(SolutionConfigurationPlatforms) = preSolution
		Debug|Any CPU = Debug|Any CPU
		Debug|Mixed platforms = Debug|Mixed platforms
		Deployment|Any CPU = Deployment|Any CPU
		Deployment|Mixed platforms = Deployment|Mixed platforms
		Development|Any CPU = Development|Any CPU
		Development|Mixed platforms = Development|Mixed platforms
		Release|Any CPU = Release|Any CPU
		Release|Mixed platforms = Release|Mixed platforms
	EndGlobalSection
	GlobalSection(ProjectConfigurationPlatforms) = postSolution
		{BA297D6B-710A-49BF-BF75-200CD887F95B}.Debug|Any CPU.ActiveCfg = Deployment|.NET
		{BA297D6B-710A-49BF-BF75-200CD887F95B}.Debug|Any CPU.Build.0 = Deployment|.NET
		{BA297D6B-710A-49BF-BF75-200CD887F95B}.Debug|Any CPU.Deploy.0 = Deployment|.NET
		{BA297D6B-710A-49BF-BF75-200CD887F95B}.Debug|Mixed platforms.ActiveCfg = Development|.NET
		{BA297D6B-710A-49BF-BF75-200CD887F95B}.Debug|Mixed platforms.Build.0 = Development|.NET
		{BA297D6B-710A-49BF-BF75-200CD887F95B}.Debug|Mixed platforms.Deploy.0 = Development|.NET
		{BA297D6B-710A-49BF-BF75-200CD887F95B}.Deployment|Any CPU.ActiveCfg = Deployment|.NET
		{BA297D6B-710A-49BF-BF75-200CD887F95B}.Deployment|Any CPU.Build.0 = Deployment|.NET
		{BA297D6B-710A-49BF-BF75-200CD887F95B}.Deployment|Any CPU.Deploy.0 = Deployment|.NET
		{BA297D6B-710A-49BF-BF75-200CD887F95B}.Deployment|Mixed platforms.ActiveCfg = Deployment|.NET
		{BA297D6B-710A-49BF-BF75-200CD887F95B}.Deployment|Mixed platforms.Build.0 = Deployment|.NET
		{BA297D6B-710A-49BF-BF75-200CD887F95B}.Deployment|Mixed platforms.Deploy.0 = Deployment|.NET
		{BA297D6B-710A-49BF-BF75-200CD887F95B}.Development|Any CPU.ActiveCfg = Development|.NET
		{BA297D6B-710A-49BF-BF75-200CD887F95B}.Development|Any CPU.Build.0 = Development|.NET
		{BA297D6B-710A-49BF-BF75-200CD887F95B}.Development|Any CPU.Deploy.0 = Development|.NET
		{BA297D6B-710A-49BF-BF75-200CD887F95B}.Development|Mixed platforms.ActiveCfg = Development|.NET
		{BA297D6B-710A-49BF-BF75-200CD887F95B}.Development|Mixed platforms.Build.0 = Development|.NET
		{BA297D6B-710A-49BF-BF75-200CD887F95B}.Development|Mixed platforms.Deploy.0 = Development|.NET
		{BA297D6B-710A-49BF-BF75-200CD887F95B}.Release|Any CPU.ActiveCfg = Deployment|.NET
		{BA297D6B-710A-49BF-BF75-200CD887F95B}.Release|Any CPU.Build.0 = Deployment|.NET
		{BA297D6B-710A-49BF-BF75-200CD887F95B}.Release|Any CPU.Deploy.0 = Deployment|.NET
		{BA297D6B-710A-49BF-BF75-200CD887F95B}.Release|Mixed platforms.ActiveCfg = Deployment|.NET
		{BA297D6B-710A-49BF-BF75-200CD887F95B}.Release|Mixed platforms.Build.0 = Deployment|.NET
		{BA297D6B-710A-49BF-BF75-200CD887F95B}.Release|Mixed platforms.Deploy.0 = Deployment|.NET
		{D61EF641-48F2-4DC3-8741-137FEC99748C}.Debug|Any CPU.ActiveCfg = Deployment|.NET
		{D61EF641-48F2-4DC3-8741-137FEC99748C}.Debug|Any CPU.Build.0 = Deployment|.NET
		{D61EF641-48F2-4DC3-8741-137FEC99748C}.Debug|Any CPU.Deploy.0 = Deployment|.NET
		{D61EF641-48F2-4DC3-8741-137FEC99748C}.Debug|Mixed platforms.ActiveCfg = Development|.NET
		{D61EF641-48F2-4DC3-8741-137FEC99748C}.Debug|Mixed platforms.Build.0 = Development|.NET
		{D61EF641-48F2-4DC3-8741-137FEC99748C}.Debug|Mixed platforms.Deploy.0 = Development|.NET
		{D61EF641-48F2-4DC3-8741-137FEC99748C}.Deployment|Any CPU.ActiveCfg = Deployment|.NET
		{D61EF641-48F2-4DC3-8741-137FEC99748C}.Deployment|Any CPU.Build.0 = Deployment|.NET
		{D61EF641-48F2-4DC3-8741-137FEC99748C}.Deployment|Any CPU.Deploy.0 = Deployment|.NET
		{D61EF641-48F2-4DC3-8741-137FEC99748C}.Deployment|Mixed platforms.ActiveCfg = Deployment|.NET
		{D61EF641-48F2-4DC3-8741-137FEC99748C}.Deployment|Mixed platforms.Build.0 = Deployment|.NET
		{D61EF641-48F2-4DC3-8741-137FEC99748C}.Deployment|Mixed platforms.Deploy.0 = Deployment|.NET
		{D61EF641-48F2-4DC3-8741-137FEC99748C}.Development|Any CPU.ActiveCfg = Development|.NET
		{D61EF641-48F2-4DC3-8741-137FEC99748C}.Development|Any CPU.Build.0 = Development|.NET
		{D61EF641-48F2-4DC3-8741-137FEC99748C}.Development|Mixed platforms.ActiveCfg = Development|.NET
		{D61EF641-48F2-4DC3-8741-137FEC99748C}.Development|Mixed platforms.Build.0 = Development|.NET
		{D61EF641-48F2-4DC3-8741-137FEC99748C}.Development|Mixed platforms.Deploy.0 = Development|.NET
		{D61EF641-48F2-4DC3-8741-137FEC99748C}.Release|Any CPU.ActiveCfg = Deployment|.NET
		{D61EF641-48F2-4DC3-8741-137FEC99748C}.Release|Any CPU.Build.0 = Deployment|.NET
		{D61EF641-48F2-4DC3-8741-137FEC99748C}.Release|Any CPU.Deploy.0 = Deployment|.NET
		{D61EF641-48F2-4DC3-8741-137FEC99748C}.Release|Mixed platforms.ActiveCfg = Deployment|.NET
		{D61EF641-48F2-4DC3-8741-137FEC99748C}.Release|Mixed platforms.Build.0 = Deployment|.NET
		{D61EF641-48F2-4DC3-8741-137FEC99748C}.Release|Mixed platforms.Deploy.0 = Deployment|.NET
		{E12D1E4A-6850-43FE-9B72-93884DF14FA7}.Debug|Any CPU.ActiveCfg = Debug|Any CPU
		{E12D1E4A-6850-43FE-9B72-93884DF14FA7}.Debug|Mixed platforms.ActiveCfg = Debug|Any CPU
		{E12D1E4A-6850-43FE-9B72-93884DF14FA7}.Debug|Mixed platforms.Build.0 = Debug|Any CPU
		{E12D1E4A-6850-43FE-9B72-93884DF14FA7}.Deployment|Any CPU.ActiveCfg = Debug|Any CPU
		{E12D1E4A-6850-43FE-9B72-93884DF14FA7}.Deployment|Mixed platforms.ActiveCfg = Debug|Any CPU
		{E12D1E4A-6850-43FE-9B72-93884DF14FA7}.Deployment|Mixed platforms.Build.0 = Debug|Any CPU
		{E12D1E4A-6850-43FE-9B72-93884DF14FA7}.Development|Any CPU.ActiveCfg = Debug|Any CPU
		{E12D1E4A-6850-43FE-9B72-93884DF14FA7}.Development|Mixed platforms.ActiveCfg = Debug|Any CPU
		{E12D1E4A-6850-43FE-9B72-93884DF14FA7}.Development|Mixed platforms.Build.0 = Debug|Any CPU
		{E12D1E4A-6850-43FE-9B72-93884DF14FA7}.Release|Any CPU.ActiveCfg = Release|Any CPU
		{E12D1E4A-6850-43FE-9B72-93884DF14FA7}.Release|Mixed platforms.ActiveCfg = Release|Any CPU
		{E12D1E4A-6850-43FE-9B72-93884DF14FA7}.Release|Mixed platforms.Build.0 = Release|Any CPU
		{4109204B-5597-469F-896D-45917EA77CB2}.Debug|Any CPU.ActiveCfg = Debug|Any CPU
		{4109204B-5597-469F-896D-45917EA77CB2}.Debug|Mixed platforms.ActiveCfg = Debug|Any CPU
		{4109204B-5597-469F-896D-45917EA77CB2}.Debug|Mixed platforms.Build.0 = Debug|Any CPU
		{4109204B-5597-469F-896D-45917EA77CB2}.Deployment|Any CPU.ActiveCfg = Debug|Any CPU
		{4109204B-5597-469F-896D-45917EA77CB2}.Deployment|Mixed platforms.ActiveCfg = Debug|Any CPU
		{4109204B-5597-469F-896D-45917EA77CB2}.Deployment|Mixed platforms.Build.0 = Debug|Any CPU
		{4109204B-5597-469F-896D-45917EA77CB2}.Development|Any CPU.ActiveCfg = Debug|Any CPU
		{4109204B-5597-469F-896D-45917EA77CB2}.Development|Mixed platforms.ActiveCfg = Debug|Any CPU
		{4109204B-5597-469F-896D-45917EA77CB2}.Development|Mixed platforms.Build.0 = Debug|Any CPU
		{4109204B-5597-469F-896D-45917EA77CB2}.Release|Any CPU.ActiveCfg = Release|Any CPU
		{4109204B-5597-469F-896D-45917EA77CB2}.Release|Mixed platforms.ActiveCfg = Release|Any CPU
		{4109204B-5597-469F-896D-45917EA77CB2}.Release|Mixed platforms.Build.0 = Release|Any CPU
		{B9426975-C548-4610-93DF-A5647CA70ED0}.Debug|Any CPU.ActiveCfg = Debug|Any CPU
		{B9426975-C548-4610-93DF-A5647CA70ED0}.Debug|Mixed platforms.ActiveCfg = Debug|Any CPU
		{B9426975-C548-4610-93DF-A5647CA70ED0}.Debug|Mixed platforms.Build.0 = Debug|Any CPU
		{B9426975-C548-4610-93DF-A5647CA70ED0}.Deployment|Any CPU.ActiveCfg = Debug|Any CPU
		{B9426975-C548-4610-93DF-A5647CA70ED0}.Deployment|Mixed platforms.ActiveCfg = Debug|Any CPU
		{B9426975-C548-4610-93DF-A5647CA70ED0}.Deployment|Mixed platforms.Build.0 = Debug|Any CPU
		{B9426975-C548-4610-93DF-A5647CA70ED0}.Development|Any CPU.ActiveCfg = Debug|Any CPU
		{B9426975-C548-4610-93DF-A5647CA70ED0}.Development|Mixed platforms.ActiveCfg = Debug|Any CPU
		{B9426975-C548-4610-93DF-A5647CA70ED0}.Development|Mixed platforms.Build.0 = Debug|Any CPU
		{B9426975-C548-4610-93DF-A5647CA70ED0}.Release|Any CPU.ActiveCfg = Release|Any CPU
		{B9426975-C548-4610-93DF-A5647CA70ED0}.Release|Mixed platforms.ActiveCfg = Release|Any CPU
		{B9426975-C548-4610-93DF-A5647CA70ED0}.Release|Mixed platforms.Build.0 = Release|Any CPU
		{CEA86233-15D6-4A26-9D39-57136E02DF44}.Debug|Any CPU.ActiveCfg = Debug|Any CPU
		{CEA86233-15D6-4A26-9D39-57136E02DF44}.Debug|Mixed platforms.ActiveCfg = Debug|Any CPU
		{CEA86233-15D6-4A26-9D39-57136E02DF44}.Debug|Mixed platforms.Build.0 = Debug|Any CPU
		{CEA86233-15D6-4A26-9D39-57136E02DF44}.Deployment|Any CPU.ActiveCfg = Debug|Any CPU
		{CEA86233-15D6-4A26-9D39-57136E02DF44}.Deployment|Mixed platforms.ActiveCfg = Debug|Any CPU
		{CEA86233-15D6-4A26-9D39-57136E02DF44}.Deployment|Mixed platforms.Build.0 = Debug|Any CPU
		{CEA86233-15D6-4A26-9D39-57136E02DF44}.Development|Any CPU.ActiveCfg = Debug|Any CPU
		{CEA86233-15D6-4A26-9D39-57136E02DF44}.Development|Mixed platforms.ActiveCfg = Debug|Any CPU
		{CEA86233-15D6-4A26-9D39-57136E02DF44}.Development|Mixed platforms.Build.0 = Debug|Any CPU
		{CEA86233-15D6-4A26-9D39-57136E02DF44}.Release|Any CPU.ActiveCfg = Release|Any CPU
		{CEA86233-15D6-4A26-9D39-57136E02DF44}.Release|Mixed platforms.ActiveCfg = Release|Any CPU
		{CEA86233-15D6-4A26-9D39-57136E02DF44}.Release|Mixed platforms.Build.0 = Release|Any CPU
		{6357D327-CD2D-4811-9243-F8773138FC07}.Debug|Any CPU.ActiveCfg = Debug|Any CPU
		{6357D327-CD2D-4811-9243-F8773138FC07}.Debug|Mixed platforms.ActiveCfg = Debug|Any CPU
		{6357D327-CD2D-4811-9243-F8773138FC07}.Debug|Mixed platforms.Build.0 = Debug|Any CPU
		{6357D327-CD2D-4811-9243-F8773138FC07}.Deployment|Any CPU.ActiveCfg = Debug|Any CPU
		{6357D327-CD2D-4811-9243-F8773138FC07}.Deployment|Mixed platforms.ActiveCfg = Debug|Any CPU
		{6357D327-CD2D-4811-9243-F8773138FC07}.Deployment|Mixed platforms.Build.0 = Debug|Any CPU
		{6357D327-CD2D-4811-9243-F8773138FC07}.Development|Any CPU.ActiveCfg = Debug|Any CPU
		{6357D327-CD2D-4811-9243-F8773138FC07}.Development|Mixed platforms.ActiveCfg = Debug|Any CPU
		{6357D327-CD2D-4811-9243-F8773138FC07}.Development|Mixed platforms.Build.0 = Debug|Any CPU
		{6357D327-CD2D-4811-9243-F8773138FC07}.Release|Any CPU.ActiveCfg = Release|Any CPU
		{6357D327-CD2D-4811-9243-F8773138FC07}.Release|Mixed platforms.ActiveCfg = Release|Any CPU
		{6357D327-CD2D-4811-9243-F8773138FC07}.Release|Mixed platforms.Build.0 = Release|Any CPU
		{EC776E39-7706-44E9-9126-D78393F40A88}.Debug|Any CPU.ActiveCfg = Deployment|.NET
		{EC776E39-7706-44E9-9126-D78393F40A88}.Debug|Any CPU.Build.0 = Deployment|.NET
		{EC776E39-7706-44E9-9126-D78393F40A88}.Debug|Any CPU.Deploy.0 = Deployment|.NET
		{EC776E39-7706-44E9-9126-D78393F40A88}.Debug|Mixed platforms.ActiveCfg = Development|.NET
		{EC776E39-7706-44E9-9126-D78393F40A88}.Debug|Mixed platforms.Build.0 = Development|.NET
		{EC776E39-7706-44E9-9126-D78393F40A88}.Debug|Mixed platforms.Deploy.0 = Development|.NET
		{EC776E39-7706-44E9-9126-D78393F40A88}.Deployment|Any CPU.ActiveCfg = Deployment|.NET
		{EC776E39-7706-44E9-9126-D78393F40A88}.Deployment|Any CPU.Build.0 = Deployment|.NET
		{EC776E39-7706-44E9-9126-D78393F40A88}.Deployment|Any CPU.Deploy.0 = Deployment|.NET
		{EC776E39-7706-44E9-9126-D78393F40A88}.Deployment|Mixed platforms.ActiveCfg = Deployment|.NET
		{EC776E39-7706-44E9-9126-D78393F40A88}.Deployment|Mixed platforms.Build.0 = Deployment|.NET
		{EC776E39-7706-44E9-9126-D78393F40A88}.Deployment|Mixed platforms.Deploy.0 = Deployment|.NET
		{EC776E39-7706-44E9-9126-D78393F40A88}.Development|Any CPU.ActiveCfg = Development|.NET
		{EC776E39-7706-44E9-9126-D78393F40A88}.Development|Any CPU.Build.0 = Development|.NET
		{EC776E39-7706-44E9-9126-D78393F40A88}.Development|Mixed platforms.ActiveCfg = Development|.NET
		{EC776E39-7706-44E9-9126-D78393F40A88}.Development|Mixed platforms.Build.0 = Development|.NET
		{EC776E39-7706-44E9-9126-D78393F40A88}.Development|Mixed platforms.Deploy.0 = Development|.NET
		{EC776E39-7706-44E9-9126-D78393F40A88}.Release|Any CPU.ActiveCfg = Deployment|.NET
		{EC776E39-7706-44E9-9126-D78393F40A88}.Release|Any CPU.Build.0 = Deployment|.NET
		{EC776E39-7706-44E9-9126-D78393F40A88}.Release|Any CPU.Deploy.0 = Deployment|.NET
		{EC776E39-7706-44E9-9126-D78393F40A88}.Release|Mixed platforms.ActiveCfg = Deployment|.NET
		{EC776E39-7706-44E9-9126-D78393F40A88}.Release|Mixed platforms.Build.0 = Deployment|.NET
		{EC776E39-7706-44E9-9126-D78393F40A88}.Release|Mixed platforms.Deploy.0 = Deployment|.NET
		{DD4A7242-8C24-4665-ADE1-E15BF68DEA44}.Debug|Any CPU.ActiveCfg = Debug|Any CPU
		{DD4A7242-8C24-4665-ADE1-E15BF68DEA44}.Debug|Mixed platforms.ActiveCfg = Debug|Any CPU
		{DD4A7242-8C24-4665-ADE1-E15BF68DEA44}.Debug|Mixed platforms.Build.0 = Debug|Any CPU
		{DD4A7242-8C24-4665-ADE1-E15BF68DEA44}.Deployment|Any CPU.ActiveCfg = Debug|Any CPU
		{DD4A7242-8C24-4665-ADE1-E15BF68DEA44}.Deployment|Mixed platforms.ActiveCfg = Debug|Any CPU
		{DD4A7242-8C24-4665-ADE1-E15BF68DEA44}.Deployment|Mixed platforms.Build.0 = Debug|Any CPU
		{DD4A7242-8C24-4665-ADE1-E15BF68DEA44}.Development|Any CPU.ActiveCfg = Debug|Any CPU
		{DD4A7242-8C24-4665-ADE1-E15BF68DEA44}.Development|Mixed platforms.ActiveCfg = Debug|Any CPU
		{DD4A7242-8C24-4665-ADE1-E15BF68DEA44}.Development|Mixed platforms.Build.0 = Debug|Any CPU
		{DD4A7242-8C24-4665-ADE1-E15BF68DEA44}.Release|Any CPU.ActiveCfg = Release|Any CPU
		{DD4A7242-8C24-4665-ADE1-E15BF68DEA44}.Release|Mixed platforms.ActiveCfg = Release|Any CPU
		{DD4A7242-8C24-4665-ADE1-E15BF68DEA44}.Release|Mixed platforms.Build.0 = Release|Any CPU
		{8313694A-1B37-4D58-AA97-19E21FCB88F6}.Debug|Any CPU.ActiveCfg = Debug|Any CPU
		{8313694A-1B37-4D58-AA97-19E21FCB88F6}.Debug|Mixed platforms.ActiveCfg = Debug|Any CPU
		{8313694A-1B37-4D58-AA97-19E21FCB88F6}.Debug|Mixed platforms.Build.0 = Debug|Any CPU
		{8313694A-1B37-4D58-AA97-19E21FCB88F6}.Deployment|Any CPU.ActiveCfg = Debug|Any CPU
		{8313694A-1B37-4D58-AA97-19E21FCB88F6}.Deployment|Mixed platforms.ActiveCfg = Debug|Any CPU
		{8313694A-1B37-4D58-AA97-19E21FCB88F6}.Deployment|Mixed platforms.Build.0 = Debug|Any CPU
		{8313694A-1B37-4D58-AA97-19E21FCB88F6}.Development|Any CPU.ActiveCfg = Debug|Any CPU
		{8313694A-1B37-4D58-AA97-19E21FCB88F6}.Development|Mixed platforms.ActiveCfg = Debug|Any CPU
		{8313694A-1B37-4D58-AA97-19E21FCB88F6}.Development|Mixed platforms.Build.0 = Debug|Any CPU
		{8313694A-1B37-4D58-AA97-19E21FCB88F6}.Release|Any CPU.ActiveCfg = Release|Any CPU
		{8313694A-1B37-4D58-AA97-19E21FCB88F6}.Release|Mixed platforms.ActiveCfg = Release|Any CPU
		{8313694A-1B37-4D58-AA97-19E21FCB88F6}.Release|Mixed platforms.Build.0 = Release|Any CPU
		{856FC012-AD3B-4BD7-AB65-36414C27B6AD}.Debug|Any CPU.ActiveCfg = Debug|Any CPU
		{856FC012-AD3B-4BD7-AB65-36414C27B6AD}.Debug|Mixed platforms.ActiveCfg = Debug|Any CPU
		{856FC012-AD3B-4BD7-AB65-36414C27B6AD}.Debug|Mixed platforms.Build.0 = Debug|Any CPU
		{856FC012-AD3B-4BD7-AB65-36414C27B6AD}.Deployment|Any CPU.ActiveCfg = Debug|Any CPU
		{856FC012-AD3B-4BD7-AB65-36414C27B6AD}.Deployment|Mixed platforms.ActiveCfg = Debug|Any CPU
		{856FC012-AD3B-4BD7-AB65-36414C27B6AD}.Deployment|Mixed platforms.Build.0 = Debug|Any CPU
		{856FC012-AD3B-4BD7-AB65-36414C27B6AD}.Development|Any CPU.ActiveCfg = Debug|Any CPU
		{856FC012-AD3B-4BD7-AB65-36414C27B6AD}.Development|Mixed platforms.ActiveCfg = Debug|Any CPU
		{856FC012-AD3B-4BD7-AB65-36414C27B6AD}.Development|Mixed platforms.Build.0 = Debug|Any CPU
		{856FC012-AD3B-4BD7-AB65-36414C27B6AD}.Release|Any CPU.ActiveCfg = Release|Any CPU
		{856FC012-AD3B-4BD7-AB65-36414C27B6AD}.Release|Mixed platforms.ActiveCfg = Release|Any CPU
		{856FC012-AD3B-4BD7-AB65-36414C27B6AD}.Release|Mixed platforms.Build.0 = Release|Any CPU
		{BB207F93-384B-4489-A736-FF37320687F0}.Debug|Any CPU.ActiveCfg = Deployment|.NET
		{BB207F93-384B-4489-A736-FF37320687F0}.Debug|Any CPU.Build.0 = Deployment|.NET
		{BB207F93-384B-4489-A736-FF37320687F0}.Debug|Any CPU.Deploy.0 = Deployment|.NET
		{BB207F93-384B-4489-A736-FF37320687F0}.Debug|Mixed platforms.ActiveCfg = Development|.NET
		{BB207F93-384B-4489-A736-FF37320687F0}.Debug|Mixed platforms.Build.0 = Development|.NET
		{BB207F93-384B-4489-A736-FF37320687F0}.Debug|Mixed platforms.Deploy.0 = Development|.NET
		{BB207F93-384B-4489-A736-FF37320687F0}.Deployment|Any CPU.ActiveCfg = Deployment|.NET
		{BB207F93-384B-4489-A736-FF37320687F0}.Deployment|Any CPU.Build.0 = Deployment|.NET
		{BB207F93-384B-4489-A736-FF37320687F0}.Deployment|Any CPU.Deploy.0 = Deployment|.NET
		{BB207F93-384B-4489-A736-FF37320687F0}.Deployment|Mixed platforms.ActiveCfg = Deployment|.NET
		{BB207F93-384B-4489-A736-FF37320687F0}.Deployment|Mixed platforms.Build.0 = Deployment|.NET
		{BB207F93-384B-4489-A736-FF37320687F0}.Deployment|Mixed platforms.Deploy.0 = Deployment|.NET
		{BB207F93-384B-4489-A736-FF37320687F0}.Development|Any CPU.ActiveCfg = Development|.NET
		{BB207F93-384B-4489-A736-FF37320687F0}.Development|Any CPU.Build.0 = Development|.NET
		{BB207F93-384B-4489-A736-FF37320687F0}.Development|Any CPU.Deploy.0 = Development|.NET
		{BB207F93-384B-4489-A736-FF37320687F0}.Development|Mixed platforms.ActiveCfg = Development|.NET
		{BB207F93-384B-4489-A736-FF37320687F0}.Development|Mixed platforms.Build.0 = Development|.NET
		{BB207F93-384B-4489-A736-FF37320687F0}.Development|Mixed platforms.Deploy.0 = Development|.NET
		{BB207F93-384B-4489-A736-FF37320687F0}.Release|Any CPU.ActiveCfg = Deployment|.NET
		{BB207F93-384B-4489-A736-FF37320687F0}.Release|Any CPU.Build.0 = Deployment|.NET
		{BB207F93-384B-4489-A736-FF37320687F0}.Release|Any CPU.Deploy.0 = Deployment|.NET
		{BB207F93-384B-4489-A736-FF37320687F0}.Release|Mixed platforms.ActiveCfg = Deployment|.NET
		{BB207F93-384B-4489-A736-FF37320687F0}.Release|Mixed platforms.Build.0 = Deployment|.NET
		{BB207F93-384B-4489-A736-FF37320687F0}.Release|Mixed platforms.Deploy.0 = Deployment|.NET
		{869A6368-5116-4AF6-B5C9-D4269950B2A8}.Debug|Any CPU.ActiveCfg = Deployment|.NET
		{869A6368-5116-4AF6-B5C9-D4269950B2A8}.Debug|Any CPU.Build.0 = Deployment|.NET
		{869A6368-5116-4AF6-B5C9-D4269950B2A8}.Debug|Any CPU.Deploy.0 = Deployment|.NET
		{869A6368-5116-4AF6-B5C9-D4269950B2A8}.Debug|Mixed platforms.ActiveCfg = Development|.NET
		{869A6368-5116-4AF6-B5C9-D4269950B2A8}.Debug|Mixed platforms.Build.0 = Development|.NET
		{869A6368-5116-4AF6-B5C9-D4269950B2A8}.Debug|Mixed platforms.Deploy.0 = Development|.NET
		{869A6368-5116-4AF6-B5C9-D4269950B2A8}.Deployment|Any CPU.ActiveCfg = Deployment|.NET
		{869A6368-5116-4AF6-B5C9-D4269950B2A8}.Deployment|Any CPU.Build.0 = Deployment|.NET
		{869A6368-5116-4AF6-B5C9-D4269950B2A8}.Deployment|Any CPU.Deploy.0 = Deployment|.NET
		{869A6368-5116-4AF6-B5C9-D4269950B2A8}.Deployment|Mixed platforms.ActiveCfg = Deployment|.NET
		{869A6368-5116-4AF6-B5C9-D4269950B2A8}.Deployment|Mixed platforms.Build.0 = Deployment|.NET
		{869A6368-5116-4AF6-B5C9-D4269950B2A8}.Deployment|Mixed platforms.Deploy.0 = Deployment|.NET
		{869A6368-5116-4AF6-B5C9-D4269950B2A8}.Development|Any CPU.ActiveCfg = Development|.NET
		{869A6368-5116-4AF6-B5C9-D4269950B2A8}.Development|Any CPU.Build.0 = Development|.NET
		{869A6368-5116-4AF6-B5C9-D4269950B2A8}.Development|Any CPU.Deploy.0 = Development|.NET
		{869A6368-5116-4AF6-B5C9-D4269950B2A8}.Development|Mixed platforms.ActiveCfg = Development|.NET
		{869A6368-5116-4AF6-B5C9-D4269950B2A8}.Development|Mixed platforms.Build.0 = Development|.NET
		{869A6368-5116-4AF6-B5C9-D4269950B2A8}.Development|Mixed platforms.Deploy.0 = Development|.NET
		{869A6368-5116-4AF6-B5C9-D4269950B2A8}.Release|Any CPU.ActiveCfg = Deployment|.NET
		{869A6368-5116-4AF6-B5C9-D4269950B2A8}.Release|Any CPU.Build.0 = Deployment|.NET
		{869A6368-5116-4AF6-B5C9-D4269950B2A8}.Release|Any CPU.Deploy.0 = Deployment|.NET
		{869A6368-5116-4AF6-B5C9-D4269950B2A8}.Release|Mixed platforms.ActiveCfg = Deployment|.NET
		{869A6368-5116-4AF6-B5C9-D4269950B2A8}.Release|Mixed platforms.Build.0 = Deployment|.NET
		{869A6368-5116-4AF6-B5C9-D4269950B2A8}.Release|Mixed platforms.Deploy.0 = Deployment|.NET
		{491505F3-99F1-4437-9894-5686C51B9361}.Debug|Any CPU.ActiveCfg = Debug|Any CPU
		{491505F3-99F1-4437-9894-5686C51B9361}.Debug|Mixed platforms.ActiveCfg = Debug|Any CPU
		{491505F3-99F1-4437-9894-5686C51B9361}.Debug|Mixed platforms.Build.0 = Debug|Any CPU
		{491505F3-99F1-4437-9894-5686C51B9361}.Deployment|Any CPU.ActiveCfg = Debug|Any CPU
		{491505F3-99F1-4437-9894-5686C51B9361}.Deployment|Mixed platforms.ActiveCfg = Debug|Any CPU
		{491505F3-99F1-4437-9894-5686C51B9361}.Deployment|Mixed platforms.Build.0 = Debug|Any CPU
		{491505F3-99F1-4437-9894-5686C51B9361}.Development|Any CPU.ActiveCfg = Debug|Any CPU
		{491505F3-99F1-4437-9894-5686C51B9361}.Development|Mixed platforms.ActiveCfg = Debug|Any CPU
		{491505F3-99F1-4437-9894-5686C51B9361}.Development|Mixed platforms.Build.0 = Debug|Any CPU
		{491505F3-99F1-4437-9894-5686C51B9361}.Release|Any CPU.ActiveCfg = Release|Any CPU
		{491505F3-99F1-4437-9894-5686C51B9361}.Release|Mixed platforms.ActiveCfg = Release|Any CPU
		{491505F3-99F1-4437-9894-5686C51B9361}.Release|Mixed platforms.Build.0 = Release|Any CPU
		{159B747C-CB20-4916-BE44-EADEB70D333B}.Debug|Any CPU.ActiveCfg = Deployment|.NET
		{159B747C-CB20-4916-BE44-EADEB70D333B}.Debug|Any CPU.Build.0 = Deployment|.NET
		{159B747C-CB20-4916-BE44-EADEB70D333B}.Debug|Any CPU.Deploy.0 = Deployment|.NET
		{159B747C-CB20-4916-BE44-EADEB70D333B}.Debug|Mixed platforms.ActiveCfg = Development|.NET
		{159B747C-CB20-4916-BE44-EADEB70D333B}.Debug|Mixed platforms.Build.0 = Development|.NET
		{159B747C-CB20-4916-BE44-EADEB70D333B}.Debug|Mixed platforms.Deploy.0 = Development|.NET
		{159B747C-CB20-4916-BE44-EADEB70D333B}.Deployment|Any CPU.ActiveCfg = Deployment|.NET
		{159B747C-CB20-4916-BE44-EADEB70D333B}.Deployment|Any CPU.Build.0 = Deployment|.NET
		{159B747C-CB20-4916-BE44-EADEB70D333B}.Deployment|Any CPU.Deploy.0 = Deployment|.NET
		{159B747C-CB20-4916-BE44-EADEB70D333B}.Deployment|Mixed platforms.ActiveCfg = Deployment|.NET
		{159B747C-CB20-4916-BE44-EADEB70D333B}.Deployment|Mixed platforms.Build.0 = Deployment|.NET
		{159B747C-CB20-4916-BE44-EADEB70D333B}.Deployment|Mixed platforms.Deploy.0 = Deployment|.NET
		{159B747C-CB20-4916-BE44-EADEB70D333B}.Development|Any CPU.ActiveCfg = Development|.NET
		{159B747C-CB20-4916-BE44-EADEB70D333B}.Development|Any CPU.Build.0 = Development|.NET
		{159B747C-CB20-4916-BE44-EADEB70D333B}.Development|Mixed platforms.ActiveCfg = Development|.NET
		{159B747C-CB20-4916-BE44-EADEB70D333B}.Development|Mixed platforms.Build.0 = Development|.NET
		{159B747C-CB20-4916-BE44-EADEB70D333B}.Development|Mixed platforms.Deploy.0 = Development|.NET
		{159B747C-CB20-4916-BE44-EADEB70D333B}.Release|Any CPU.ActiveCfg = Deployment|.NET
		{159B747C-CB20-4916-BE44-EADEB70D333B}.Release|Any CPU.Build.0 = Deployment|.NET
		{159B747C-CB20-4916-BE44-EADEB70D333B}.Release|Any CPU.Deploy.0 = Deployment|.NET
		{159B747C-CB20-4916-BE44-EADEB70D333B}.Release|Mixed platforms.ActiveCfg = Deployment|.NET
		{159B747C-CB20-4916-BE44-EADEB70D333B}.Release|Mixed platforms.Build.0 = Deployment|.NET
		{159B747C-CB20-4916-BE44-EADEB70D333B}.Release|Mixed platforms.Deploy.0 = Deployment|.NET
		{F253A1BA-0389-4B89-BE07-393E07E14C97}.Debug|Any CPU.ActiveCfg = Debug|Any CPU
		{F253A1BA-0389-4B89-BE07-393E07E14C97}.Debug|Mixed platforms.ActiveCfg = Debug|Any CPU
		{F253A1BA-0389-4B89-BE07-393E07E14C97}.Debug|Mixed platforms.Build.0 = Debug|Any CPU
		{F253A1BA-0389-4B89-BE07-393E07E14C97}.Deployment|Any CPU.ActiveCfg = Debug|Any CPU
		{F253A1BA-0389-4B89-BE07-393E07E14C97}.Deployment|Mixed platforms.ActiveCfg = Debug|Any CPU
		{F253A1BA-0389-4B89-BE07-393E07E14C97}.Deployment|Mixed platforms.Build.0 = Debug|Any CPU
		{F253A1BA-0389-4B89-BE07-393E07E14C97}.Development|Any CPU.ActiveCfg = Debug|Any CPU
		{F253A1BA-0389-4B89-BE07-393E07E14C97}.Development|Mixed platforms.ActiveCfg = Debug|Any CPU
		{F253A1BA-0389-4B89-BE07-393E07E14C97}.Development|Mixed platforms.Build.0 = Debug|Any CPU
		{F253A1BA-0389-4B89-BE07-393E07E14C97}.Release|Any CPU.ActiveCfg = Release|Any CPU
		{F253A1BA-0389-4B89-BE07-393E07E14C97}.Release|Mixed platforms.ActiveCfg = Release|Any CPU
		{F253A1BA-0389-4B89-BE07-393E07E14C97}.Release|Mixed platforms.Build.0 = Release|Any CPU
		{EFA830B5-714D-4C59-982C-F0B54D9BACA2}.Debug|Any CPU.ActiveCfg = Deployment|.NET
		{EFA830B5-714D-4C59-982C-F0B54D9BACA2}.Debug|Any CPU.Build.0 = Deployment|.NET
		{EFA830B5-714D-4C59-982C-F0B54D9BACA2}.Debug|Any CPU.Deploy.0 = Deployment|.NET
		{EFA830B5-714D-4C59-982C-F0B54D9BACA2}.Debug|Mixed platforms.ActiveCfg = Development|.NET
		{EFA830B5-714D-4C59-982C-F0B54D9BACA2}.Debug|Mixed platforms.Build.0 = Development|.NET
		{EFA830B5-714D-4C59-982C-F0B54D9BACA2}.Debug|Mixed platforms.Deploy.0 = Development|.NET
		{EFA830B5-714D-4C59-982C-F0B54D9BACA2}.Deployment|Any CPU.ActiveCfg = Deployment|.NET
		{EFA830B5-714D-4C59-982C-F0B54D9BACA2}.Deployment|Any CPU.Build.0 = Deployment|.NET
		{EFA830B5-714D-4C59-982C-F0B54D9BACA2}.Deployment|Any CPU.Deploy.0 = Deployment|.NET
		{EFA830B5-714D-4C59-982C-F0B54D9BACA2}.Deployment|Mixed platforms.ActiveCfg = Deployment|.NET
		{EFA830B5-714D-4C59-982C-F0B54D9BACA2}.Deployment|Mixed platforms.Build.0 = Deployment|.NET
		{EFA830B5-714D-4C59-982C-F0B54D9BACA2}.Deployment|Mixed platforms.Deploy.0 = Deployment|.NET
		{EFA830B5-714D-4C59-982C-F0B54D9BACA2}.Development|Any CPU.ActiveCfg = Development|.NET
		{EFA830B5-714D-4C59-982C-F0B54D9BACA2}.Development|Any CPU.Build.0 = Development|.NET
		{EFA830B5-714D-4C59-982C-F0B54D9BACA2}.Development|Any CPU.Deploy.0 = Development|.NET
		{EFA830B5-714D-4C59-982C-F0B54D9BACA2}.Development|Mixed platforms.ActiveCfg = Development|.NET
		{EFA830B5-714D-4C59-982C-F0B54D9BACA2}.Development|Mixed platforms.Build.0 = Development|.NET
		{EFA830B5-714D-4C59-982C-F0B54D9BACA2}.Development|Mixed platforms.Deploy.0 = Development|.NET
		{EFA830B5-714D-4C59-982C-F0B54D9BACA2}.Release|Any CPU.ActiveCfg = Deployment|.NET
		{EFA830B5-714D-4C59-982C-F0B54D9BACA2}.Release|Any CPU.Build.0 = Deployment|.NET
		{EFA830B5-714D-4C59-982C-F0B54D9BACA2}.Release|Any CPU.Deploy.0 = Deployment|.NET
		{EFA830B5-714D-4C59-982C-F0B54D9BACA2}.Release|Mixed platforms.ActiveCfg = Deployment|.NET
		{EFA830B5-714D-4C59-982C-F0B54D9BACA2}.Release|Mixed platforms.Build.0 = Deployment|.NET
		{EFA830B5-714D-4C59-982C-F0B54D9BACA2}.Release|Mixed platforms.Deploy.0 = Deployment|.NET
		{A8A5498C-435C-44EE-B029-BEFEECA003BA}.Debug|Any CPU.ActiveCfg = Debug|.NET
		{A8A5498C-435C-44EE-B029-BEFEECA003BA}.Debug|Any CPU.Build.0 = Debug|.NET
		{A8A5498C-435C-44EE-B029-BEFEECA003BA}.Debug|Mixed platforms.ActiveCfg = Debug|.NET
		{A8A5498C-435C-44EE-B029-BEFEECA003BA}.Debug|Mixed platforms.Build.0 = Debug|.NET
		{A8A5498C-435C-44EE-B029-BEFEECA003BA}.Deployment|Any CPU.ActiveCfg = Debug|.NET
		{A8A5498C-435C-44EE-B029-BEFEECA003BA}.Deployment|Any CPU.Build.0 = Debug|.NET
		{A8A5498C-435C-44EE-B029-BEFEECA003BA}.Deployment|Mixed platforms.ActiveCfg = Debug|.NET
		{A8A5498C-435C-44EE-B029-BEFEECA003BA}.Deployment|Mixed platforms.Build.0 = Debug|.NET
		{A8A5498C-435C-44EE-B029-BEFEECA003BA}.Development|Any CPU.ActiveCfg = Debug|.NET
		{A8A5498C-435C-44EE-B029-BEFEECA003BA}.Development|Any CPU.Build.0 = Debug|.NET
		{A8A5498C-435C-44EE-B029-BEFEECA003BA}.Development|Mixed platforms.ActiveCfg = Debug|.NET
		{A8A5498C-435C-44EE-B029-BEFEECA003BA}.Development|Mixed platforms.Build.0 = Debug|.NET
		{A8A5498C-435C-44EE-B029-BEFEECA003BA}.Release|Any CPU.ActiveCfg = Debug|.NET
		{A8A5498C-435C-44EE-B029-BEFEECA003BA}.Release|Any CPU.Build.0 = Debug|.NET
		{A8A5498C-435C-44EE-B029-BEFEECA003BA}.Release|Mixed platforms.ActiveCfg = Debug|.NET
		{A8A5498C-435C-44EE-B029-BEFEECA003BA}.Release|Mixed platforms.Build.0 = Debug|.NET
		{7B1B85E2-3741-4A3D-85E6-37C30CF6DC0F}.Debug|Any CPU.ActiveCfg = Debug|.NET
		{7B1B85E2-3741-4A3D-85E6-37C30CF6DC0F}.Debug|Any CPU.Build.0 = Debug|.NET
		{7B1B85E2-3741-4A3D-85E6-37C30CF6DC0F}.Debug|Mixed platforms.ActiveCfg = Debug|.NET
		{7B1B85E2-3741-4A3D-85E6-37C30CF6DC0F}.Debug|Mixed platforms.Build.0 = Debug|.NET
		{7B1B85E2-3741-4A3D-85E6-37C30CF6DC0F}.Deployment|Any CPU.ActiveCfg = Debug|.NET
		{7B1B85E2-3741-4A3D-85E6-37C30CF6DC0F}.Deployment|Any CPU.Build.0 = Debug|.NET
		{7B1B85E2-3741-4A3D-85E6-37C30CF6DC0F}.Deployment|Mixed platforms.ActiveCfg = Debug|.NET
		{7B1B85E2-3741-4A3D-85E6-37C30CF6DC0F}.Deployment|Mixed platforms.Build.0 = Debug|.NET
		{7B1B85E2-3741-4A3D-85E6-37C30CF6DC0F}.Development|Any CPU.ActiveCfg = Debug|.NET
		{7B1B85E2-3741-4A3D-85E6-37C30CF6DC0F}.Development|Any CPU.Build.0 = Debug|.NET
		{7B1B85E2-3741-4A3D-85E6-37C30CF6DC0F}.Development|Mixed platforms.ActiveCfg = Debug|.NET
		{7B1B85E2-3741-4A3D-85E6-37C30CF6DC0F}.Development|Mixed platforms.Build.0 = Debug|.NET
		{7B1B85E2-3741-4A3D-85E6-37C30CF6DC0F}.Release|Any CPU.ActiveCfg = Debug|.NET
		{7B1B85E2-3741-4A3D-85E6-37C30CF6DC0F}.Release|Any CPU.Build.0 = Debug|.NET
		{7B1B85E2-3741-4A3D-85E6-37C30CF6DC0F}.Release|Mixed platforms.ActiveCfg = Debug|.NET
		{7B1B85E2-3741-4A3D-85E6-37C30CF6DC0F}.Release|Mixed platforms.Build.0 = Debug|.NET
		{DE96C0D8-EBE4-406F-8729-E63469C27DF0}.Debug|Any CPU.ActiveCfg = Debug|.NET
		{DE96C0D8-EBE4-406F-8729-E63469C27DF0}.Debug|Any CPU.Build.0 = Debug|.NET
		{DE96C0D8-EBE4-406F-8729-E63469C27DF0}.Debug|Mixed platforms.ActiveCfg = Debug|.NET
		{DE96C0D8-EBE4-406F-8729-E63469C27DF0}.Debug|Mixed platforms.Build.0 = Debug|.NET
		{DE96C0D8-EBE4-406F-8729-E63469C27DF0}.Deployment|Any CPU.ActiveCfg = Debug|.NET
		{DE96C0D8-EBE4-406F-8729-E63469C27DF0}.Deployment|Any CPU.Build.0 = Debug|.NET
		{DE96C0D8-EBE4-406F-8729-E63469C27DF0}.Deployment|Mixed platforms.ActiveCfg = Debug|.NET
		{DE96C0D8-EBE4-406F-8729-E63469C27DF0}.Deployment|Mixed platforms.Build.0 = Debug|.NET
		{DE96C0D8-EBE4-406F-8729-E63469C27DF0}.Development|Any CPU.ActiveCfg = Debug|.NET
		{DE96C0D8-EBE4-406F-8729-E63469C27DF0}.Development|Any CPU.Build.0 = Debug|.NET
		{DE96C0D8-EBE4-406F-8729-E63469C27DF0}.Development|Mixed platforms.ActiveCfg = Debug|.NET
		{DE96C0D8-EBE4-406F-8729-E63469C27DF0}.Development|Mixed platforms.Build.0 = Debug|.NET
		{DE96C0D8-EBE4-406F-8729-E63469C27DF0}.Release|Any CPU.ActiveCfg = Debug|.NET
		{DE96C0D8-EBE4-406F-8729-E63469C27DF0}.Release|Any CPU.Build.0 = Debug|.NET
		{DE96C0D8-EBE4-406F-8729-E63469C27DF0}.Release|Mixed platforms.ActiveCfg = Debug|.NET
		{DE96C0D8-EBE4-406F-8729-E63469C27DF0}.Release|Mixed platforms.Build.0 = Debug|.NET
		{EC8C80DE-FDE2-4175-B279-D2A4D4C871B1}.Debug|Any CPU.ActiveCfg = Debug|Any CPU
		{EC8C80DE-FDE2-4175-B279-D2A4D4C871B1}.Debug|Mixed platforms.ActiveCfg = Debug|Any CPU
		{EC8C80DE-FDE2-4175-B279-D2A4D4C871B1}.Debug|Mixed platforms.Build.0 = Debug|Any CPU
		{EC8C80DE-FDE2-4175-B279-D2A4D4C871B1}.Deployment|Any CPU.ActiveCfg = Debug|Any CPU
		{EC8C80DE-FDE2-4175-B279-D2A4D4C871B1}.Deployment|Mixed platforms.ActiveCfg = Debug|Any CPU
		{EC8C80DE-FDE2-4175-B279-D2A4D4C871B1}.Deployment|Mixed platforms.Build.0 = Debug|Any CPU
		{EC8C80DE-FDE2-4175-B279-D2A4D4C871B1}.Development|Any CPU.ActiveCfg = Debug|Any CPU
		{EC8C80DE-FDE2-4175-B279-D2A4D4C871B1}.Development|Mixed platforms.ActiveCfg = Debug|Any CPU
		{EC8C80DE-FDE2-4175-B279-D2A4D4C871B1}.Development|Mixed platforms.Build.0 = Debug|Any CPU
		{EC8C80DE-FDE2-4175-B279-D2A4D4C871B1}.Release|Any CPU.ActiveCfg = Release|Any CPU
		{EC8C80DE-FDE2-4175-B279-D2A4D4C871B1}.Release|Mixed platforms.ActiveCfg = Release|Any CPU
		{EC8C80DE-FDE2-4175-B279-D2A4D4C871B1}.Release|Mixed platforms.Build.0 = Release|Any CPU
		{4FA1454B-F9B3-4FBC-8226-7FDB14FD2F99}.Debug|Any CPU.ActiveCfg = Debug|Any CPU
		{4FA1454B-F9B3-4FBC-8226-7FDB14FD2F99}.Debug|Mixed platforms.ActiveCfg = Debug|Any CPU
		{4FA1454B-F9B3-4FBC-8226-7FDB14FD2F99}.Debug|Mixed platforms.Build.0 = Debug|Any CPU
		{4FA1454B-F9B3-4FBC-8226-7FDB14FD2F99}.Deployment|Any CPU.ActiveCfg = Debug|Any CPU
		{4FA1454B-F9B3-4FBC-8226-7FDB14FD2F99}.Deployment|Mixed platforms.ActiveCfg = Debug|Any CPU
		{4FA1454B-F9B3-4FBC-8226-7FDB14FD2F99}.Deployment|Mixed platforms.Build.0 = Debug|Any CPU
		{4FA1454B-F9B3-4FBC-8226-7FDB14FD2F99}.Development|Any CPU.ActiveCfg = Debug|Any CPU
		{4FA1454B-F9B3-4FBC-8226-7FDB14FD2F99}.Development|Mixed platforms.ActiveCfg = Debug|Any CPU
		{4FA1454B-F9B3-4FBC-8226-7FDB14FD2F99}.Development|Mixed platforms.Build.0 = Debug|Any CPU
		{4FA1454B-F9B3-4FBC-8226-7FDB14FD2F99}.Release|Any CPU.ActiveCfg = Release|Any CPU
		{4FA1454B-F9B3-4FBC-8226-7FDB14FD2F99}.Release|Mixed platforms.ActiveCfg = Release|Any CPU
		{4FA1454B-F9B3-4FBC-8226-7FDB14FD2F99}.Release|Mixed platforms.Build.0 = Release|Any CPU
		{102BDA60-D6CE-4CBC-916C-FD4843A90F69}.Debug|Any CPU.ActiveCfg = Debug|.NET
		{102BDA60-D6CE-4CBC-916C-FD4843A90F69}.Debug|Any CPU.Build.0 = Debug|.NET
		{102BDA60-D6CE-4CBC-916C-FD4843A90F69}.Debug|Mixed platforms.ActiveCfg = Debug|.NET
		{102BDA60-D6CE-4CBC-916C-FD4843A90F69}.Debug|Mixed platforms.Build.0 = Debug|.NET
		{102BDA60-D6CE-4CBC-916C-FD4843A90F69}.Deployment|Any CPU.ActiveCfg = Debug|.NET
		{102BDA60-D6CE-4CBC-916C-FD4843A90F69}.Deployment|Any CPU.Build.0 = Debug|.NET
		{102BDA60-D6CE-4CBC-916C-FD4843A90F69}.Deployment|Mixed platforms.ActiveCfg = Debug|.NET
		{102BDA60-D6CE-4CBC-916C-FD4843A90F69}.Deployment|Mixed platforms.Build.0 = Debug|.NET
		{102BDA60-D6CE-4CBC-916C-FD4843A90F69}.Development|Any CPU.ActiveCfg = Debug|.NET
		{102BDA60-D6CE-4CBC-916C-FD4843A90F69}.Development|Any CPU.Build.0 = Debug|.NET
		{102BDA60-D6CE-4CBC-916C-FD4843A90F69}.Development|Mixed platforms.ActiveCfg = Debug|.NET
		{102BDA60-D6CE-4CBC-916C-FD4843A90F69}.Development|Mixed platforms.Build.0 = Debug|.NET
		{102BDA60-D6CE-4CBC-916C-FD4843A90F69}.Release|Any CPU.ActiveCfg = Debug|.NET
		{102BDA60-D6CE-4CBC-916C-FD4843A90F69}.Release|Any CPU.Build.0 = Debug|.NET
		{102BDA60-D6CE-4CBC-916C-FD4843A90F69}.Release|Mixed platforms.ActiveCfg = Debug|.NET
		{102BDA60-D6CE-4CBC-916C-FD4843A90F69}.Release|Mixed platforms.Build.0 = Debug|.NET
		{9945AD9C-C2A7-4A78-BFCA-A48FCCE2CCFB}.Debug|Any CPU.ActiveCfg = Debug|.NET
		{9945AD9C-C2A7-4A78-BFCA-A48FCCE2CCFB}.Debug|Any CPU.Build.0 = Debug|.NET
		{9945AD9C-C2A7-4A78-BFCA-A48FCCE2CCFB}.Debug|Mixed platforms.ActiveCfg = Debug|.NET
		{9945AD9C-C2A7-4A78-BFCA-A48FCCE2CCFB}.Debug|Mixed platforms.Build.0 = Debug|.NET
		{9945AD9C-C2A7-4A78-BFCA-A48FCCE2CCFB}.Deployment|Any CPU.ActiveCfg = Debug|.NET
		{9945AD9C-C2A7-4A78-BFCA-A48FCCE2CCFB}.Deployment|Any CPU.Build.0 = Debug|.NET
		{9945AD9C-C2A7-4A78-BFCA-A48FCCE2CCFB}.Deployment|Mixed platforms.ActiveCfg = Debug|.NET
		{9945AD9C-C2A7-4A78-BFCA-A48FCCE2CCFB}.Deployment|Mixed platforms.Build.0 = Debug|.NET
		{9945AD9C-C2A7-4A78-BFCA-A48FCCE2CCFB}.Development|Any CPU.ActiveCfg = Debug|.NET
		{9945AD9C-C2A7-4A78-BFCA-A48FCCE2CCFB}.Development|Any CPU.Build.0 = Debug|.NET
		{9945AD9C-C2A7-4A78-BFCA-A48FCCE2CCFB}.Development|Mixed platforms.ActiveCfg = Debug|.NET
		{9945AD9C-C2A7-4A78-BFCA-A48FCCE2CCFB}.Development|Mixed platforms.Build.0 = Debug|.NET
		{9945AD9C-C2A7-4A78-BFCA-A48FCCE2CCFB}.Release|Any CPU.ActiveCfg = Debug|.NET
		{9945AD9C-C2A7-4A78-BFCA-A48FCCE2CCFB}.Release|Any CPU.Build.0 = Debug|.NET
		{9945AD9C-C2A7-4A78-BFCA-A48FCCE2CCFB}.Release|Mixed platforms.ActiveCfg = Debug|.NET
		{9945AD9C-C2A7-4A78-BFCA-A48FCCE2CCFB}.Release|Mixed platforms.Build.0 = Debug|.NET
		{7165BD63-EBC1-4CC0-BB2C-22E01700D4AF}.Debug|Any CPU.ActiveCfg = Debug|.NET
		{7165BD63-EBC1-4CC0-BB2C-22E01700D4AF}.Debug|Any CPU.Build.0 = Debug|.NET
		{7165BD63-EBC1-4CC0-BB2C-22E01700D4AF}.Debug|Mixed platforms.ActiveCfg = Debug|.NET
		{7165BD63-EBC1-4CC0-BB2C-22E01700D4AF}.Debug|Mixed platforms.Build.0 = Debug|.NET
		{7165BD63-EBC1-4CC0-BB2C-22E01700D4AF}.Deployment|Any CPU.ActiveCfg = Debug|.NET
		{7165BD63-EBC1-4CC0-BB2C-22E01700D4AF}.Deployment|Any CPU.Build.0 = Debug|.NET
		{7165BD63-EBC1-4CC0-BB2C-22E01700D4AF}.Deployment|Mixed platforms.ActiveCfg = Debug|.NET
		{7165BD63-EBC1-4CC0-BB2C-22E01700D4AF}.Deployment|Mixed platforms.Build.0 = Debug|.NET
		{7165BD63-EBC1-4CC0-BB2C-22E01700D4AF}.Development|Any CPU.ActiveCfg = Debug|.NET
		{7165BD63-EBC1-4CC0-BB2C-22E01700D4AF}.Development|Any CPU.Build.0 = Debug|.NET
		{7165BD63-EBC1-4CC0-BB2C-22E01700D4AF}.Development|Mixed platforms.ActiveCfg = Debug|.NET
		{7165BD63-EBC1-4CC0-BB2C-22E01700D4AF}.Development|Mixed platforms.Build.0 = Debug|.NET
		{7165BD63-EBC1-4CC0-BB2C-22E01700D4AF}.Release|Any CPU.ActiveCfg = Debug|.NET
		{7165BD63-EBC1-4CC0-BB2C-22E01700D4AF}.Release|Any CPU.Build.0 = Debug|.NET
		{7165BD63-EBC1-4CC0-BB2C-22E01700D4AF}.Release|Mixed platforms.ActiveCfg = Debug|.NET
		{7165BD63-EBC1-4CC0-BB2C-22E01700D4AF}.Release|Mixed platforms.Build.0 = Debug|.NET
	EndGlobalSection
	GlobalSection(SolutionProperties) = preSolution
		HideSolutionNode = FALSE
	EndGlobalSection
EndGlobal
