Microsoft Visual Studio Solution File, Format Version 9.00
# Visual Studio 2005
Project("{EF7E3281-CD33-11D4-8326-00C04FA0CE8D}") = "ExtendingMapper", "ExtendingMapper.btproj", "{A209E672-29AC-4BDD-8B18-26FB8BFEA79A}"
EndProject
Global
	GlobalSection(SolutionConfigurationPlatforms) = preSolution
		Debug|Any CPU = Debug|Any CPU
		Deployment|Any CPU = Deployment|Any CPU
		Development|Any CPU = Development|Any CPU
		Release|Any CPU = Release|Any CPU
	EndGlobalSection
	GlobalSection(ProjectConfigurationPlatforms) = postSolution
		{A209E672-29AC-4BDD-8B18-26FB8BFEA79A}.Debug|Any CPU.ActiveCfg = Deployment|.NET
		{A209E672-29AC-4BDD-8B18-26FB8BFEA79A}.Debug|Any CPU.Build.0 = Deployment|.NET
		{A209E672-29AC-4BDD-8B18-26FB8BFEA79A}.Debug|Any CPU.Deploy.0 = Deployment|.NET
		{A209E672-29AC-4BDD-8B18-26FB8BFEA79A}.Deployment|Any CPU.ActiveCfg = Deployment|.NET
		{A209E672-29AC-4BDD-8B18-26FB8BFEA79A}.Deployment|Any CPU.Build.0 = Deployment|.NET
		{A209E672-29AC-4BDD-8B18-26FB8BFEA79A}.Deployment|Any CPU.Deploy.0 = Deployment|.NET
		{A209E672-29AC-4BDD-8B18-26FB8BFEA79A}.Development|Any CPU.ActiveCfg = Development|.NET
		{A209E672-29AC-4BDD-8B18-26FB8BFEA79A}.Development|Any CPU.Build.0 = Development|.NET
		{A209E672-29AC-4BDD-8B18-26FB8BFEA79A}.Development|Any CPU.Deploy.0 = Development|.NET
		{A209E672-29AC-4BDD-8B18-26FB8BFEA79A}.Release|Any CPU.ActiveCfg = Deployment|.NET
		{A209E672-29AC-4BDD-8B18-26FB8BFEA79A}.Release|Any CPU.Build.0 = Deployment|.NET
		{A209E672-29AC-4BDD-8B18-26FB8BFEA79A}.Release|Any CPU.Deploy.0 = Deployment|.NET
	EndGlobalSection
	GlobalSection(SolutionProperties) = preSolution
		HideSolutionNode = FALSE
	EndGlobalSection
EndGlobal
