Microsoft Visual Studio Solution File, Format Version 9.00
# Visual Studio 2005
Project("{EF7E3281-CD33-11D4-8326-00C04FA0CE8D}") = "CustomPartyResolutionPipeline", "CustomPartyResolutionPipeline\CustomPartyResolutionPipeline.btproj", "{35DBD67D-C41A-49EC-A31B-37FB3CFE534B}"
EndProject
Project("{FAE04EC0-301F-11D3-BF4B-00C04F79EFBC}") = "CustomPartyResolutionPipelineComponent", "CustomPartyResolutionPipelineComponent\CustomPartyResolutionPipelineComponent.csproj", "{BBF7705E-2804-416F-BF10-99FD46AC5465}"
EndProject
Project("{FAE04EC0-301F-11D3-BF4B-00C04F79EFBC}") = "PartyLookup", "PartyLookup\PartyLookup.csproj", "{E08EAF25-114F-40C8-9000-E08642CD63CF}"
EndProject
Global
	GlobalSection(SolutionConfigurationPlatforms) = preSolution
		Debug|.NET = Debug|.NET
		Debug|Any CPU = Debug|Any CPU
		Debug|Mixed platforms = Debug|Mixed platforms
		Deployment|.NET = Deployment|.NET
		Deployment|Any CPU = Deployment|Any CPU
		Deployment|Mixed platforms = Deployment|Mixed platforms
		Development|.NET = Development|.NET
		Development|Any CPU = Development|Any CPU
		Development|Mixed platforms = Development|Mixed platforms
		Release|.NET = Release|.NET
		Release|Any CPU = Release|Any CPU
		Release|Mixed platforms = Release|Mixed platforms
	EndGlobalSection
	GlobalSection(ProjectConfigurationPlatforms) = postSolution
		{35DBD67D-C41A-49EC-A31B-37FB3CFE534B}.Debug|.NET.ActiveCfg = Deployment|.NET
		{35DBD67D-C41A-49EC-A31B-37FB3CFE534B}.Debug|.NET.Build.0 = Deployment|.NET
		{35DBD67D-C41A-49EC-A31B-37FB3CFE534B}.Debug|.NET.Deploy.0 = Deployment|.NET
		{35DBD67D-C41A-49EC-A31B-37FB3CFE534B}.Debug|Any CPU.ActiveCfg = Deployment|.NET
		{35DBD67D-C41A-49EC-A31B-37FB3CFE534B}.Debug|Any CPU.Build.0 = Deployment|.NET
		{35DBD67D-C41A-49EC-A31B-37FB3CFE534B}.Debug|Any CPU.Deploy.0 = Deployment|.NET
		{35DBD67D-C41A-49EC-A31B-37FB3CFE534B}.Debug|Mixed platforms.ActiveCfg = Deployment|.NET
		{35DBD67D-C41A-49EC-A31B-37FB3CFE534B}.Debug|Mixed platforms.Build.0 = Deployment|.NET
		{35DBD67D-C41A-49EC-A31B-37FB3CFE534B}.Debug|Mixed platforms.Deploy.0 = Deployment|.NET
		{35DBD67D-C41A-49EC-A31B-37FB3CFE534B}.Deployment|.NET.ActiveCfg = Deployment|.NET
		{35DBD67D-C41A-49EC-A31B-37FB3CFE534B}.Deployment|.NET.Build.0 = Deployment|.NET
		{35DBD67D-C41A-49EC-A31B-37FB3CFE534B}.Deployment|.NET.Deploy.0 = Deployment|.NET
		{35DBD67D-C41A-49EC-A31B-37FB3CFE534B}.Deployment|Any CPU.ActiveCfg = Deployment|.NET
		{35DBD67D-C41A-49EC-A31B-37FB3CFE534B}.Deployment|Any CPU.Build.0 = Deployment|.NET
		{35DBD67D-C41A-49EC-A31B-37FB3CFE534B}.Deployment|Any CPU.Deploy.0 = Deployment|.NET
		{35DBD67D-C41A-49EC-A31B-37FB3CFE534B}.Deployment|Mixed platforms.ActiveCfg = Deployment|.NET
		{35DBD67D-C41A-49EC-A31B-37FB3CFE534B}.Deployment|Mixed platforms.Build.0 = Deployment|.NET
		{35DBD67D-C41A-49EC-A31B-37FB3CFE534B}.Deployment|Mixed platforms.Deploy.0 = Deployment|.NET
		{35DBD67D-C41A-49EC-A31B-37FB3CFE534B}.Development|.NET.ActiveCfg = Development|.NET
		{35DBD67D-C41A-49EC-A31B-37FB3CFE534B}.Development|.NET.Build.0 = Development|.NET
		{35DBD67D-C41A-49EC-A31B-37FB3CFE534B}.Development|Any CPU.ActiveCfg = Development|.NET
		{35DBD67D-C41A-49EC-A31B-37FB3CFE534B}.Development|Any CPU.Build.0 = Development|.NET
		{35DBD67D-C41A-49EC-A31B-37FB3CFE534B}.Development|Mixed platforms.ActiveCfg = Development|.NET
		{35DBD67D-C41A-49EC-A31B-37FB3CFE534B}.Development|Mixed platforms.Build.0 = Development|.NET
		{35DBD67D-C41A-49EC-A31B-37FB3CFE534B}.Development|Mixed platforms.Deploy.0 = Development|.NET
		{35DBD67D-C41A-49EC-A31B-37FB3CFE534B}.Release|.NET.ActiveCfg = Deployment|.NET
		{35DBD67D-C41A-49EC-A31B-37FB3CFE534B}.Release|.NET.Build.0 = Deployment|.NET
		{35DBD67D-C41A-49EC-A31B-37FB3CFE534B}.Release|.NET.Deploy.0 = Deployment|.NET
		{35DBD67D-C41A-49EC-A31B-37FB3CFE534B}.Release|Any CPU.ActiveCfg = Deployment|.NET
		{35DBD67D-C41A-49EC-A31B-37FB3CFE534B}.Release|Any CPU.Build.0 = Deployment|.NET
		{35DBD67D-C41A-49EC-A31B-37FB3CFE534B}.Release|Any CPU.Deploy.0 = Deployment|.NET
		{35DBD67D-C41A-49EC-A31B-37FB3CFE534B}.Release|Mixed platforms.ActiveCfg = Deployment|.NET
		{35DBD67D-C41A-49EC-A31B-37FB3CFE534B}.Release|Mixed platforms.Build.0 = Deployment|.NET
		{35DBD67D-C41A-49EC-A31B-37FB3CFE534B}.Release|Mixed platforms.Deploy.0 = Deployment|.NET
		{BBF7705E-2804-416F-BF10-99FD46AC5465}.Debug|.NET.ActiveCfg = Debug|Any CPU
		{BBF7705E-2804-416F-BF10-99FD46AC5465}.Debug|.NET.Build.0 = Debug|Any CPU
		{BBF7705E-2804-416F-BF10-99FD46AC5465}.Debug|Any CPU.ActiveCfg = Debug|Any CPU
		{BBF7705E-2804-416F-BF10-99FD46AC5465}.Debug|Any CPU.Build.0 = Debug|Any CPU
		{BBF7705E-2804-416F-BF10-99FD46AC5465}.Debug|Mixed platforms.ActiveCfg = Debug|Any CPU
		{BBF7705E-2804-416F-BF10-99FD46AC5465}.Debug|Mixed platforms.Build.0 = Debug|Any CPU
		{BBF7705E-2804-416F-BF10-99FD46AC5465}.Deployment|.NET.ActiveCfg = Debug|Any CPU
		{BBF7705E-2804-416F-BF10-99FD46AC5465}.Deployment|.NET.Build.0 = Debug|Any CPU
		{BBF7705E-2804-416F-BF10-99FD46AC5465}.Deployment|Any CPU.ActiveCfg = Debug|Any CPU
		{BBF7705E-2804-416F-BF10-99FD46AC5465}.Deployment|Any CPU.Build.0 = Debug|Any CPU
		{BBF7705E-2804-416F-BF10-99FD46AC5465}.Deployment|Mixed platforms.ActiveCfg = Debug|Any CPU
		{BBF7705E-2804-416F-BF10-99FD46AC5465}.Deployment|Mixed platforms.Build.0 = Debug|Any CPU
		{BBF7705E-2804-416F-BF10-99FD46AC5465}.Development|.NET.ActiveCfg = Debug|Any CPU
		{BBF7705E-2804-416F-BF10-99FD46AC5465}.Development|.NET.Build.0 = Debug|Any CPU
		{BBF7705E-2804-416F-BF10-99FD46AC5465}.Development|Any CPU.ActiveCfg = Debug|Any CPU
		{BBF7705E-2804-416F-BF10-99FD46AC5465}.Development|Any CPU.Build.0 = Debug|Any CPU
		{BBF7705E-2804-416F-BF10-99FD46AC5465}.Development|Mixed platforms.ActiveCfg = Debug|Any CPU
		{BBF7705E-2804-416F-BF10-99FD46AC5465}.Development|Mixed platforms.Build.0 = Debug|Any CPU
		{BBF7705E-2804-416F-BF10-99FD46AC5465}.Release|.NET.ActiveCfg = Release|Any CPU
		{BBF7705E-2804-416F-BF10-99FD46AC5465}.Release|.NET.Build.0 = Release|Any CPU
		{BBF7705E-2804-416F-BF10-99FD46AC5465}.Release|Any CPU.ActiveCfg = Release|Any CPU
		{BBF7705E-2804-416F-BF10-99FD46AC5465}.Release|Any CPU.Build.0 = Release|Any CPU
		{BBF7705E-2804-416F-BF10-99FD46AC5465}.Release|Mixed platforms.ActiveCfg = Release|Any CPU
		{BBF7705E-2804-416F-BF10-99FD46AC5465}.Release|Mixed platforms.Build.0 = Release|Any CPU
		{E08EAF25-114F-40C8-9000-E08642CD63CF}.Debug|.NET.ActiveCfg = Debug|Any CPU
		{E08EAF25-114F-40C8-9000-E08642CD63CF}.Debug|Any CPU.ActiveCfg = Debug|Any CPU
		{E08EAF25-114F-40C8-9000-E08642CD63CF}.Debug|Any CPU.Build.0 = Debug|Any CPU
		{E08EAF25-114F-40C8-9000-E08642CD63CF}.Debug|Mixed platforms.ActiveCfg = Debug|Any CPU
		{E08EAF25-114F-40C8-9000-E08642CD63CF}.Debug|Mixed platforms.Build.0 = Debug|Any CPU
		{E08EAF25-114F-40C8-9000-E08642CD63CF}.Deployment|.NET.ActiveCfg = Debug|Any CPU
		{E08EAF25-114F-40C8-9000-E08642CD63CF}.Deployment|Any CPU.ActiveCfg = Debug|Any CPU
		{E08EAF25-114F-40C8-9000-E08642CD63CF}.Deployment|Any CPU.Build.0 = Debug|Any CPU
		{E08EAF25-114F-40C8-9000-E08642CD63CF}.Deployment|Mixed platforms.ActiveCfg = Debug|Any CPU
		{E08EAF25-114F-40C8-9000-E08642CD63CF}.Deployment|Mixed platforms.Build.0 = Debug|Any CPU
		{E08EAF25-114F-40C8-9000-E08642CD63CF}.Development|.NET.ActiveCfg = Debug|Any CPU
		{E08EAF25-114F-40C8-9000-E08642CD63CF}.Development|Any CPU.ActiveCfg = Debug|Any CPU
		{E08EAF25-114F-40C8-9000-E08642CD63CF}.Development|Any CPU.Build.0 = Debug|Any CPU
		{E08EAF25-114F-40C8-9000-E08642CD63CF}.Development|Mixed platforms.ActiveCfg = Debug|Any CPU
		{E08EAF25-114F-40C8-9000-E08642CD63CF}.Development|Mixed platforms.Build.0 = Debug|Any CPU
		{E08EAF25-114F-40C8-9000-E08642CD63CF}.Release|.NET.ActiveCfg = Release|Any CPU
		{E08EAF25-114F-40C8-9000-E08642CD63CF}.Release|Any CPU.ActiveCfg = Release|Any CPU
		{E08EAF25-114F-40C8-9000-E08642CD63CF}.Release|Any CPU.Build.0 = Release|Any CPU
		{E08EAF25-114F-40C8-9000-E08642CD63CF}.Release|Mixed platforms.ActiveCfg = Release|Any CPU
		{E08EAF25-114F-40C8-9000-E08642CD63CF}.Release|Mixed platforms.Build.0 = Release|Any CPU
	EndGlobalSection
	GlobalSection(SolutionProperties) = preSolution
		HideSolutionNode = FALSE
	EndGlobalSection
EndGlobal
