
Microsoft Visual Studio Solution File, Format Version 10.00
# Visual Studio 2008
Project("{FAE04EC0-301F-11D3-BF4B-00C04F79EFBC}") = "GroupBy", "GroupBy\GroupBy.csproj", "{AAB3CA03-07B1-4603-BBF9-4D0174B15249}"
EndProject
Global
	GlobalSection(SolutionConfigurationPlatforms) = preSolution
		Debug|Any CPU = Debug|Any CPU
		Release|Any CPU = Release|Any CPU
	EndGlobalSection
	GlobalSection(ProjectConfigurationPlatforms) = postSolution
		{AAB3CA03-07B1-4603-BBF9-4D0174B15249}.Debug|Any CPU.ActiveCfg = Debug|Any CPU
		{AAB3CA03-07B1-4603-BBF9-4D0174B15249}.Debug|Any CPU.Build.0 = Debug|Any CPU
		{AAB3CA03-07B1-4603-BBF9-4D0174B15249}.Release|Any CPU.ActiveCfg = Release|Any CPU
		{AAB3CA03-07B1-4603-BBF9-4D0174B15249}.Release|Any CPU.Build.0 = Release|Any CPU
	EndGlobalSection
	GlobalSection(SolutionProperties) = preSolution
		HideSolutionNode = FALSE
	EndGlobalSection
EndGlobal
