
Microsoft Visual Studio Solution File, Format Version 11.00
# Visual Studio 2010
Project("{FAE04EC0-301F-11D3-BF4B-00C04F79EFBC}") = "ScriptLocalizationCS", "ScriptLocalizationCS\ScriptLocalizationCS.csproj", "{34BB293F-C006-4EEE-A4D1-1FA0A2CC5164}"
EndProject
Project("{FAE04EC0-301F-11D3-BF4B-00C04F79EFBC}") = "LocalizingResources", "LocalizingResources\LocalizingResources.csproj", "{971F412E-0024-4F24-ACBE-2F6A57DB8E4F}"
EndProject
Global
	GlobalSection(SolutionConfigurationPlatforms) = preSolution
		Debug|Any CPU = Debug|Any CPU
		Release|Any CPU = Release|Any CPU
	EndGlobalSection
	GlobalSection(ProjectConfigurationPlatforms) = postSolution
		{34BB293F-C006-4EEE-A4D1-1FA0A2CC5164}.Debug|Any CPU.ActiveCfg = Debug|Any CPU
		{34BB293F-C006-4EEE-A4D1-1FA0A2CC5164}.Debug|Any CPU.Build.0 = Debug|Any CPU
		{34BB293F-C006-4EEE-A4D1-1FA0A2CC5164}.Release|Any CPU.ActiveCfg = Release|Any CPU
		{34BB293F-C006-4EEE-A4D1-1FA0A2CC5164}.Release|Any CPU.Build.0 = Release|Any CPU
		{971F412E-0024-4F24-ACBE-2F6A57DB8E4F}.Debug|Any CPU.ActiveCfg = Debug|Any CPU
		{971F412E-0024-4F24-ACBE-2F6A57DB8E4F}.Debug|Any CPU.Build.0 = Debug|Any CPU
		{971F412E-0024-4F24-ACBE-2F6A57DB8E4F}.Release|Any CPU.ActiveCfg = Release|Any CPU
		{971F412E-0024-4F24-ACBE-2F6A57DB8E4F}.Release|Any CPU.Build.0 = Release|Any CPU
	EndGlobalSection
	GlobalSection(SolutionProperties) = preSolution
		HideSolutionNode = FALSE
	EndGlobalSection
EndGlobal
