
Microsoft Visual Studio Solution File, Format Version 9.00
# Visual Studio 2005
Project("{FAE04EC0-301F-11D3-BF4B-00C04F79EFBC}") = "WindowsSimpleXAML", "WindowsSimpleXAML\WindowsSimpleXAML.csproj", "{8B712FD4-AE18-4ABB-BFC4-F0DE07C20507}"
EndProject
Global
	GlobalSection(SolutionConfigurationPlatforms) = preSolution
		Debug|Any CPU = Debug|Any CPU
		Release|Any CPU = Release|Any CPU
	EndGlobalSection
	GlobalSection(ProjectConfigurationPlatforms) = postSolution
		{8B712FD4-AE18-4ABB-BFC4-F0DE07C20507}.Debug|Any CPU.ActiveCfg = Debug|Any CPU
		{8B712FD4-AE18-4ABB-BFC4-F0DE07C20507}.Debug|Any CPU.Build.0 = Debug|Any CPU
		{8B712FD4-AE18-4ABB-BFC4-F0DE07C20507}.Release|Any CPU.ActiveCfg = Release|Any CPU
		{8B712FD4-AE18-4ABB-BFC4-F0DE07C20507}.Release|Any CPU.Build.0 = Release|Any CPU
	EndGlobalSection
	GlobalSection(SolutionProperties) = preSolution
		HideSolutionNode = FALSE
	EndGlobalSection
EndGlobal
