Microsoft Visual Studio Solution File, Format Version 9.00
# Visual Studio 2005
Project("{EF7E3281-CD33-11D4-8326-00C04FA0CE8D}") = "Loan Acceptance", "Loan Acceptance\Loan Acceptance.btproj", "{1877F45C-02D5-4591-949F-15DFEF83F30B}"
EndProject
Project("{EF7E3281-CD33-11D4-8326-00C04FA0CE8D}") = "New Customer Processing", "New Customer Processing\New Customer Processing.btproj", "{364815E2-1EAF-4594-8D3B-EC10F596B9D2}"
EndProject
Project("{EF7E3281-CD33-11D4-8326-00C04FA0CE8D}") = "Loan Assignment", "Loan Assignment\Loan Assignment.btproj", "{BB69797B-C197-4E6C-BF4B-23FB0E0C4DAE}"
EndProject
Project("{EF7E3281-CD33-11D4-8326-00C04FA0CE8D}") = "Agent Report Generator", "Agent Report Generator\Agent Report Generator.btproj", "{DC43BA3A-1882-4FED-A055-7FC6234AB198}"
EndProject
Global
	GlobalSection(SolutionConfigurationPlatforms) = preSolution
		Deployment|.NET = Deployment|.NET
		Development|.NET = Development|.NET
	EndGlobalSection
	GlobalSection(ProjectConfigurationPlatforms) = postSolution
		{1877F45C-02D5-4591-949F-15DFEF83F30B}.Deployment|.NET.ActiveCfg = Deployment|.NET
		{1877F45C-02D5-4591-949F-15DFEF83F30B}.Deployment|.NET.Build.0 = Deployment|.NET
		{1877F45C-02D5-4591-949F-15DFEF83F30B}.Deployment|.NET.Deploy.0 = Deployment|.NET
		{1877F45C-02D5-4591-949F-15DFEF83F30B}.Development|.NET.ActiveCfg = Development|.NET
		{1877F45C-02D5-4591-949F-15DFEF83F30B}.Development|.NET.Build.0 = Development|.NET
		{1877F45C-02D5-4591-949F-15DFEF83F30B}.Development|.NET.Deploy.0 = Development|.NET
		{364815E2-1EAF-4594-8D3B-EC10F596B9D2}.Deployment|.NET.ActiveCfg = Deployment|.NET
		{364815E2-1EAF-4594-8D3B-EC10F596B9D2}.Deployment|.NET.Build.0 = Deployment|.NET
		{364815E2-1EAF-4594-8D3B-EC10F596B9D2}.Deployment|.NET.Deploy.0 = Deployment|.NET
		{364815E2-1EAF-4594-8D3B-EC10F596B9D2}.Development|.NET.ActiveCfg = Development|.NET
		{364815E2-1EAF-4594-8D3B-EC10F596B9D2}.Development|.NET.Build.0 = Development|.NET
		{364815E2-1EAF-4594-8D3B-EC10F596B9D2}.Development|.NET.Deploy.0 = Development|.NET
		{BB69797B-C197-4E6C-BF4B-23FB0E0C4DAE}.Deployment|.NET.ActiveCfg = Deployment|.NET
		{BB69797B-C197-4E6C-BF4B-23FB0E0C4DAE}.Deployment|.NET.Build.0 = Deployment|.NET
		{BB69797B-C197-4E6C-BF4B-23FB0E0C4DAE}.Deployment|.NET.Deploy.0 = Deployment|.NET
		{BB69797B-C197-4E6C-BF4B-23FB0E0C4DAE}.Development|.NET.ActiveCfg = Development|.NET
		{BB69797B-C197-4E6C-BF4B-23FB0E0C4DAE}.Development|.NET.Build.0 = Development|.NET
		{BB69797B-C197-4E6C-BF4B-23FB0E0C4DAE}.Development|.NET.Deploy.0 = Development|.NET
		{DC43BA3A-1882-4FED-A055-7FC6234AB198}.Deployment|.NET.ActiveCfg = Deployment|.NET
		{DC43BA3A-1882-4FED-A055-7FC6234AB198}.Deployment|.NET.Build.0 = Deployment|.NET
		{DC43BA3A-1882-4FED-A055-7FC6234AB198}.Deployment|.NET.Deploy.0 = Deployment|.NET
		{DC43BA3A-1882-4FED-A055-7FC6234AB198}.Development|.NET.ActiveCfg = Development|.NET
		{DC43BA3A-1882-4FED-A055-7FC6234AB198}.Development|.NET.Build.0 = Development|.NET
		{DC43BA3A-1882-4FED-A055-7FC6234AB198}.Development|.NET.Deploy.0 = Development|.NET
	EndGlobalSection
	GlobalSection(SolutionProperties) = preSolution
		HideSolutionNode = FALSE
	EndGlobalSection
EndGlobal
