
Microsoft Visual Studio Solution File, Format Version 10.00
# Visual Studio 2008
Project("{FAE04EC0-301F-11D3-BF4B-00C04F79EFBC}") = "WCF_DMLService", "WCF_DMLService\WCF_DMLService.csproj", "{69BDA08C-5C94-4297-99EE-EF4F707C5E94}"
EndProject
Project("{FAE04EC0-301F-11D3-BF4B-00C04F79EFBC}") = "SILV3_RESTDMLClient", "SILV3_RESTDMLClient\SILV3_RESTDMLClient.csproj", "{E91382D8-6EFB-48B3-AA59-35A98163C8D4}"
EndProject
Project("{FAE04EC0-301F-11D3-BF4B-00C04F79EFBC}") = "SILV3_RESTDMLClient.Web", "SILV3_RESTDMLClient.Web\SILV3_RESTDMLClient.Web.csproj", "{53EC5F6A-E59D-4FC8-964E-E635EE423CB9}"
EndProject
Global
	GlobalSection(SolutionConfigurationPlatforms) = preSolution
		Debug|Any CPU = Debug|Any CPU
		Release|Any CPU = Release|Any CPU
	EndGlobalSection
	GlobalSection(ProjectConfigurationPlatforms) = postSolution
		{69BDA08C-5C94-4297-99EE-EF4F707C5E94}.Debug|Any CPU.ActiveCfg = Debug|Any CPU
		{69BDA08C-5C94-4297-99EE-EF4F707C5E94}.Debug|Any CPU.Build.0 = Debug|Any CPU
		{69BDA08C-5C94-4297-99EE-EF4F707C5E94}.Release|Any CPU.ActiveCfg = Release|Any CPU
		{69BDA08C-5C94-4297-99EE-EF4F707C5E94}.Release|Any CPU.Build.0 = Release|Any CPU
		{E91382D8-6EFB-48B3-AA59-35A98163C8D4}.Debug|Any CPU.ActiveCfg = Debug|Any CPU
		{E91382D8-6EFB-48B3-AA59-35A98163C8D4}.Debug|Any CPU.Build.0 = Debug|Any CPU
		{E91382D8-6EFB-48B3-AA59-35A98163C8D4}.Release|Any CPU.ActiveCfg = Release|Any CPU
		{E91382D8-6EFB-48B3-AA59-35A98163C8D4}.Release|Any CPU.Build.0 = Release|Any CPU
		{53EC5F6A-E59D-4FC8-964E-E635EE423CB9}.Debug|Any CPU.ActiveCfg = Debug|Any CPU
		{53EC5F6A-E59D-4FC8-964E-E635EE423CB9}.Debug|Any CPU.Build.0 = Debug|Any CPU
		{53EC5F6A-E59D-4FC8-964E-E635EE423CB9}.Release|Any CPU.ActiveCfg = Release|Any CPU
		{53EC5F6A-E59D-4FC8-964E-E635EE423CB9}.Release|Any CPU.Build.0 = Release|Any CPU
	EndGlobalSection
	GlobalSection(SolutionProperties) = preSolution
		HideSolutionNode = FALSE
	EndGlobalSection
EndGlobal
