Microsoft Visual Studio Solution File, Format Version 9.00
# Visual Studio 2005
Project("{EF7E3281-CD33-11D4-8326-00C04FA0CE8D}") = "ArbitraryXPathSample", "ArbitraryXPathSample.btproj", "{51E4C7B9-1A1A-4B74-B332-F2B0943C0D8E}"
EndProject
Global
	GlobalSection(SolutionConfigurationPlatforms) = preSolution
		Deployment|.NET = Deployment|.NET
		Development|.NET = Development|.NET
	EndGlobalSection
	GlobalSection(ProjectConfigurationPlatforms) = postSolution
		{51E4C7B9-1A1A-4B74-B332-F2B0943C0D8E}.Deployment|.NET.ActiveCfg = Deployment|.NET
		{51E4C7B9-1A1A-4B74-B332-F2B0943C0D8E}.Deployment|.NET.Build.0 = Deployment|.NET
		{51E4C7B9-1A1A-4B74-B332-F2B0943C0D8E}.Deployment|.NET.Deploy.0 = Deployment|.NET
		{51E4C7B9-1A1A-4B74-B332-F2B0943C0D8E}.Development|.NET.ActiveCfg = Development|.NET
		{51E4C7B9-1A1A-4B74-B332-F2B0943C0D8E}.Development|.NET.Build.0 = Development|.NET
		{51E4C7B9-1A1A-4B74-B332-F2B0943C0D8E}.Development|.NET.Deploy.0 = Development|.NET
	EndGlobalSection
	GlobalSection(SolutionProperties) = preSolution
		HideSolutionNode = FALSE
	EndGlobalSection
EndGlobal
