
Microsoft Visual Studio Solution File, Format Version 10.00
# Visual Studio 2008
Project("{FAE04EC0-301F-11D3-BF4B-00C04F79EFBC}") = "CS2008SqlCommand", "CS2008SqlCommand\CS2008SqlCommand.csproj", "{9E970B99-CBAA-491A-A9C7-BB79218A5868}"
EndProject
Global
	GlobalSection(SolutionConfigurationPlatforms) = preSolution
		Debug|Any CPU = Debug|Any CPU
		Release|Any CPU = Release|Any CPU
	EndGlobalSection
	GlobalSection(ProjectConfigurationPlatforms) = postSolution
		{9E970B99-CBAA-491A-A9C7-BB79218A5868}.Debug|Any CPU.ActiveCfg = Debug|Any CPU
		{9E970B99-CBAA-491A-A9C7-BB79218A5868}.Debug|Any CPU.Build.0 = Debug|Any CPU
		{9E970B99-CBAA-491A-A9C7-BB79218A5868}.Release|Any CPU.ActiveCfg = Release|Any CPU
		{9E970B99-CBAA-491A-A9C7-BB79218A5868}.Release|Any CPU.Build.0 = Release|Any CPU
	EndGlobalSection
	GlobalSection(SolutionProperties) = preSolution
		HideSolutionNode = FALSE
	EndGlobalSection
EndGlobal
