
Microsoft Visual Studio Solution File, Format Version 9.00
# Visual Studio 2005
Project("{E24C65DC-7377-472B-9ABA-BC803B73C61A}") = "C:\...\WebSiteGridView\", "..\..\WebSites\WebSiteGridView\", "{F31D343C-00FD-40C5-BDB6-7E0D41D10ACD}"
	ProjectSection(WebsiteProperties) = preProject
		Debug.AspNetCompiler.VirtualPath = "/WebSiteGridView"
		Debug.AspNetCompiler.PhysicalPath = "..\..\WebSites\WebSiteGridView\"
		Debug.AspNetCompiler.TargetPath = "PrecompiledWeb\WebSiteGridView\"
		Debug.AspNetCompiler.Updateable = "true"
		Debug.AspNetCompiler.ForceOverwrite = "true"
		Debug.AspNetCompiler.FixedNames = "false"
		Debug.AspNetCompiler.Debug = "True"
		Release.AspNetCompiler.VirtualPath = "/WebSiteGridView"
		Release.AspNetCompiler.PhysicalPath = "..\..\WebSites\WebSiteGridView\"
		Release.AspNetCompiler.TargetPath = "PrecompiledWeb\WebSiteGridView\"
		Release.AspNetCompiler.Updateable = "true"
		Release.AspNetCompiler.ForceOverwrite = "true"
		Release.AspNetCompiler.FixedNames = "false"
		Release.AspNetCompiler.Debug = "False"
		VWDPort = "2132"
		DefaultWebSiteLanguage = "Visual C#"
	EndProjectSection
EndProject
Global
	GlobalSection(SolutionConfigurationPlatforms) = preSolution
		Debug|.NET = Debug|.NET
	EndGlobalSection
	GlobalSection(ProjectConfigurationPlatforms) = postSolution
		{F31D343C-00FD-40C5-BDB6-7E0D41D10ACD}.Debug|.NET.ActiveCfg = Debug|.NET
		{F31D343C-00FD-40C5-BDB6-7E0D41D10ACD}.Debug|.NET.Build.0 = Debug|.NET
	EndGlobalSection
	GlobalSection(SolutionProperties) = preSolution
		HideSolutionNode = FALSE
	EndGlobalSection
EndGlobal
