
Microsoft Visual Studio Solution File, Format Version 10.00
# Visual Studio 2008
Project("{FAE04EC0-301F-11D3-BF4B-00C04F79EFBC}") = "ExtensionMethodDump", "ExtensionMethodDump\ExtensionMethodDump.csproj", "{453087B5-D567-44EF-A847-9F1EC3486904}"
EndProject
Global
	GlobalSection(SolutionConfigurationPlatforms) = preSolution
		Debug|Any CPU = Debug|Any CPU
		Release|Any CPU = Release|Any CPU
	EndGlobalSection
	GlobalSection(ProjectConfigurationPlatforms) = postSolution
		{453087B5-D567-44EF-A847-9F1EC3486904}.Debug|Any CPU.ActiveCfg = Debug|Any CPU
		{453087B5-D567-44EF-A847-9F1EC3486904}.Debug|Any CPU.Build.0 = Debug|Any CPU
		{453087B5-D567-44EF-A847-9F1EC3486904}.Release|Any CPU.ActiveCfg = Release|Any CPU
		{453087B5-D567-44EF-A847-9F1EC3486904}.Release|Any CPU.Build.0 = Release|Any CPU
	EndGlobalSection
	GlobalSection(SolutionProperties) = preSolution
		HideSolutionNode = FALSE
	EndGlobalSection
EndGlobal
