
Microsoft Visual Studio Solution File, Format Version 11.00
# Visual Studio 2010
Project("{E24C65DC-7377-472B-9ABA-BC803B73C61A}") = "WebDeploymentTestVB", "C:\Users\Puneet\WebDeploymentTestVB\", "{089E5E01-A8E5-46C4-9415-BF3FF0F2D648}"
	ProjectSection(WebsiteProperties) = preProject
		TargetFrameworkMoniker = ".NETFramework,Version%3Dv4.0"
		Debug.AspNetCompiler.VirtualPath = "/WebDeploymentTestVB"
		Debug.AspNetCompiler.PhysicalPath = "C:\Users\Puneet\WebDeploymentTestVB\"
		Debug.AspNetCompiler.TargetPath = "PrecompiledWeb\WebDeploymentTestVB\"
		Debug.AspNetCompiler.Updateable = "true"
		Debug.AspNetCompiler.ForceOverwrite = "true"
		Debug.AspNetCompiler.FixedNames = "false"
		Debug.AspNetCompiler.Debug = "True"
		Release.AspNetCompiler.VirtualPath = "/WebDeploymentTestVB"
		Release.AspNetCompiler.PhysicalPath = "C:\Users\Puneet\WebDeploymentTestVB\"
		Release.AspNetCompiler.TargetPath = "PrecompiledWeb\WebDeploymentTestVB\"
		Release.AspNetCompiler.Updateable = "true"
		Release.AspNetCompiler.ForceOverwrite = "true"
		Release.AspNetCompiler.FixedNames = "false"
		Release.AspNetCompiler.Debug = "False"
		VWDPort = "1777"
		DefaultWebSiteLanguage = "Visual Basic"
	EndProjectSection
EndProject
Project("{54435603-DBB4-11D2-8724-00A0C9A8B90C}") = "WebDeploymentTestSetupVB", "WebDeploymentTestSetupVB\WebDeploymentTestSetupVB.vdproj", "{C739C143-E103-4FA0-ABC6-0E301E541FFC}"
EndProject
Global
	GlobalSection(SolutionConfigurationPlatforms) = preSolution
		Debug|Any CPU = Debug|Any CPU
		Release|Any CPU = Release|Any CPU
	EndGlobalSection
	GlobalSection(ProjectConfigurationPlatforms) = postSolution
		{089E5E01-A8E5-46C4-9415-BF3FF0F2D648}.Debug|Any CPU.ActiveCfg = Debug|Any CPU
		{089E5E01-A8E5-46C4-9415-BF3FF0F2D648}.Debug|Any CPU.Build.0 = Debug|Any CPU
		{089E5E01-A8E5-46C4-9415-BF3FF0F2D648}.Release|Any CPU.ActiveCfg = Debug|Any CPU
		{089E5E01-A8E5-46C4-9415-BF3FF0F2D648}.Release|Any CPU.Build.0 = Debug|Any CPU
		{C739C143-E103-4FA0-ABC6-0E301E541FFC}.Debug|Any CPU.ActiveCfg = Debug
		{C739C143-E103-4FA0-ABC6-0E301E541FFC}.Release|Any CPU.ActiveCfg = Release
	EndGlobalSection
	GlobalSection(SolutionProperties) = preSolution
		HideSolutionNode = FALSE
	EndGlobalSection
EndGlobal
