
Microsoft Visual Studio Solution File, Format Version 11.00
# Visual Studio 2010
Project("{FAE04EC0-301F-11D3-BF4B-00C04F79EFBC}") = "MyAutoCompleteBoxCS", "MyAutoCompleteBoxCS\MyAutoCompleteBoxCS.csproj", "{96EB2B5C-FCC3-47BB-A820-B3F7962FA9C4}"
EndProject
Project("{FAE04EC0-301F-11D3-BF4B-00C04F79EFBC}") = "MyAutoCompleteBoxCS.Web", "MyAutoCompleteBoxCS.Web\MyAutoCompleteBoxCS.Web.csproj", "{C35F8CC4-2311-4454-86AC-2E6FADF5064D}"
EndProject
Global
	GlobalSection(SolutionConfigurationPlatforms) = preSolution
		Debug|Any CPU = Debug|Any CPU
		Release|Any CPU = Release|Any CPU
	EndGlobalSection
	GlobalSection(ProjectConfigurationPlatforms) = postSolution
		{96EB2B5C-FCC3-47BB-A820-B3F7962FA9C4}.Debug|Any CPU.ActiveCfg = Debug|Any CPU
		{96EB2B5C-FCC3-47BB-A820-B3F7962FA9C4}.Debug|Any CPU.Build.0 = Debug|Any CPU
		{96EB2B5C-FCC3-47BB-A820-B3F7962FA9C4}.Release|Any CPU.ActiveCfg = Release|Any CPU
		{96EB2B5C-FCC3-47BB-A820-B3F7962FA9C4}.Release|Any CPU.Build.0 = Release|Any CPU
		{C35F8CC4-2311-4454-86AC-2E6FADF5064D}.Debug|Any CPU.ActiveCfg = Debug|Any CPU
		{C35F8CC4-2311-4454-86AC-2E6FADF5064D}.Debug|Any CPU.Build.0 = Debug|Any CPU
		{C35F8CC4-2311-4454-86AC-2E6FADF5064D}.Release|Any CPU.ActiveCfg = Release|Any CPU
		{C35F8CC4-2311-4454-86AC-2E6FADF5064D}.Release|Any CPU.Build.0 = Release|Any CPU
	EndGlobalSection
	GlobalSection(SolutionProperties) = preSolution
		HideSolutionNode = FALSE
	EndGlobalSection
EndGlobal
