
Microsoft Visual Studio Solution File, Format Version 9.00
# Visual Studio 2005
Project("{EF7E3281-CD33-11D4-8326-00C04FA0CE8D}") = "FlatFileReceive", "FlatFileReceive.btproj", "{F7361C17-90DF-4562-B1CC-81FA20B8A71E}"
EndProject
Global
	GlobalSection(SolutionConfigurationPlatforms) = preSolution
		Deployment|.NET = Deployment|.NET
		Development|.NET = Development|.NET
	EndGlobalSection
	GlobalSection(ProjectConfigurationPlatforms) = postSolution
		{F7361C17-90DF-4562-B1CC-81FA20B8A71E}.Deployment|.NET.ActiveCfg = Deployment|.NET
		{F7361C17-90DF-4562-B1CC-81FA20B8A71E}.Deployment|.NET.Build.0 = Deployment|.NET
		{F7361C17-90DF-4562-B1CC-81FA20B8A71E}.Deployment|.NET.Deploy.0 = Deployment|.NET
		{F7361C17-90DF-4562-B1CC-81FA20B8A71E}.Development|.NET.ActiveCfg = Development|.NET
		{F7361C17-90DF-4562-B1CC-81FA20B8A71E}.Development|.NET.Build.0 = Development|.NET
		{F7361C17-90DF-4562-B1CC-81FA20B8A71E}.Development|.NET.Deploy.0 = Development|.NET
	EndGlobalSection
	GlobalSection(SolutionProperties) = preSolution
		HideSolutionNode = FALSE
	EndGlobalSection
EndGlobal
