
Microsoft Visual Studio Solution File, Format Version 9.00
# Visual Studio 2005
Project("{E24C65DC-7377-472B-9ABA-BC803B73C61A}") = "http://localhost/RequestResponse/", "http://localhost/RequestResponse", "{7DB3FFD1-1B35-4591-A334-E9FF436B66F0}"
	ProjectSection(WebsiteProperties) = preProject
		Debug.AspNetCompiler.VirtualPath = "/RequestResponse"
		Debug.AspNetCompiler.PhysicalPath = "..\..\..\..\..\Program Files\Microsoft BizTalk Server 2006\SDK\Samples\AdaptersUsage\HTTPRequestResponse\RequestResponse\"
		Debug.AspNetCompiler.TargetPath = "PrecompiledWeb\RequestResponse\"
		Debug.AspNetCompiler.Updateable = "true"
		Debug.AspNetCompiler.ForceOverwrite = "true"
		Debug.AspNetCompiler.FixedNames = "true"
		Debug.AspNetCompiler.Debug = "True"
		Release.AspNetCompiler.VirtualPath = "/RequestResponse"
		Release.AspNetCompiler.PhysicalPath = "..\..\..\..\..\Program Files\Microsoft BizTalk Server 2006\SDK\Samples\AdaptersUsage\HTTPRequestResponse\RequestResponse\"
		Release.AspNetCompiler.TargetPath = "PrecompiledWeb\RequestResponse\"
		Release.AspNetCompiler.Updateable = "true"
		Release.AspNetCompiler.ForceOverwrite = "true"
		Release.AspNetCompiler.FixedNames = "true"
		Release.AspNetCompiler.Debug = "False"
		SlnRelativePath = "..\..\..\..\..\Program Files\Microsoft BizTalk Server 2006\SDK\Samples\AdaptersUsage\HTTPRequestResponse\RequestResponse\"
		DefaultWebSiteLanguage = "Visual C#"
	EndProjectSection
EndProject
Global
	GlobalSection(SolutionConfigurationPlatforms) = preSolution
		Debug|.NET = Debug|.NET
	EndGlobalSection
	GlobalSection(ProjectConfigurationPlatforms) = postSolution
		{7DB3FFD1-1B35-4591-A334-E9FF436B66F0}.Debug|.NET.ActiveCfg = Debug|.NET
		{7DB3FFD1-1B35-4591-A334-E9FF436B66F0}.Debug|.NET.Build.0 = Debug|.NET
	EndGlobalSection
	GlobalSection(SolutionProperties) = preSolution
		HideSolutionNode = FALSE
	EndGlobalSection
EndGlobal
