
Microsoft Visual Studio Solution File, Format Version 9.00
# Visual Studio 2005
Project("{E24C65DC-7377-472B-9ABA-BC803B73C61A}") = "http://localhost/TPMAccessWS/", "http://localhost/TPMAccessWS", "{4D9070DA-9BBD-462E-A57F-C050073B482C}"
	ProjectSection(WebsiteProperties) = preProject
		Debug.AspNetCompiler.VirtualPath = "/TPMAccess"
		Debug.AspNetCompiler.PhysicalPath = "..\TPMAccess\"
		Debug.AspNetCompiler.TargetPath = "PrecompiledWeb\TPMAccess\"
		Debug.AspNetCompiler.Updateable = "true"
		Debug.AspNetCompiler.ForceOverwrite = "true"
		Debug.AspNetCompiler.FixedNames = "true"
		Debug.AspNetCompiler.Debug = "True"
		Release.AspNetCompiler.VirtualPath = "/TPMAccess"
		Release.AspNetCompiler.PhysicalPath = "..\TPMAccess\"
		Release.AspNetCompiler.TargetPath = "PrecompiledWeb\TPMAccess\"
		Release.AspNetCompiler.Updateable = "true"
		Release.AspNetCompiler.ForceOverwrite = "true"
		Release.AspNetCompiler.FixedNames = "true"
		Release.AspNetCompiler.Debug = "False"
		SlnRelativePath = "..\TPMAccess\"
	EndProjectSection
EndProject
Global
	GlobalSection(SolutionConfigurationPlatforms) = preSolution
		Debug|Any CPU = Debug|Any CPU
	EndGlobalSection
	GlobalSection(ProjectConfigurationPlatforms) = postSolution
		{4D9070DA-9BBD-462E-A57F-C050073B482C}.Debug|Any CPU.ActiveCfg = Debug|.NET
		{4D9070DA-9BBD-462E-A57F-C050073B482C}.Debug|Any CPU.Build.0 = Debug|.NET
	EndGlobalSection
	GlobalSection(SolutionProperties) = preSolution
		HideSolutionNode = FALSE
	EndGlobalSection
EndGlobal
