
Microsoft Visual Studio Solution File, Format Version 9.00
# Visual Studio 2005
Project("{E24C65DC-7377-472B-9ABA-BC803B73C61A}") = "D:\...\DemoSite\", "DemoSite\", "{7FB682CB-CFF9-4B0C-B6B9-B77FFA61DFC5}"
	ProjectSection(WebsiteProperties) = preProject
		Debug.AspNetCompiler.VirtualPath = "/DemoSite"
		Debug.AspNetCompiler.PhysicalPath = "D:\Books\Articles\DesignPatterns\code\DemoSite\"
		Debug.AspNetCompiler.TargetPath = "PrecompiledWeb\DemoSite\"
		Debug.AspNetCompiler.Updateable = "true"
		Debug.AspNetCompiler.ForceOverwrite = "true"
		Debug.AspNetCompiler.FixedNames = "false"
		Debug.AspNetCompiler.Debug = "True"
		Release.AspNetCompiler.VirtualPath = "/DemoSite"
		Release.AspNetCompiler.PhysicalPath = "D:\Books\Articles\DesignPatterns\code\DemoSite\"
		Release.AspNetCompiler.TargetPath = "PrecompiledWeb\DemoSite\"
		Release.AspNetCompiler.Updateable = "true"
		Release.AspNetCompiler.ForceOverwrite = "true"
		Release.AspNetCompiler.FixedNames = "false"
		Release.AspNetCompiler.Debug = "False"
		VWDPort = "1873"
	EndProjectSection
EndProject
Project("{E24C65DC-7377-472B-9ABA-BC803B73C61A}") = "D:\...\DemoService\", "DemoService\", "{AFA50ADC-54F3-4567-A938-37912F4E6639}"
	ProjectSection(WebsiteProperties) = preProject
		Debug.AspNetCompiler.VirtualPath = "/DemoService"
		Debug.AspNetCompiler.PhysicalPath = "D:\Books\Articles\DesignPatterns\code\DemoService\"
		Debug.AspNetCompiler.TargetPath = "PrecompiledWeb\DemoService\"
		Debug.AspNetCompiler.Updateable = "true"
		Debug.AspNetCompiler.ForceOverwrite = "true"
		Debug.AspNetCompiler.FixedNames = "false"
		Debug.AspNetCompiler.Debug = "True"
		Release.AspNetCompiler.VirtualPath = "/DemoService"
		Release.AspNetCompiler.PhysicalPath = "D:\Books\Articles\DesignPatterns\code\DemoService\"
		Release.AspNetCompiler.TargetPath = "PrecompiledWeb\DemoService\"
		Release.AspNetCompiler.Updateable = "true"
		Release.AspNetCompiler.ForceOverwrite = "true"
		Release.AspNetCompiler.FixedNames = "false"
		Release.AspNetCompiler.Debug = "False"
		VWDPort = "1878"
	EndProjectSection
EndProject
Global
	GlobalSection(SolutionConfigurationPlatforms) = preSolution
		Debug|.NET = Debug|.NET
	EndGlobalSection
	GlobalSection(ProjectConfigurationPlatforms) = postSolution
		{7FB682CB-CFF9-4B0C-B6B9-B77FFA61DFC5}.Debug|.NET.ActiveCfg = Debug|.NET
		{7FB682CB-CFF9-4B0C-B6B9-B77FFA61DFC5}.Debug|.NET.Build.0 = Debug|.NET
		{AFA50ADC-54F3-4567-A938-37912F4E6639}.Debug|.NET.ActiveCfg = Debug|.NET
		{AFA50ADC-54F3-4567-A938-37912F4E6639}.Debug|.NET.Build.0 = Debug|.NET
	EndGlobalSection
	GlobalSection(SolutionProperties) = preSolution
		HideSolutionNode = FALSE
	EndGlobalSection
EndGlobal
