
Microsoft Visual Studio Solution File, Format Version 9.00
# Visual Studio 2005
Project("{EF7E3281-CD33-11D4-8326-00C04FA0CE8D}") = "Orchestrations", "Orchestrations\Orchestrations.btproj", "{B405BDCB-43BE-4ECE-A89B-BC38010D0700}"
EndProject
Project("{EF7E3281-CD33-11D4-8326-00C04FA0CE8D}") = "Schemas", "Schemas\Schemas.btproj", "{F60418EB-CEF5-4069-9716-30FEE58FB739}"
EndProject
Project("{EF7E3281-CD33-11D4-8326-00C04FA0CE8D}") = "Maps", "Maps\Maps.btproj", "{456064E0-2B23-4679-9E2B-1EBAC39FBD0C}"
EndProject
Global
	GlobalSection(SolutionConfigurationPlatforms) = preSolution
		Deployment|Any CPU = Deployment|Any CPU
		Development|Any CPU = Development|Any CPU
	EndGlobalSection
	GlobalSection(ProjectConfigurationPlatforms) = postSolution
		{B405BDCB-43BE-4ECE-A89B-BC38010D0700}.Deployment|Any CPU.ActiveCfg = Deployment|.NET
		{B405BDCB-43BE-4ECE-A89B-BC38010D0700}.Deployment|Any CPU.Build.0 = Deployment|.NET
		{B405BDCB-43BE-4ECE-A89B-BC38010D0700}.Deployment|Any CPU.Deploy.0 = Deployment|.NET
		{B405BDCB-43BE-4ECE-A89B-BC38010D0700}.Development|Any CPU.ActiveCfg = Development|.NET
		{B405BDCB-43BE-4ECE-A89B-BC38010D0700}.Development|Any CPU.Build.0 = Development|.NET
		{B405BDCB-43BE-4ECE-A89B-BC38010D0700}.Development|Any CPU.Deploy.0 = Development|.NET
		{F60418EB-CEF5-4069-9716-30FEE58FB739}.Deployment|Any CPU.ActiveCfg = Deployment|.NET
		{F60418EB-CEF5-4069-9716-30FEE58FB739}.Deployment|Any CPU.Build.0 = Deployment|.NET
		{F60418EB-CEF5-4069-9716-30FEE58FB739}.Deployment|Any CPU.Deploy.0 = Deployment|.NET
		{F60418EB-CEF5-4069-9716-30FEE58FB739}.Development|Any CPU.ActiveCfg = Development|.NET
		{F60418EB-CEF5-4069-9716-30FEE58FB739}.Development|Any CPU.Build.0 = Development|.NET
		{F60418EB-CEF5-4069-9716-30FEE58FB739}.Development|Any CPU.Deploy.0 = Development|.NET
		{456064E0-2B23-4679-9E2B-1EBAC39FBD0C}.Deployment|Any CPU.ActiveCfg = Deployment|.NET
		{456064E0-2B23-4679-9E2B-1EBAC39FBD0C}.Deployment|Any CPU.Build.0 = Deployment|.NET
		{456064E0-2B23-4679-9E2B-1EBAC39FBD0C}.Deployment|Any CPU.Deploy.0 = Deployment|.NET
		{456064E0-2B23-4679-9E2B-1EBAC39FBD0C}.Development|Any CPU.ActiveCfg = Development|.NET
		{456064E0-2B23-4679-9E2B-1EBAC39FBD0C}.Development|Any CPU.Build.0 = Development|.NET
		{456064E0-2B23-4679-9E2B-1EBAC39FBD0C}.Development|Any CPU.Deploy.0 = Development|.NET
	EndGlobalSection
	GlobalSection(SolutionProperties) = preSolution
		HideSolutionNode = FALSE
	EndGlobalSection
EndGlobal
