
Microsoft Visual Studio Solution File, Format Version 10.00
# Visual Studio 2008
Project("{FAE04EC0-301F-11D3-BF4B-00C04F79EFBC}") = "LinqToSQLUsingTransactionScope", "LinqToSQLUsingTransactionScope\LinqToSQLUsingTransactionScope.csproj", "{847006CA-B39B-404A-A8FD-A5C66905CF01}"
EndProject
Global
	GlobalSection(SourceCodeControl) = preSolution
		SccNumberOfProjects = 2
		SccLocalPath0 = .
		SccProjectUniqueName1 = LinqToSQLUsingTransactionScope\\LinqToSQLUsingTransactionScope.csproj
		SccLocalPath1 = .
		SccProjectFilePathRelativizedFromConnection1 = LinqToSQLUsingTransactionScope\\
	EndGlobalSection
	GlobalSection(SolutionConfigurationPlatforms) = preSolution
		Debug|Any CPU = Debug|Any CPU
		Release|Any CPU = Release|Any CPU
	EndGlobalSection
	GlobalSection(ProjectConfigurationPlatforms) = postSolution
		{847006CA-B39B-404A-A8FD-A5C66905CF01}.Debug|Any CPU.ActiveCfg = Debug|Any CPU
		{847006CA-B39B-404A-A8FD-A5C66905CF01}.Debug|Any CPU.Build.0 = Debug|Any CPU
		{847006CA-B39B-404A-A8FD-A5C66905CF01}.Release|Any CPU.ActiveCfg = Release|Any CPU
		{847006CA-B39B-404A-A8FD-A5C66905CF01}.Release|Any CPU.Build.0 = Release|Any CPU
	EndGlobalSection
	GlobalSection(SolutionProperties) = preSolution
		HideSolutionNode = FALSE
	EndGlobalSection
EndGlobal
