
Microsoft Visual Studio Solution File, Format Version 10.00
# Visual Studio 2008
Project("{FAE04EC0-301F-11D3-BF4B-00C04F79EFBC}") = "SilverlightApplication1", "SilverlightApplication1.csproj", "{D66AD9A6-69C0-4227-86C9-9271AD32B0C5}"
EndProject
Project("{FAE04EC0-301F-11D3-BF4B-00C04F79EFBC}") = "SilverlightApplication1.Web", "..\SilverlightApplication1.Web\SilverlightApplication1.Web.csproj", "{28402272-F6E9-467F-B25B-92EA1FA14117}"
EndProject
Global
	GlobalSection(SolutionConfigurationPlatforms) = preSolution
		Debug|Any CPU = Debug|Any CPU
		Release|Any CPU = Release|Any CPU
	EndGlobalSection
	GlobalSection(ProjectConfigurationPlatforms) = postSolution
		{D66AD9A6-69C0-4227-86C9-9271AD32B0C5}.Debug|Any CPU.ActiveCfg = Debug|Any CPU
		{D66AD9A6-69C0-4227-86C9-9271AD32B0C5}.Debug|Any CPU.Build.0 = Debug|Any CPU
		{D66AD9A6-69C0-4227-86C9-9271AD32B0C5}.Release|Any CPU.ActiveCfg = Release|Any CPU
		{D66AD9A6-69C0-4227-86C9-9271AD32B0C5}.Release|Any CPU.Build.0 = Release|Any CPU
		{28402272-F6E9-467F-B25B-92EA1FA14117}.Debug|Any CPU.ActiveCfg = Debug|Any CPU
		{28402272-F6E9-467F-B25B-92EA1FA14117}.Debug|Any CPU.Build.0 = Debug|Any CPU
		{28402272-F6E9-467F-B25B-92EA1FA14117}.Release|Any CPU.ActiveCfg = Release|Any CPU
		{28402272-F6E9-467F-B25B-92EA1FA14117}.Release|Any CPU.Build.0 = Release|Any CPU
	EndGlobalSection
	GlobalSection(SolutionProperties) = preSolution
		HideSolutionNode = FALSE
	EndGlobalSection
EndGlobal
