
Microsoft Visual Studio Solution File, Format Version 10.00
# Visual Studio 2008
Project("{F184B08F-C81C-45F6-A57F-5ABD9991F28F}") = "VB2008Static", "VB2008Static\VB2008Static.vbproj", "{9DF2982F-E5A8-441B-BE17-46EABE8E217E}"
EndProject
Global
	GlobalSection(SolutionConfigurationPlatforms) = preSolution
		Debug|Any CPU = Debug|Any CPU
		Release|Any CPU = Release|Any CPU
	EndGlobalSection
	GlobalSection(ProjectConfigurationPlatforms) = postSolution
		{9DF2982F-E5A8-441B-BE17-46EABE8E217E}.Debug|Any CPU.ActiveCfg = Debug|Any CPU
		{9DF2982F-E5A8-441B-BE17-46EABE8E217E}.Debug|Any CPU.Build.0 = Debug|Any CPU
		{9DF2982F-E5A8-441B-BE17-46EABE8E217E}.Release|Any CPU.ActiveCfg = Release|Any CPU
		{9DF2982F-E5A8-441B-BE17-46EABE8E217E}.Release|Any CPU.Build.0 = Release|Any CPU
	EndGlobalSection
	GlobalSection(SolutionProperties) = preSolution
		HideSolutionNode = FALSE
	EndGlobalSection
EndGlobal
