
Microsoft Visual Studio Solution File, Format Version 9.00
# Visual Studio 2005
Project("{FAE04EC0-301F-11D3-BF4B-00C04F79EFBC}") = "WCFMSMQTransactions", "WCFMSMQTransactions.csproj", "{C1CE6DC4-09AC-45AD-98C9-F7140F59F03E}"
EndProject
Project("{FAE04EC0-301F-11D3-BF4B-00C04F79EFBC}") = "WFCClientMSMQTransactions", "WCFClientMSMQTransactions\WFCClientMSMQTransactions.csproj", "{07B67C3D-0377-4A27-8775-6CD964B2CC0B}"
EndProject
Global
	GlobalSection(SolutionConfigurationPlatforms) = preSolution
		Debug|Any CPU = Debug|Any CPU
		Release|Any CPU = Release|Any CPU
	EndGlobalSection
	GlobalSection(ProjectConfigurationPlatforms) = postSolution
		{C1CE6DC4-09AC-45AD-98C9-F7140F59F03E}.Debug|Any CPU.ActiveCfg = Debug|Any CPU
		{C1CE6DC4-09AC-45AD-98C9-F7140F59F03E}.Debug|Any CPU.Build.0 = Debug|Any CPU
		{C1CE6DC4-09AC-45AD-98C9-F7140F59F03E}.Release|Any CPU.ActiveCfg = Release|Any CPU
		{C1CE6DC4-09AC-45AD-98C9-F7140F59F03E}.Release|Any CPU.Build.0 = Release|Any CPU
		{07B67C3D-0377-4A27-8775-6CD964B2CC0B}.Debug|Any CPU.ActiveCfg = Debug|Any CPU
		{07B67C3D-0377-4A27-8775-6CD964B2CC0B}.Debug|Any CPU.Build.0 = Debug|Any CPU
		{07B67C3D-0377-4A27-8775-6CD964B2CC0B}.Release|Any CPU.ActiveCfg = Release|Any CPU
		{07B67C3D-0377-4A27-8775-6CD964B2CC0B}.Release|Any CPU.Build.0 = Release|Any CPU
	EndGlobalSection
	GlobalSection(SolutionProperties) = preSolution
		HideSolutionNode = FALSE
	EndGlobalSection
EndGlobal
