Microsoft Visual Studio Solution File, Format Version 9.00
# Visual Studio 2005
Project("{FAE04EC0-301F-11D3-BF4B-00C04F79EFBC}") = "Components", "Components\Components.csproj", "{BE4517AC-9E08-48EC-B9EC-E0B01544C860}"
EndProject
Project("{EF7E3281-CD33-11D4-8326-00C04FA0CE8D}") = "Services", "Services\Services.btproj", "{D07BF0CB-AE74-45DC-AABB-5BA2AE637E30}"
EndProject
Project("{2150E333-8FDC-42A3-9474-1A3956D46DE8}") = "Solution Items", "Solution Items", "{261BFF04-9454-4A1D-AAFD-36FD2A117BAD}"
	ProjectSection(SolutionItems) = postProject
		BamEndToEnd.xml = BamEndToEnd.xml
	EndProjectSection
EndProject
Global
	GlobalSection(SolutionConfigurationPlatforms) = preSolution
		Debug|Any CPU = Debug|Any CPU
		Debug|Mixed Platforms = Debug|Mixed Platforms
		Deployment|Any CPU = Deployment|Any CPU
		Deployment|Mixed Platforms = Deployment|Mixed Platforms
		Development|Any CPU = Development|Any CPU
		Development|Mixed Platforms = Development|Mixed Platforms
		Release|Any CPU = Release|Any CPU
		Release|Mixed Platforms = Release|Mixed Platforms
	EndGlobalSection
	GlobalSection(ProjectConfigurationPlatforms) = postSolution
		{BE4517AC-9E08-48EC-B9EC-E0B01544C860}.Debug|Any CPU.ActiveCfg = Debug|Any CPU
		{BE4517AC-9E08-48EC-B9EC-E0B01544C860}.Debug|Any CPU.Build.0 = Debug|Any CPU
		{BE4517AC-9E08-48EC-B9EC-E0B01544C860}.Debug|Mixed Platforms.ActiveCfg = Debug|Any CPU
		{BE4517AC-9E08-48EC-B9EC-E0B01544C860}.Debug|Mixed Platforms.Build.0 = Debug|Any CPU
		{BE4517AC-9E08-48EC-B9EC-E0B01544C860}.Debug|Mixed Platforms.Deploy.0 = Debug|Any CPU
		{BE4517AC-9E08-48EC-B9EC-E0B01544C860}.Deployment|Any CPU.ActiveCfg = Debug|Any CPU
		{BE4517AC-9E08-48EC-B9EC-E0B01544C860}.Deployment|Any CPU.Build.0 = Debug|Any CPU
		{BE4517AC-9E08-48EC-B9EC-E0B01544C860}.Deployment|Mixed Platforms.ActiveCfg = Debug|Any CPU
		{BE4517AC-9E08-48EC-B9EC-E0B01544C860}.Deployment|Mixed Platforms.Build.0 = Debug|Any CPU
		{BE4517AC-9E08-48EC-B9EC-E0B01544C860}.Development|Any CPU.ActiveCfg = Debug|Any CPU
		{BE4517AC-9E08-48EC-B9EC-E0B01544C860}.Development|Any CPU.Build.0 = Debug|Any CPU
		{BE4517AC-9E08-48EC-B9EC-E0B01544C860}.Development|Mixed Platforms.ActiveCfg = Debug|Any CPU
		{BE4517AC-9E08-48EC-B9EC-E0B01544C860}.Development|Mixed Platforms.Build.0 = Debug|Any CPU
		{BE4517AC-9E08-48EC-B9EC-E0B01544C860}.Release|Any CPU.ActiveCfg = Release|Any CPU
		{BE4517AC-9E08-48EC-B9EC-E0B01544C860}.Release|Any CPU.Build.0 = Release|Any CPU
		{BE4517AC-9E08-48EC-B9EC-E0B01544C860}.Release|Mixed Platforms.ActiveCfg = Release|Any CPU
		{BE4517AC-9E08-48EC-B9EC-E0B01544C860}.Release|Mixed Platforms.Build.0 = Release|Any CPU
		{D07BF0CB-AE74-45DC-AABB-5BA2AE637E30}.Debug|Any CPU.ActiveCfg = Deployment|.NET
		{D07BF0CB-AE74-45DC-AABB-5BA2AE637E30}.Debug|Any CPU.Build.0 = Deployment|.NET
		{D07BF0CB-AE74-45DC-AABB-5BA2AE637E30}.Debug|Any CPU.Deploy.0 = Deployment|.NET
		{D07BF0CB-AE74-45DC-AABB-5BA2AE637E30}.Debug|Mixed Platforms.ActiveCfg = Development|.NET
		{D07BF0CB-AE74-45DC-AABB-5BA2AE637E30}.Debug|Mixed Platforms.Build.0 = Development|.NET
		{D07BF0CB-AE74-45DC-AABB-5BA2AE637E30}.Debug|Mixed Platforms.Deploy.0 = Development|.NET
		{D07BF0CB-AE74-45DC-AABB-5BA2AE637E30}.Deployment|Any CPU.ActiveCfg = Deployment|.NET
		{D07BF0CB-AE74-45DC-AABB-5BA2AE637E30}.Deployment|Any CPU.Build.0 = Deployment|.NET
		{D07BF0CB-AE74-45DC-AABB-5BA2AE637E30}.Deployment|Any CPU.Deploy.0 = Deployment|.NET
		{D07BF0CB-AE74-45DC-AABB-5BA2AE637E30}.Deployment|Mixed Platforms.ActiveCfg = Deployment|.NET
		{D07BF0CB-AE74-45DC-AABB-5BA2AE637E30}.Deployment|Mixed Platforms.Build.0 = Deployment|.NET
		{D07BF0CB-AE74-45DC-AABB-5BA2AE637E30}.Deployment|Mixed Platforms.Deploy.0 = Deployment|.NET
		{D07BF0CB-AE74-45DC-AABB-5BA2AE637E30}.Development|Any CPU.ActiveCfg = Development|.NET
		{D07BF0CB-AE74-45DC-AABB-5BA2AE637E30}.Development|Any CPU.Build.0 = Development|.NET
		{D07BF0CB-AE74-45DC-AABB-5BA2AE637E30}.Development|Mixed Platforms.ActiveCfg = Development|.NET
		{D07BF0CB-AE74-45DC-AABB-5BA2AE637E30}.Development|Mixed Platforms.Build.0 = Development|.NET
		{D07BF0CB-AE74-45DC-AABB-5BA2AE637E30}.Development|Mixed Platforms.Deploy.0 = Development|.NET
		{D07BF0CB-AE74-45DC-AABB-5BA2AE637E30}.Release|Any CPU.ActiveCfg = Deployment|.NET
		{D07BF0CB-AE74-45DC-AABB-5BA2AE637E30}.Release|Any CPU.Build.0 = Deployment|.NET
		{D07BF0CB-AE74-45DC-AABB-5BA2AE637E30}.Release|Any CPU.Deploy.0 = Deployment|.NET
		{D07BF0CB-AE74-45DC-AABB-5BA2AE637E30}.Release|Mixed Platforms.ActiveCfg = Deployment|.NET
		{D07BF0CB-AE74-45DC-AABB-5BA2AE637E30}.Release|Mixed Platforms.Build.0 = Deployment|.NET
		{D07BF0CB-AE74-45DC-AABB-5BA2AE637E30}.Release|Mixed Platforms.Deploy.0 = Deployment|.NET
	EndGlobalSection
	GlobalSection(SolutionProperties) = preSolution
		HideSolutionNode = FALSE
	EndGlobalSection
EndGlobal
