
Microsoft Visual Studio Solution File, Format Version 10.00
# Visual Studio 2008
Project("{FAE04EC0-301F-11D3-BF4B-00C04F79EFBC}") = "AnonymousForEachFromExpression", "AnonymousForEachFromExpression\AnonymousForEachFromExpression.csproj", "{101B9F05-7737-4771-AFE6-99DC0451221A}"
EndProject
Global
	GlobalSection(SolutionConfigurationPlatforms) = preSolution
		Debug|Any CPU = Debug|Any CPU
		Release|Any CPU = Release|Any CPU
	EndGlobalSection
	GlobalSection(ProjectConfigurationPlatforms) = postSolution
		{101B9F05-7737-4771-AFE6-99DC0451221A}.Debug|Any CPU.ActiveCfg = Debug|Any CPU
		{101B9F05-7737-4771-AFE6-99DC0451221A}.Debug|Any CPU.Build.0 = Debug|Any CPU
		{101B9F05-7737-4771-AFE6-99DC0451221A}.Release|Any CPU.ActiveCfg = Release|Any CPU
		{101B9F05-7737-4771-AFE6-99DC0451221A}.Release|Any CPU.Build.0 = Release|Any CPU
	EndGlobalSection
	GlobalSection(SolutionProperties) = preSolution
		HideSolutionNode = FALSE
	EndGlobalSection
EndGlobal
