
Microsoft Visual Studio Solution File, Format Version 11.00
# Visual Studio 2010
Project("{FAE04EC0-301F-11D3-BF4B-00C04F79EFBC}") = "ASPCS2010DivCSS", "ASPCS2010DivCSS\ASPCS2010DivCSS.csproj", "{28F91A36-5133-460C-B1E6-BD5E35788672}"
EndProject
Global
	GlobalSection(SolutionConfigurationPlatforms) = preSolution
		Debug|Any CPU = Debug|Any CPU
		Release|Any CPU = Release|Any CPU
	EndGlobalSection
	GlobalSection(ProjectConfigurationPlatforms) = postSolution
		{28F91A36-5133-460C-B1E6-BD5E35788672}.Debug|Any CPU.ActiveCfg = Debug|Any CPU
		{28F91A36-5133-460C-B1E6-BD5E35788672}.Debug|Any CPU.Build.0 = Debug|Any CPU
		{28F91A36-5133-460C-B1E6-BD5E35788672}.Release|Any CPU.ActiveCfg = Release|Any CPU
		{28F91A36-5133-460C-B1E6-BD5E35788672}.Release|Any CPU.Build.0 = Release|Any CPU
	EndGlobalSection
	GlobalSection(SolutionProperties) = preSolution
		HideSolutionNode = FALSE
	EndGlobalSection
EndGlobal
