
Microsoft Visual Studio Solution File, Format Version 11.00
# Visual Studio 2010
Project("{E24C65DC-7377-472B-9ABA-BC803B73C61A}") = "FormsAuthCS", "FormsAuthCS\", "{588BC351-4233-443B-94D3-B5D7027520D4}"
	ProjectSection(WebsiteProperties) = preProject
		TargetFrameworkMoniker = ".NETFramework,Version%3Dv4.0"
		Debug.AspNetCompiler.VirtualPath = "/FormsAuthCS"
		Debug.AspNetCompiler.PhysicalPath = "FormsAuthCS\"
		Debug.AspNetCompiler.TargetPath = "PrecompiledWeb\FormsAuthCS\"
		Debug.AspNetCompiler.Updateable = "true"
		Debug.AspNetCompiler.ForceOverwrite = "true"
		Debug.AspNetCompiler.FixedNames = "false"
		Debug.AspNetCompiler.Debug = "True"
		Release.AspNetCompiler.VirtualPath = "/FormsAuthCS"
		Release.AspNetCompiler.PhysicalPath = "FormsAuthCS\"
		Release.AspNetCompiler.TargetPath = "PrecompiledWeb\FormsAuthCS\"
		Release.AspNetCompiler.Updateable = "true"
		Release.AspNetCompiler.ForceOverwrite = "true"
		Release.AspNetCompiler.FixedNames = "false"
		Release.AspNetCompiler.Debug = "False"
		VWDPort = "58039"
		DefaultWebSiteLanguage = "Visual C#"
	EndProjectSection
EndProject
Project("{E24C65DC-7377-472B-9ABA-BC803B73C61A}") = "FormsAuthVB", "FormsAuthVB\", "{5B8C9F64-90F9-472A-B0C0-01A0E1F09EED}"
	ProjectSection(WebsiteProperties) = preProject
		TargetFrameworkMoniker = ".NETFramework,Version%3Dv4.0"
		Debug.AspNetCompiler.VirtualPath = "/FormsAuthVB"
		Debug.AspNetCompiler.PhysicalPath = "FormsAuthVB\"
		Debug.AspNetCompiler.TargetPath = "PrecompiledWeb\FormsAuthVB\"
		Debug.AspNetCompiler.Updateable = "true"
		Debug.AspNetCompiler.ForceOverwrite = "true"
		Debug.AspNetCompiler.FixedNames = "false"
		Debug.AspNetCompiler.Debug = "True"
		Release.AspNetCompiler.VirtualPath = "/FormsAuthVB"
		Release.AspNetCompiler.PhysicalPath = "FormsAuthVB\"
		Release.AspNetCompiler.TargetPath = "PrecompiledWeb\FormsAuthVB\"
		Release.AspNetCompiler.Updateable = "true"
		Release.AspNetCompiler.ForceOverwrite = "true"
		Release.AspNetCompiler.FixedNames = "false"
		Release.AspNetCompiler.Debug = "False"
		VWDPort = "58042"
		DefaultWebSiteLanguage = "Visual Basic"
	EndProjectSection
EndProject
Global
	GlobalSection(SolutionConfigurationPlatforms) = preSolution
		Debug|Any CPU = Debug|Any CPU
	EndGlobalSection
	GlobalSection(ProjectConfigurationPlatforms) = postSolution
		{588BC351-4233-443B-94D3-B5D7027520D4}.Debug|Any CPU.ActiveCfg = Debug|Any CPU
		{588BC351-4233-443B-94D3-B5D7027520D4}.Debug|Any CPU.Build.0 = Debug|Any CPU
		{5B8C9F64-90F9-472A-B0C0-01A0E1F09EED}.Debug|Any CPU.ActiveCfg = Debug|Any CPU
		{5B8C9F64-90F9-472A-B0C0-01A0E1F09EED}.Debug|Any CPU.Build.0 = Debug|Any CPU
	EndGlobalSection
	GlobalSection(SolutionProperties) = preSolution
		HideSolutionNode = FALSE
	EndGlobalSection
EndGlobal
