
Microsoft Visual Studio Solution File, Format Version 10.00
# Visual Studio 2008
Project("{FAE04EC0-301F-11D3-BF4B-00C04F79EFBC}") = "SilverlightApplication1", "SilverlightApplication1.csproj", "{5D7D675F-BFE7-433D-9CCB-B702FFB2465A}"
EndProject
Project("{FAE04EC0-301F-11D3-BF4B-00C04F79EFBC}") = "SilverlightApplication1.Web", "..\SilverlightApplication1.Web\SilverlightApplication1.Web.csproj", "{72745F47-B653-45C5-B989-763D79721CED}"
EndProject
Global
	GlobalSection(SolutionConfigurationPlatforms) = preSolution
		Debug|Any CPU = Debug|Any CPU
		Release|Any CPU = Release|Any CPU
	EndGlobalSection
	GlobalSection(ProjectConfigurationPlatforms) = postSolution
		{5D7D675F-BFE7-433D-9CCB-B702FFB2465A}.Debug|Any CPU.ActiveCfg = Debug|Any CPU
		{5D7D675F-BFE7-433D-9CCB-B702FFB2465A}.Debug|Any CPU.Build.0 = Debug|Any CPU
		{5D7D675F-BFE7-433D-9CCB-B702FFB2465A}.Release|Any CPU.ActiveCfg = Release|Any CPU
		{5D7D675F-BFE7-433D-9CCB-B702FFB2465A}.Release|Any CPU.Build.0 = Release|Any CPU
		{72745F47-B653-45C5-B989-763D79721CED}.Debug|Any CPU.ActiveCfg = Debug|Any CPU
		{72745F47-B653-45C5-B989-763D79721CED}.Debug|Any CPU.Build.0 = Debug|Any CPU
		{72745F47-B653-45C5-B989-763D79721CED}.Release|Any CPU.ActiveCfg = Release|Any CPU
		{72745F47-B653-45C5-B989-763D79721CED}.Release|Any CPU.Build.0 = Release|Any CPU
	EndGlobalSection
	GlobalSection(SolutionProperties) = preSolution
		HideSolutionNode = FALSE
	EndGlobalSection
EndGlobal
