
Microsoft Visual Studio Solution File, Format Version 11.00
# Visual Studio 2010
Project("{F184B08F-C81C-45F6-A57F-5ABD9991F28F}") = "ServiceCostVB", "ServiceCostVB\ServiceCostVB.vbproj", "{7AE9F9DB-ACE8-4EFC-BFA2-4B86A8F276B4}"
EndProject
Global
	GlobalSection(SolutionConfigurationPlatforms) = preSolution
		Debug|Any CPU = Debug|Any CPU
		Release|Any CPU = Release|Any CPU
	EndGlobalSection
	GlobalSection(ProjectConfigurationPlatforms) = postSolution
		{7AE9F9DB-ACE8-4EFC-BFA2-4B86A8F276B4}.Debug|Any CPU.ActiveCfg = Debug|Any CPU
		{7AE9F9DB-ACE8-4EFC-BFA2-4B86A8F276B4}.Debug|Any CPU.Build.0 = Debug|Any CPU
		{7AE9F9DB-ACE8-4EFC-BFA2-4B86A8F276B4}.Release|Any CPU.ActiveCfg = Release|Any CPU
		{7AE9F9DB-ACE8-4EFC-BFA2-4B86A8F276B4}.Release|Any CPU.Build.0 = Release|Any CPU
	EndGlobalSection
	GlobalSection(SolutionProperties) = preSolution
		HideSolutionNode = FALSE
	EndGlobalSection
EndGlobal
