
Microsoft Visual Studio Solution File, Format Version 11.00
# Visual Studio 2010
Project("{FAE04EC0-301F-11D3-BF4B-00C04F79EFBC}") = "SLIV4_Reading_Excel_File", "SLIV4_Reading_Excel_File\SLIV4_Reading_Excel_File.csproj", "{D37BE26D-C0F5-42F1-84A7-53E0B82A445C}"
EndProject
Project("{FAE04EC0-301F-11D3-BF4B-00C04F79EFBC}") = "SLIV4_Reading_Excel_File.Web", "SLIV4_Reading_Excel_File.Web\SLIV4_Reading_Excel_File.Web.csproj", "{7A149112-A219-4339-BB47-A23871D08F6D}"
EndProject
Global
	GlobalSection(SolutionConfigurationPlatforms) = preSolution
		Debug|Any CPU = Debug|Any CPU
		Release|Any CPU = Release|Any CPU
	EndGlobalSection
	GlobalSection(ProjectConfigurationPlatforms) = postSolution
		{D37BE26D-C0F5-42F1-84A7-53E0B82A445C}.Debug|Any CPU.ActiveCfg = Debug|Any CPU
		{D37BE26D-C0F5-42F1-84A7-53E0B82A445C}.Debug|Any CPU.Build.0 = Debug|Any CPU
		{D37BE26D-C0F5-42F1-84A7-53E0B82A445C}.Release|Any CPU.ActiveCfg = Release|Any CPU
		{D37BE26D-C0F5-42F1-84A7-53E0B82A445C}.Release|Any CPU.Build.0 = Release|Any CPU
		{7A149112-A219-4339-BB47-A23871D08F6D}.Debug|Any CPU.ActiveCfg = Debug|Any CPU
		{7A149112-A219-4339-BB47-A23871D08F6D}.Debug|Any CPU.Build.0 = Debug|Any CPU
		{7A149112-A219-4339-BB47-A23871D08F6D}.Release|Any CPU.ActiveCfg = Release|Any CPU
		{7A149112-A219-4339-BB47-A23871D08F6D}.Release|Any CPU.Build.0 = Release|Any CPU
	EndGlobalSection
	GlobalSection(SolutionProperties) = preSolution
		HideSolutionNode = FALSE
	EndGlobalSection
EndGlobal
