
Microsoft Visual Studio Solution File, Format Version 10.00
# Visual Studio 2008
Project("{FAE04EC0-301F-11D3-BF4B-00C04F79EFBC}") = "SimpleYieldReturnThreaded", "SimpleYieldReturnThreaded\SimpleYieldReturnThreaded.csproj", "{D1B79019-2012-48BE-8E83-AA73013A1713}"
EndProject
Global
	GlobalSection(SolutionConfigurationPlatforms) = preSolution
		Debug|Any CPU = Debug|Any CPU
		Release|Any CPU = Release|Any CPU
	EndGlobalSection
	GlobalSection(ProjectConfigurationPlatforms) = postSolution
		{D1B79019-2012-48BE-8E83-AA73013A1713}.Debug|Any CPU.ActiveCfg = Debug|Any CPU
		{D1B79019-2012-48BE-8E83-AA73013A1713}.Debug|Any CPU.Build.0 = Debug|Any CPU
		{D1B79019-2012-48BE-8E83-AA73013A1713}.Release|Any CPU.ActiveCfg = Release|Any CPU
		{D1B79019-2012-48BE-8E83-AA73013A1713}.Release|Any CPU.Build.0 = Release|Any CPU
	EndGlobalSection
	GlobalSection(SolutionProperties) = preSolution
		HideSolutionNode = FALSE
	EndGlobalSection
EndGlobal
