
Microsoft Visual Studio Solution File, Format Version 11.00
# Visual Studio 2010
Project("{E24C65DC-7377-472B-9ABA-BC803B73C61A}") = "WebDeploymentTest", "C:\Users\Puneet\WebDeploymentTest\", "{402BB1B8-5AF3-4081-A447-10499A553323}"
	ProjectSection(WebsiteProperties) = preProject
		TargetFrameworkMoniker = ".NETFramework,Version%3Dv4.0"
		Debug.AspNetCompiler.VirtualPath = "/WebDeploymentTest"
		Debug.AspNetCompiler.PhysicalPath = "C:\Users\Puneet\WebDeploymentTest\"
		Debug.AspNetCompiler.TargetPath = "PrecompiledWeb\WebDeploymentTest\"
		Debug.AspNetCompiler.Updateable = "true"
		Debug.AspNetCompiler.ForceOverwrite = "true"
		Debug.AspNetCompiler.FixedNames = "false"
		Debug.AspNetCompiler.Debug = "True"
		Release.AspNetCompiler.VirtualPath = "/WebDeploymentTest"
		Release.AspNetCompiler.PhysicalPath = "C:\Users\Puneet\WebDeploymentTest\"
		Release.AspNetCompiler.TargetPath = "PrecompiledWeb\WebDeploymentTest\"
		Release.AspNetCompiler.Updateable = "true"
		Release.AspNetCompiler.ForceOverwrite = "true"
		Release.AspNetCompiler.FixedNames = "false"
		Release.AspNetCompiler.Debug = "False"
		VWDPort = "1666"
	EndProjectSection
EndProject
Global
	GlobalSection(SolutionConfigurationPlatforms) = preSolution
		Debug|Any CPU = Debug|Any CPU
		Release|Any CPU = Release|Any CPU
	EndGlobalSection
	GlobalSection(ProjectConfigurationPlatforms) = postSolution
		{402BB1B8-5AF3-4081-A447-10499A553323}.Debug|Any CPU.ActiveCfg = Debug|Any CPU
		{402BB1B8-5AF3-4081-A447-10499A553323}.Debug|Any CPU.Build.0 = Debug|Any CPU
		{402BB1B8-5AF3-4081-A447-10499A553323}.Release|Any CPU.ActiveCfg = Debug|Any CPU
		{402BB1B8-5AF3-4081-A447-10499A553323}.Release|Any CPU.Build.0 = Debug|Any CPU
	EndGlobalSection
	GlobalSection(SolutionProperties) = preSolution
		HideSolutionNode = FALSE
	EndGlobalSection
EndGlobal
