Microsoft Visual Studio Solution File, Format Version 8.00
Project("{FAE04EC0-301F-11D3-BF4B-00C04F79EFBC}") = "PagingConsoleTest", "PagingConsoleTest\PagingConsoleTest.csproj", "{6C2F2D2D-15D2-436E-A59E-0E4351A6A935}"
	ProjectSection(ProjectDependencies) = postProject
	EndProjectSection
EndProject
Project("{FAE04EC0-301F-11D3-BF4B-00C04F79EFBC}") = "PagingWebTest", "http://localhost/PagingWebTest/PagingWebTest.csproj", "{D410000D-7375-475C-9E1D-D1FBBCE267AC}"
	ProjectSection(ProjectDependencies) = postProject
	EndProjectSection
EndProject
Global
	GlobalSection(SolutionConfiguration) = preSolution
		Debug = Debug
		Release = Release
	EndGlobalSection
	GlobalSection(ProjectConfiguration) = postSolution
		{6C2F2D2D-15D2-436E-A59E-0E4351A6A935}.Debug.ActiveCfg = Debug|.NET
		{6C2F2D2D-15D2-436E-A59E-0E4351A6A935}.Debug.Build.0 = Debug|.NET
		{6C2F2D2D-15D2-436E-A59E-0E4351A6A935}.Release.ActiveCfg = Release|.NET
		{6C2F2D2D-15D2-436E-A59E-0E4351A6A935}.Release.Build.0 = Release|.NET
		{D410000D-7375-475C-9E1D-D1FBBCE267AC}.Debug.ActiveCfg = Debug|.NET
		{D410000D-7375-475C-9E1D-D1FBBCE267AC}.Debug.Build.0 = Debug|.NET
		{D410000D-7375-475C-9E1D-D1FBBCE267AC}.Release.ActiveCfg = Release|.NET
		{D410000D-7375-475C-9E1D-D1FBBCE267AC}.Release.Build.0 = Release|.NET
	EndGlobalSection
	GlobalSection(ExtensibilityGlobals) = postSolution
	EndGlobalSection
	GlobalSection(ExtensibilityAddIns) = postSolution
	EndGlobalSection
EndGlobal
