
Microsoft Visual Studio Solution File, Format Version 9.00
# Visual Studio 2005
Project("{EF7E3281-CD33-11D4-8326-00C04FA0CE8D}") = "Schemas", "Schemas\Schemas.btproj", "{0C4BE102-D0AF-4AB6-95A4-EC306CE611A3}"
EndProject
Project("{EF7E3281-CD33-11D4-8326-00C04FA0CE8D}") = "Maps", "Maps\Maps.btproj", "{D64F904C-1F8C-498E-AC45-AD06557D9BAD}"
EndProject
Project("{FAE04EC0-301F-11D3-BF4B-00C04F79EFBC}") = "CableProvisioningSystemClient", "CableProvisioningSystemClient\CableProvisioningSystemClient.csproj", "{DF99B851-9B7A-4204-91C4-398CCE55F860}"
EndProject
Project("{FAE04EC0-301F-11D3-BF4B-00C04F79EFBC}") = "CableProvisioningSystemServer", "CableProvisioningSystemServer\CableProvisioningSystemServer.csproj", "{486F7EDE-9166-4EAF-A717-C68FB6BEBE5D}"
EndProject
Project("{FAE04EC0-301F-11D3-BF4B-00C04F79EFBC}") = "OperationsClient", "OperationsClient\OperationsClient.csproj", "{1D16E806-0EBB-4DA4-ACE9-A52686A14307}"
EndProject
Project("{FAE04EC0-301F-11D3-BF4B-00C04F79EFBC}") = "OperationsServer", "OperationsServer\OperationsServer.csproj", "{0E0FFE4E-94D0-487E-A7CA-B91AC4F63020}"
EndProject
Project("{E24C65DC-7377-472B-9ABA-BC803B73C61A}") = "C:\...\CSRWebApp\", "CSRWebApp\", "{A428A32D-D35F-4A50-A1B7-FF1EC14BAA7A}"
	ProjectSection(WebsiteProperties) = preProject
		Debug.AspNetCompiler.VirtualPath = "/CSRWebApp"
		Debug.AspNetCompiler.PhysicalPath = "CSRWebApp\"
		Debug.AspNetCompiler.TargetPath = "PrecompiledWeb\CSRWebApp\"
		Debug.AspNetCompiler.Updateable = "true"
		Debug.AspNetCompiler.ForceOverwrite = "true"
		Debug.AspNetCompiler.FixedNames = "true"
		Debug.AspNetCompiler.Debug = "True"
		Release.AspNetCompiler.VirtualPath = "/CSRWebApp"
		Release.AspNetCompiler.PhysicalPath = "CSRWebApp\"
		Release.AspNetCompiler.TargetPath = "PrecompiledWeb\CSRWebApp\"
		Release.AspNetCompiler.Updateable = "true"
		Release.AspNetCompiler.ForceOverwrite = "true"
		Release.AspNetCompiler.FixedNames = "true"
		Release.AspNetCompiler.Debug = "False"
		VWDPort = "1748"
	EndProjectSection
EndProject
Project("{FAE04EC0-301F-11D3-BF4B-00C04F79EFBC}") = "SchemaClasses", "SchemaClasses\SchemaClasses.csproj", "{86A44396-2248-4B14-83DC-00EFF2A5B244}"
EndProject
Project("{FAE04EC0-301F-11D3-BF4B-00C04F79EFBC}") = "Utilities", "Utilities\Utilities.csproj", "{19F878AA-6D7E-4487-BCF5-AFD6AA368C73}"
EndProject
Project("{EF7E3281-CD33-11D4-8326-00C04FA0CE8D}") = "CableOrderActions", "Orchestrations\CableOrderActions\CableOrderActions.btproj", "{131D26A3-E7E9-415D-908A-4671A83CE9D7}"
EndProject
Project("{EF7E3281-CD33-11D4-8326-00C04FA0CE8D}") = "OrderBroker", "Orchestrations\OrderBroker\OrderBroker.btproj", "{F1B12EC9-5A73-435A-9A12-62CCDC5CF366}"
EndProject
Project("{EF7E3281-CD33-11D4-8326-00C04FA0CE8D}") = "OrderManager", "Orchestrations\OrderManager\OrderManager.btproj", "{2DDB64EF-DBFA-492F-BF8A-F91E6409CCC5}"
EndProject
Project("{EF7E3281-CD33-11D4-8326-00C04FA0CE8D}") = "CableOrderStage1", "Orchestrations\CableOrderStage1\CableOrderStage1.btproj", "{51A81E68-296D-4E55-97F0-7AB38136E63F}"
EndProject
Project("{EF7E3281-CD33-11D4-8326-00C04FA0CE8D}") = "CableOrderStage2", "Orchestrations\CableOrderStage2\CableOrderStage2.btproj", "{588E59F1-D292-4553-B58B-8655A2D2C7A7}"
EndProject
Project("{FAE04EC0-301F-11D3-BF4B-00C04F79EFBC}") = "FacilitiesSimulator", "FacilitiesSimulator\FacilitiesSimulator.csproj", "{B164AFA7-598A-41A4-AFEE-996FC79A4321}"
EndProject
Project("{FAE04EC0-301F-11D3-BF4B-00C04F79EFBC}") = "IOrderHandler", "IOrderHandler\IOrderHandler.csproj", "{7B018FE9-9DA1-43FB-BE10-6BFF243ABF2E}"
EndProject
Project("{FAE04EC0-301F-11D3-BF4B-00C04F79EFBC}") = "OrderHandler", "OrderHandler\OrderHandler.csproj", "{BE39C6E7-F26C-4447-BDAA-D686284B5FB1}"
EndProject
Project("{FAE04EC0-301F-11D3-BF4B-00C04F79EFBC}") = "IOperationsSystem", "IOperationsSystem\IOperationsSystem.csproj", "{2CDD7766-0D9B-477C-A843-DD4CE304E630}"
EndProject
Project("{FAE04EC0-301F-11D3-BF4B-00C04F79EFBC}") = "OperationsHandler", "OperationsHandler\OperationsHandler.csproj", "{18DD915C-E24C-4394-AB02-70A3AF357440}"
EndProject
Project("{EF7E3281-CD33-11D4-8326-00C04FA0CE8D}") = "OrderBrokerSchemas", "OrderBrokerSchemas\OrderBrokerSchemas.btproj", "{4C85F6F7-04D5-427B-B3F5-0F0CB0F21397}"
EndProject
Project("{EF7E3281-CD33-11D4-8326-00C04FA0CE8D}") = "MessagingSchemas", "MessagingSchemas\MessagingSchemas.btproj", "{E0487701-7A47-46CA-8C58-F29E10AAE413}"
EndProject
Project("{EF7E3281-CD33-11D4-8326-00C04FA0CE8D}") = "OrderBrokerMaps", "OrderBrokerMaps\OrderBrokerMaps.btproj", "{86068F72-4F06-49E4-B0F9-B5C801AA0DC8}"
EndProject
Project("{FAE04EC0-301F-11D3-BF4B-00C04F79EFBC}") = "ServiceLevelTracking", "ServiceLevelTracking\ServiceLevelTracking.csproj", "{D9D576AF-CE23-42E2-A561-874BE8C46A67}"
EndProject
Global
	GlobalSection(SolutionConfigurationPlatforms) = preSolution
		Debug|.NET = Debug|.NET
		Debug|Any CPU = Debug|Any CPU
		Debug|Mixed platforms = Debug|Mixed platforms
		Deployment|.NET = Deployment|.NET
		Deployment|Any CPU = Deployment|Any CPU
		Deployment|Mixed platforms = Deployment|Mixed platforms
		Development|.NET = Development|.NET
		Development|Any CPU = Development|Any CPU
		Development|Mixed platforms = Development|Mixed platforms
		Release|.NET = Release|.NET
		Release|Any CPU = Release|Any CPU
		Release|Mixed platforms = Release|Mixed platforms
	EndGlobalSection
	GlobalSection(ProjectConfigurationPlatforms) = postSolution
		{0C4BE102-D0AF-4AB6-95A4-EC306CE611A3}.Debug|.NET.ActiveCfg = Deployment|.NET
		{0C4BE102-D0AF-4AB6-95A4-EC306CE611A3}.Debug|.NET.Build.0 = Deployment|.NET
		{0C4BE102-D0AF-4AB6-95A4-EC306CE611A3}.Debug|.NET.Deploy.0 = Deployment|.NET
		{0C4BE102-D0AF-4AB6-95A4-EC306CE611A3}.Debug|Any CPU.ActiveCfg = Deployment|.NET
		{0C4BE102-D0AF-4AB6-95A4-EC306CE611A3}.Debug|Any CPU.Build.0 = Deployment|.NET
		{0C4BE102-D0AF-4AB6-95A4-EC306CE611A3}.Debug|Any CPU.Deploy.0 = Deployment|.NET
		{0C4BE102-D0AF-4AB6-95A4-EC306CE611A3}.Debug|Mixed platforms.ActiveCfg = Deployment|.NET
		{0C4BE102-D0AF-4AB6-95A4-EC306CE611A3}.Debug|Mixed platforms.Build.0 = Deployment|.NET
		{0C4BE102-D0AF-4AB6-95A4-EC306CE611A3}.Debug|Mixed platforms.Deploy.0 = Deployment|.NET
		{0C4BE102-D0AF-4AB6-95A4-EC306CE611A3}.Deployment|.NET.ActiveCfg = Deployment|.NET
		{0C4BE102-D0AF-4AB6-95A4-EC306CE611A3}.Deployment|.NET.Build.0 = Deployment|.NET
		{0C4BE102-D0AF-4AB6-95A4-EC306CE611A3}.Deployment|.NET.Deploy.0 = Deployment|.NET
		{0C4BE102-D0AF-4AB6-95A4-EC306CE611A3}.Deployment|Any CPU.ActiveCfg = Deployment|.NET
		{0C4BE102-D0AF-4AB6-95A4-EC306CE611A3}.Deployment|Any CPU.Build.0 = Deployment|.NET
		{0C4BE102-D0AF-4AB6-95A4-EC306CE611A3}.Deployment|Any CPU.Deploy.0 = Deployment|.NET
		{0C4BE102-D0AF-4AB6-95A4-EC306CE611A3}.Deployment|Mixed platforms.ActiveCfg = Deployment|.NET
		{0C4BE102-D0AF-4AB6-95A4-EC306CE611A3}.Deployment|Mixed platforms.Build.0 = Deployment|.NET
		{0C4BE102-D0AF-4AB6-95A4-EC306CE611A3}.Deployment|Mixed platforms.Deploy.0 = Deployment|.NET
		{0C4BE102-D0AF-4AB6-95A4-EC306CE611A3}.Development|.NET.ActiveCfg = Development|.NET
		{0C4BE102-D0AF-4AB6-95A4-EC306CE611A3}.Development|.NET.Build.0 = Development|.NET
		{0C4BE102-D0AF-4AB6-95A4-EC306CE611A3}.Development|.NET.Deploy.0 = Development|.NET
		{0C4BE102-D0AF-4AB6-95A4-EC306CE611A3}.Development|Any CPU.ActiveCfg = Development|.NET
		{0C4BE102-D0AF-4AB6-95A4-EC306CE611A3}.Development|Any CPU.Build.0 = Development|.NET
		{0C4BE102-D0AF-4AB6-95A4-EC306CE611A3}.Development|Any CPU.Deploy.0 = Development|.NET
		{0C4BE102-D0AF-4AB6-95A4-EC306CE611A3}.Development|Mixed platforms.ActiveCfg = Development|.NET
		{0C4BE102-D0AF-4AB6-95A4-EC306CE611A3}.Development|Mixed platforms.Build.0 = Development|.NET
		{0C4BE102-D0AF-4AB6-95A4-EC306CE611A3}.Development|Mixed platforms.Deploy.0 = Development|.NET
		{0C4BE102-D0AF-4AB6-95A4-EC306CE611A3}.Release|.NET.ActiveCfg = Deployment|.NET
		{0C4BE102-D0AF-4AB6-95A4-EC306CE611A3}.Release|.NET.Build.0 = Deployment|.NET
		{0C4BE102-D0AF-4AB6-95A4-EC306CE611A3}.Release|.NET.Deploy.0 = Deployment|.NET
		{0C4BE102-D0AF-4AB6-95A4-EC306CE611A3}.Release|Any CPU.ActiveCfg = Deployment|.NET
		{0C4BE102-D0AF-4AB6-95A4-EC306CE611A3}.Release|Any CPU.Build.0 = Deployment|.NET
		{0C4BE102-D0AF-4AB6-95A4-EC306CE611A3}.Release|Any CPU.Deploy.0 = Deployment|.NET
		{0C4BE102-D0AF-4AB6-95A4-EC306CE611A3}.Release|Mixed platforms.ActiveCfg = Deployment|.NET
		{0C4BE102-D0AF-4AB6-95A4-EC306CE611A3}.Release|Mixed platforms.Build.0 = Deployment|.NET
		{D64F904C-1F8C-498E-AC45-AD06557D9BAD}.Debug|.NET.ActiveCfg = Deployment|.NET
		{D64F904C-1F8C-498E-AC45-AD06557D9BAD}.Debug|.NET.Build.0 = Deployment|.NET
		{D64F904C-1F8C-498E-AC45-AD06557D9BAD}.Debug|.NET.Deploy.0 = Deployment|.NET
		{D64F904C-1F8C-498E-AC45-AD06557D9BAD}.Debug|Any CPU.ActiveCfg = Deployment|.NET
		{D64F904C-1F8C-498E-AC45-AD06557D9BAD}.Debug|Any CPU.Build.0 = Deployment|.NET
		{D64F904C-1F8C-498E-AC45-AD06557D9BAD}.Debug|Any CPU.Deploy.0 = Deployment|.NET
		{D64F904C-1F8C-498E-AC45-AD06557D9BAD}.Debug|Mixed platforms.ActiveCfg = Deployment|.NET
		{D64F904C-1F8C-498E-AC45-AD06557D9BAD}.Debug|Mixed platforms.Build.0 = Deployment|.NET
		{D64F904C-1F8C-498E-AC45-AD06557D9BAD}.Debug|Mixed platforms.Deploy.0 = Deployment|.NET
		{D64F904C-1F8C-498E-AC45-AD06557D9BAD}.Deployment|.NET.ActiveCfg = Deployment|.NET
		{D64F904C-1F8C-498E-AC45-AD06557D9BAD}.Deployment|.NET.Build.0 = Deployment|.NET
		{D64F904C-1F8C-498E-AC45-AD06557D9BAD}.Deployment|.NET.Deploy.0 = Deployment|.NET
		{D64F904C-1F8C-498E-AC45-AD06557D9BAD}.Deployment|Any CPU.ActiveCfg = Deployment|.NET
		{D64F904C-1F8C-498E-AC45-AD06557D9BAD}.Deployment|Any CPU.Build.0 = Deployment|.NET
		{D64F904C-1F8C-498E-AC45-AD06557D9BAD}.Deployment|Any CPU.Deploy.0 = Deployment|.NET
		{D64F904C-1F8C-498E-AC45-AD06557D9BAD}.Deployment|Mixed platforms.ActiveCfg = Deployment|.NET
		{D64F904C-1F8C-498E-AC45-AD06557D9BAD}.Deployment|Mixed platforms.Build.0 = Deployment|.NET
		{D64F904C-1F8C-498E-AC45-AD06557D9BAD}.Deployment|Mixed platforms.Deploy.0 = Deployment|.NET
		{D64F904C-1F8C-498E-AC45-AD06557D9BAD}.Development|.NET.ActiveCfg = Development|.NET
		{D64F904C-1F8C-498E-AC45-AD06557D9BAD}.Development|.NET.Build.0 = Development|.NET
		{D64F904C-1F8C-498E-AC45-AD06557D9BAD}.Development|.NET.Deploy.0 = Development|.NET
		{D64F904C-1F8C-498E-AC45-AD06557D9BAD}.Development|Any CPU.ActiveCfg = Development|.NET
		{D64F904C-1F8C-498E-AC45-AD06557D9BAD}.Development|Any CPU.Build.0 = Development|.NET
		{D64F904C-1F8C-498E-AC45-AD06557D9BAD}.Development|Any CPU.Deploy.0 = Development|.NET
		{D64F904C-1F8C-498E-AC45-AD06557D9BAD}.Development|Mixed platforms.ActiveCfg = Development|.NET
		{D64F904C-1F8C-498E-AC45-AD06557D9BAD}.Development|Mixed platforms.Build.0 = Development|.NET
		{D64F904C-1F8C-498E-AC45-AD06557D9BAD}.Development|Mixed platforms.Deploy.0 = Development|.NET
		{D64F904C-1F8C-498E-AC45-AD06557D9BAD}.Release|.NET.ActiveCfg = Deployment|.NET
		{D64F904C-1F8C-498E-AC45-AD06557D9BAD}.Release|.NET.Build.0 = Deployment|.NET
		{D64F904C-1F8C-498E-AC45-AD06557D9BAD}.Release|.NET.Deploy.0 = Deployment|.NET
		{D64F904C-1F8C-498E-AC45-AD06557D9BAD}.Release|Any CPU.ActiveCfg = Deployment|.NET
		{D64F904C-1F8C-498E-AC45-AD06557D9BAD}.Release|Any CPU.Build.0 = Deployment|.NET
		{D64F904C-1F8C-498E-AC45-AD06557D9BAD}.Release|Any CPU.Deploy.0 = Deployment|.NET
		{D64F904C-1F8C-498E-AC45-AD06557D9BAD}.Release|Mixed platforms.ActiveCfg = Deployment|.NET
		{D64F904C-1F8C-498E-AC45-AD06557D9BAD}.Release|Mixed platforms.Build.0 = Deployment|.NET
		{DF99B851-9B7A-4204-91C4-398CCE55F860}.Debug|.NET.ActiveCfg = Debug|Any CPU
		{DF99B851-9B7A-4204-91C4-398CCE55F860}.Debug|Any CPU.ActiveCfg = Debug|Any CPU
		{DF99B851-9B7A-4204-91C4-398CCE55F860}.Debug|Mixed platforms.ActiveCfg = Debug|Any CPU
		{DF99B851-9B7A-4204-91C4-398CCE55F860}.Debug|Mixed platforms.Build.0 = Debug|Any CPU
		{DF99B851-9B7A-4204-91C4-398CCE55F860}.Deployment|.NET.ActiveCfg = Debug|Any CPU
		{DF99B851-9B7A-4204-91C4-398CCE55F860}.Deployment|Any CPU.ActiveCfg = Debug|Any CPU
		{DF99B851-9B7A-4204-91C4-398CCE55F860}.Deployment|Mixed platforms.ActiveCfg = Debug|Any CPU
		{DF99B851-9B7A-4204-91C4-398CCE55F860}.Deployment|Mixed platforms.Build.0 = Debug|Any CPU
		{DF99B851-9B7A-4204-91C4-398CCE55F860}.Development|.NET.ActiveCfg = Debug|Any CPU
		{DF99B851-9B7A-4204-91C4-398CCE55F860}.Development|Any CPU.ActiveCfg = Debug|Any CPU
		{DF99B851-9B7A-4204-91C4-398CCE55F860}.Development|Mixed platforms.ActiveCfg = Debug|Any CPU
		{DF99B851-9B7A-4204-91C4-398CCE55F860}.Development|Mixed platforms.Build.0 = Debug|Any CPU
		{DF99B851-9B7A-4204-91C4-398CCE55F860}.Release|.NET.ActiveCfg = Release|Any CPU
		{DF99B851-9B7A-4204-91C4-398CCE55F860}.Release|Any CPU.ActiveCfg = Release|Any CPU
		{DF99B851-9B7A-4204-91C4-398CCE55F860}.Release|Mixed platforms.ActiveCfg = Release|Any CPU
		{DF99B851-9B7A-4204-91C4-398CCE55F860}.Release|Mixed platforms.Build.0 = Release|Any CPU
		{486F7EDE-9166-4EAF-A717-C68FB6BEBE5D}.Debug|.NET.ActiveCfg = Debug|Any CPU
		{486F7EDE-9166-4EAF-A717-C68FB6BEBE5D}.Debug|Any CPU.ActiveCfg = Debug|Any CPU
		{486F7EDE-9166-4EAF-A717-C68FB6BEBE5D}.Debug|Mixed platforms.ActiveCfg = Debug|Any CPU
		{486F7EDE-9166-4EAF-A717-C68FB6BEBE5D}.Debug|Mixed platforms.Build.0 = Debug|Any CPU
		{486F7EDE-9166-4EAF-A717-C68FB6BEBE5D}.Deployment|.NET.ActiveCfg = Debug|Any CPU
		{486F7EDE-9166-4EAF-A717-C68FB6BEBE5D}.Deployment|Any CPU.ActiveCfg = Debug|Any CPU
		{486F7EDE-9166-4EAF-A717-C68FB6BEBE5D}.Deployment|Mixed platforms.ActiveCfg = Debug|Any CPU
		{486F7EDE-9166-4EAF-A717-C68FB6BEBE5D}.Deployment|Mixed platforms.Build.0 = Debug|Any CPU
		{486F7EDE-9166-4EAF-A717-C68FB6BEBE5D}.Development|.NET.ActiveCfg = Debug|Any CPU
		{486F7EDE-9166-4EAF-A717-C68FB6BEBE5D}.Development|Any CPU.ActiveCfg = Debug|Any CPU
		{486F7EDE-9166-4EAF-A717-C68FB6BEBE5D}.Development|Mixed platforms.ActiveCfg = Debug|Any CPU
		{486F7EDE-9166-4EAF-A717-C68FB6BEBE5D}.Development|Mixed platforms.Build.0 = Debug|Any CPU
		{486F7EDE-9166-4EAF-A717-C68FB6BEBE5D}.Release|.NET.ActiveCfg = Release|Any CPU
		{486F7EDE-9166-4EAF-A717-C68FB6BEBE5D}.Release|Any CPU.ActiveCfg = Release|Any CPU
		{486F7EDE-9166-4EAF-A717-C68FB6BEBE5D}.Release|Mixed platforms.ActiveCfg = Release|Any CPU
		{486F7EDE-9166-4EAF-A717-C68FB6BEBE5D}.Release|Mixed platforms.Build.0 = Release|Any CPU
		{1D16E806-0EBB-4DA4-ACE9-A52686A14307}.Debug|.NET.ActiveCfg = Debug|Any CPU
		{1D16E806-0EBB-4DA4-ACE9-A52686A14307}.Debug|Any CPU.ActiveCfg = Debug|Any CPU
		{1D16E806-0EBB-4DA4-ACE9-A52686A14307}.Debug|Mixed platforms.ActiveCfg = Debug|Any CPU
		{1D16E806-0EBB-4DA4-ACE9-A52686A14307}.Debug|Mixed platforms.Build.0 = Debug|Any CPU
		{1D16E806-0EBB-4DA4-ACE9-A52686A14307}.Deployment|.NET.ActiveCfg = Debug|Any CPU
		{1D16E806-0EBB-4DA4-ACE9-A52686A14307}.Deployment|Any CPU.ActiveCfg = Debug|Any CPU
		{1D16E806-0EBB-4DA4-ACE9-A52686A14307}.Deployment|Mixed platforms.ActiveCfg = Debug|Any CPU
		{1D16E806-0EBB-4DA4-ACE9-A52686A14307}.Deployment|Mixed platforms.Build.0 = Debug|Any CPU
		{1D16E806-0EBB-4DA4-ACE9-A52686A14307}.Development|.NET.ActiveCfg = Debug|Any CPU
		{1D16E806-0EBB-4DA4-ACE9-A52686A14307}.Development|Any CPU.ActiveCfg = Debug|Any CPU
		{1D16E806-0EBB-4DA4-ACE9-A52686A14307}.Development|Mixed platforms.ActiveCfg = Debug|Any CPU
		{1D16E806-0EBB-4DA4-ACE9-A52686A14307}.Development|Mixed platforms.Build.0 = Debug|Any CPU
		{1D16E806-0EBB-4DA4-ACE9-A52686A14307}.Release|.NET.ActiveCfg = Release|Any CPU
		{1D16E806-0EBB-4DA4-ACE9-A52686A14307}.Release|Any CPU.ActiveCfg = Release|Any CPU
		{1D16E806-0EBB-4DA4-ACE9-A52686A14307}.Release|Mixed platforms.ActiveCfg = Release|Any CPU
		{1D16E806-0EBB-4DA4-ACE9-A52686A14307}.Release|Mixed platforms.Build.0 = Release|Any CPU
		{0E0FFE4E-94D0-487E-A7CA-B91AC4F63020}.Debug|.NET.ActiveCfg = Debug|Any CPU
		{0E0FFE4E-94D0-487E-A7CA-B91AC4F63020}.Debug|Any CPU.ActiveCfg = Debug|Any CPU
		{0E0FFE4E-94D0-487E-A7CA-B91AC4F63020}.Debug|Mixed platforms.ActiveCfg = Debug|Any CPU
		{0E0FFE4E-94D0-487E-A7CA-B91AC4F63020}.Debug|Mixed platforms.Build.0 = Debug|Any CPU
		{0E0FFE4E-94D0-487E-A7CA-B91AC4F63020}.Deployment|.NET.ActiveCfg = Debug|Any CPU
		{0E0FFE4E-94D0-487E-A7CA-B91AC4F63020}.Deployment|Any CPU.ActiveCfg = Debug|Any CPU
		{0E0FFE4E-94D0-487E-A7CA-B91AC4F63020}.Deployment|Mixed platforms.ActiveCfg = Debug|Any CPU
		{0E0FFE4E-94D0-487E-A7CA-B91AC4F63020}.Deployment|Mixed platforms.Build.0 = Debug|Any CPU
		{0E0FFE4E-94D0-487E-A7CA-B91AC4F63020}.Development|.NET.ActiveCfg = Debug|Any CPU
		{0E0FFE4E-94D0-487E-A7CA-B91AC4F63020}.Development|Any CPU.ActiveCfg = Debug|Any CPU
		{0E0FFE4E-94D0-487E-A7CA-B91AC4F63020}.Development|Mixed platforms.ActiveCfg = Debug|Any CPU
		{0E0FFE4E-94D0-487E-A7CA-B91AC4F63020}.Development|Mixed platforms.Build.0 = Debug|Any CPU
		{0E0FFE4E-94D0-487E-A7CA-B91AC4F63020}.Release|.NET.ActiveCfg = Release|Any CPU
		{0E0FFE4E-94D0-487E-A7CA-B91AC4F63020}.Release|Any CPU.ActiveCfg = Release|Any CPU
		{0E0FFE4E-94D0-487E-A7CA-B91AC4F63020}.Release|Mixed platforms.ActiveCfg = Release|Any CPU
		{0E0FFE4E-94D0-487E-A7CA-B91AC4F63020}.Release|Mixed platforms.Build.0 = Release|Any CPU
		{A428A32D-D35F-4A50-A1B7-FF1EC14BAA7A}.Debug|.NET.ActiveCfg = Debug|.NET
		{A428A32D-D35F-4A50-A1B7-FF1EC14BAA7A}.Debug|.NET.Build.0 = Debug|.NET
		{A428A32D-D35F-4A50-A1B7-FF1EC14BAA7A}.Debug|Any CPU.ActiveCfg = Debug|.NET
		{A428A32D-D35F-4A50-A1B7-FF1EC14BAA7A}.Debug|Any CPU.Build.0 = Debug|.NET
		{A428A32D-D35F-4A50-A1B7-FF1EC14BAA7A}.Debug|Mixed platforms.ActiveCfg = Debug|.NET
		{A428A32D-D35F-4A50-A1B7-FF1EC14BAA7A}.Debug|Mixed platforms.Build.0 = Debug|.NET
		{A428A32D-D35F-4A50-A1B7-FF1EC14BAA7A}.Deployment|.NET.ActiveCfg = Debug|.NET
		{A428A32D-D35F-4A50-A1B7-FF1EC14BAA7A}.Deployment|.NET.Build.0 = Debug|.NET
		{A428A32D-D35F-4A50-A1B7-FF1EC14BAA7A}.Deployment|Any CPU.ActiveCfg = Debug|.NET
		{A428A32D-D35F-4A50-A1B7-FF1EC14BAA7A}.Deployment|Any CPU.Build.0 = Debug|.NET
		{A428A32D-D35F-4A50-A1B7-FF1EC14BAA7A}.Deployment|Mixed platforms.ActiveCfg = Debug|.NET
		{A428A32D-D35F-4A50-A1B7-FF1EC14BAA7A}.Deployment|Mixed platforms.Build.0 = Debug|.NET
		{A428A32D-D35F-4A50-A1B7-FF1EC14BAA7A}.Development|.NET.ActiveCfg = Debug|.NET
		{A428A32D-D35F-4A50-A1B7-FF1EC14BAA7A}.Development|.NET.Build.0 = Debug|.NET
		{A428A32D-D35F-4A50-A1B7-FF1EC14BAA7A}.Development|Any CPU.ActiveCfg = Debug|.NET
		{A428A32D-D35F-4A50-A1B7-FF1EC14BAA7A}.Development|Any CPU.Build.0 = Debug|.NET
		{A428A32D-D35F-4A50-A1B7-FF1EC14BAA7A}.Development|Mixed platforms.ActiveCfg = Debug|.NET
		{A428A32D-D35F-4A50-A1B7-FF1EC14BAA7A}.Development|Mixed platforms.Build.0 = Debug|.NET
		{A428A32D-D35F-4A50-A1B7-FF1EC14BAA7A}.Release|.NET.ActiveCfg = Debug|.NET
		{A428A32D-D35F-4A50-A1B7-FF1EC14BAA7A}.Release|.NET.Build.0 = Debug|.NET
		{A428A32D-D35F-4A50-A1B7-FF1EC14BAA7A}.Release|Any CPU.ActiveCfg = Debug|.NET
		{A428A32D-D35F-4A50-A1B7-FF1EC14BAA7A}.Release|Any CPU.Build.0 = Debug|.NET
		{A428A32D-D35F-4A50-A1B7-FF1EC14BAA7A}.Release|Mixed platforms.ActiveCfg = Debug|.NET
		{A428A32D-D35F-4A50-A1B7-FF1EC14BAA7A}.Release|Mixed platforms.Build.0 = Debug|.NET
		{86A44396-2248-4B14-83DC-00EFF2A5B244}.Debug|.NET.ActiveCfg = Debug|Any CPU
		{86A44396-2248-4B14-83DC-00EFF2A5B244}.Debug|Any CPU.ActiveCfg = Debug|Any CPU
		{86A44396-2248-4B14-83DC-00EFF2A5B244}.Debug|Mixed platforms.ActiveCfg = Debug|Any CPU
		{86A44396-2248-4B14-83DC-00EFF2A5B244}.Debug|Mixed platforms.Build.0 = Debug|Any CPU
		{86A44396-2248-4B14-83DC-00EFF2A5B244}.Deployment|.NET.ActiveCfg = Debug|Any CPU
		{86A44396-2248-4B14-83DC-00EFF2A5B244}.Deployment|Any CPU.ActiveCfg = Debug|Any CPU
		{86A44396-2248-4B14-83DC-00EFF2A5B244}.Deployment|Mixed platforms.ActiveCfg = Debug|Any CPU
		{86A44396-2248-4B14-83DC-00EFF2A5B244}.Deployment|Mixed platforms.Build.0 = Debug|Any CPU
		{86A44396-2248-4B14-83DC-00EFF2A5B244}.Development|.NET.ActiveCfg = Debug|Any CPU
		{86A44396-2248-4B14-83DC-00EFF2A5B244}.Development|Any CPU.ActiveCfg = Debug|Any CPU
		{86A44396-2248-4B14-83DC-00EFF2A5B244}.Development|Mixed platforms.ActiveCfg = Debug|Any CPU
		{86A44396-2248-4B14-83DC-00EFF2A5B244}.Development|Mixed platforms.Build.0 = Debug|Any CPU
		{86A44396-2248-4B14-83DC-00EFF2A5B244}.Release|.NET.ActiveCfg = Release|Any CPU
		{86A44396-2248-4B14-83DC-00EFF2A5B244}.Release|Any CPU.ActiveCfg = Release|Any CPU
		{86A44396-2248-4B14-83DC-00EFF2A5B244}.Release|Mixed platforms.ActiveCfg = Release|Any CPU
		{86A44396-2248-4B14-83DC-00EFF2A5B244}.Release|Mixed platforms.Build.0 = Release|Any CPU
		{19F878AA-6D7E-4487-BCF5-AFD6AA368C73}.Debug|.NET.ActiveCfg = Debug|Any CPU
		{19F878AA-6D7E-4487-BCF5-AFD6AA368C73}.Debug|Any CPU.ActiveCfg = Debug|Any CPU
		{19F878AA-6D7E-4487-BCF5-AFD6AA368C73}.Debug|Mixed platforms.ActiveCfg = Debug|Any CPU
		{19F878AA-6D7E-4487-BCF5-AFD6AA368C73}.Debug|Mixed platforms.Build.0 = Debug|Any CPU
		{19F878AA-6D7E-4487-BCF5-AFD6AA368C73}.Deployment|.NET.ActiveCfg = Debug|Any CPU
		{19F878AA-6D7E-4487-BCF5-AFD6AA368C73}.Deployment|Any CPU.ActiveCfg = Debug|Any CPU
		{19F878AA-6D7E-4487-BCF5-AFD6AA368C73}.Deployment|Mixed platforms.ActiveCfg = Debug|Any CPU
		{19F878AA-6D7E-4487-BCF5-AFD6AA368C73}.Deployment|Mixed platforms.Build.0 = Debug|Any CPU
		{19F878AA-6D7E-4487-BCF5-AFD6AA368C73}.Development|.NET.ActiveCfg = Debug|Any CPU
		{19F878AA-6D7E-4487-BCF5-AFD6AA368C73}.Development|Any CPU.ActiveCfg = Debug|Any CPU
		{19F878AA-6D7E-4487-BCF5-AFD6AA368C73}.Development|Mixed platforms.ActiveCfg = Debug|Any CPU
		{19F878AA-6D7E-4487-BCF5-AFD6AA368C73}.Development|Mixed platforms.Build.0 = Debug|Any CPU
		{19F878AA-6D7E-4487-BCF5-AFD6AA368C73}.Release|.NET.ActiveCfg = Release|Any CPU
		{19F878AA-6D7E-4487-BCF5-AFD6AA368C73}.Release|Any CPU.ActiveCfg = Release|Any CPU
		{19F878AA-6D7E-4487-BCF5-AFD6AA368C73}.Release|Mixed platforms.ActiveCfg = Release|Any CPU
		{19F878AA-6D7E-4487-BCF5-AFD6AA368C73}.Release|Mixed platforms.Build.0 = Release|Any CPU
		{131D26A3-E7E9-415D-908A-4671A83CE9D7}.Debug|.NET.ActiveCfg = Deployment|.NET
		{131D26A3-E7E9-415D-908A-4671A83CE9D7}.Debug|.NET.Build.0 = Deployment|.NET
		{131D26A3-E7E9-415D-908A-4671A83CE9D7}.Debug|.NET.Deploy.0 = Deployment|.NET
		{131D26A3-E7E9-415D-908A-4671A83CE9D7}.Debug|Any CPU.ActiveCfg = Deployment|.NET
		{131D26A3-E7E9-415D-908A-4671A83CE9D7}.Debug|Any CPU.Build.0 = Deployment|.NET
		{131D26A3-E7E9-415D-908A-4671A83CE9D7}.Debug|Any CPU.Deploy.0 = Deployment|.NET
		{131D26A3-E7E9-415D-908A-4671A83CE9D7}.Debug|Mixed platforms.ActiveCfg = Deployment|.NET
		{131D26A3-E7E9-415D-908A-4671A83CE9D7}.Debug|Mixed platforms.Build.0 = Deployment|.NET
		{131D26A3-E7E9-415D-908A-4671A83CE9D7}.Debug|Mixed platforms.Deploy.0 = Deployment|.NET
		{131D26A3-E7E9-415D-908A-4671A83CE9D7}.Deployment|.NET.ActiveCfg = Deployment|.NET
		{131D26A3-E7E9-415D-908A-4671A83CE9D7}.Deployment|.NET.Build.0 = Deployment|.NET
		{131D26A3-E7E9-415D-908A-4671A83CE9D7}.Deployment|.NET.Deploy.0 = Deployment|.NET
		{131D26A3-E7E9-415D-908A-4671A83CE9D7}.Deployment|Any CPU.ActiveCfg = Deployment|.NET
		{131D26A3-E7E9-415D-908A-4671A83CE9D7}.Deployment|Any CPU.Build.0 = Deployment|.NET
		{131D26A3-E7E9-415D-908A-4671A83CE9D7}.Deployment|Any CPU.Deploy.0 = Deployment|.NET
		{131D26A3-E7E9-415D-908A-4671A83CE9D7}.Deployment|Mixed platforms.ActiveCfg = Deployment|.NET
		{131D26A3-E7E9-415D-908A-4671A83CE9D7}.Deployment|Mixed platforms.Build.0 = Deployment|.NET
		{131D26A3-E7E9-415D-908A-4671A83CE9D7}.Deployment|Mixed platforms.Deploy.0 = Deployment|.NET
		{131D26A3-E7E9-415D-908A-4671A83CE9D7}.Development|.NET.ActiveCfg = Development|.NET
		{131D26A3-E7E9-415D-908A-4671A83CE9D7}.Development|.NET.Build.0 = Development|.NET
		{131D26A3-E7E9-415D-908A-4671A83CE9D7}.Development|.NET.Deploy.0 = Development|.NET
		{131D26A3-E7E9-415D-908A-4671A83CE9D7}.Development|Any CPU.ActiveCfg = Development|.NET
		{131D26A3-E7E9-415D-908A-4671A83CE9D7}.Development|Any CPU.Build.0 = Development|.NET
		{131D26A3-E7E9-415D-908A-4671A83CE9D7}.Development|Any CPU.Deploy.0 = Development|.NET
		{131D26A3-E7E9-415D-908A-4671A83CE9D7}.Development|Mixed platforms.ActiveCfg = Development|.NET
		{131D26A3-E7E9-415D-908A-4671A83CE9D7}.Development|Mixed platforms.Build.0 = Development|.NET
		{131D26A3-E7E9-415D-908A-4671A83CE9D7}.Development|Mixed platforms.Deploy.0 = Development|.NET
		{131D26A3-E7E9-415D-908A-4671A83CE9D7}.Release|.NET.ActiveCfg = Deployment|.NET
		{131D26A3-E7E9-415D-908A-4671A83CE9D7}.Release|.NET.Build.0 = Deployment|.NET
		{131D26A3-E7E9-415D-908A-4671A83CE9D7}.Release|.NET.Deploy.0 = Deployment|.NET
		{131D26A3-E7E9-415D-908A-4671A83CE9D7}.Release|Any CPU.ActiveCfg = Deployment|.NET
		{131D26A3-E7E9-415D-908A-4671A83CE9D7}.Release|Any CPU.Build.0 = Deployment|.NET
		{131D26A3-E7E9-415D-908A-4671A83CE9D7}.Release|Any CPU.Deploy.0 = Deployment|.NET
		{131D26A3-E7E9-415D-908A-4671A83CE9D7}.Release|Mixed platforms.ActiveCfg = Deployment|.NET
		{131D26A3-E7E9-415D-908A-4671A83CE9D7}.Release|Mixed platforms.Build.0 = Deployment|.NET
		{131D26A3-E7E9-415D-908A-4671A83CE9D7}.Release|Mixed platforms.Deploy.0 = Deployment|.NET
		{F1B12EC9-5A73-435A-9A12-62CCDC5CF366}.Debug|.NET.ActiveCfg = Deployment|.NET
		{F1B12EC9-5A73-435A-9A12-62CCDC5CF366}.Debug|.NET.Build.0 = Deployment|.NET
		{F1B12EC9-5A73-435A-9A12-62CCDC5CF366}.Debug|.NET.Deploy.0 = Deployment|.NET
		{F1B12EC9-5A73-435A-9A12-62CCDC5CF366}.Debug|Any CPU.ActiveCfg = Deployment|.NET
		{F1B12EC9-5A73-435A-9A12-62CCDC5CF366}.Debug|Any CPU.Build.0 = Deployment|.NET
		{F1B12EC9-5A73-435A-9A12-62CCDC5CF366}.Debug|Any CPU.Deploy.0 = Deployment|.NET
		{F1B12EC9-5A73-435A-9A12-62CCDC5CF366}.Debug|Mixed platforms.ActiveCfg = Deployment|.NET
		{F1B12EC9-5A73-435A-9A12-62CCDC5CF366}.Debug|Mixed platforms.Build.0 = Deployment|.NET
		{F1B12EC9-5A73-435A-9A12-62CCDC5CF366}.Debug|Mixed platforms.Deploy.0 = Deployment|.NET
		{F1B12EC9-5A73-435A-9A12-62CCDC5CF366}.Deployment|.NET.ActiveCfg = Deployment|.NET
		{F1B12EC9-5A73-435A-9A12-62CCDC5CF366}.Deployment|.NET.Build.0 = Deployment|.NET
		{F1B12EC9-5A73-435A-9A12-62CCDC5CF366}.Deployment|.NET.Deploy.0 = Deployment|.NET
		{F1B12EC9-5A73-435A-9A12-62CCDC5CF366}.Deployment|Any CPU.ActiveCfg = Deployment|.NET
		{F1B12EC9-5A73-435A-9A12-62CCDC5CF366}.Deployment|Any CPU.Build.0 = Deployment|.NET
		{F1B12EC9-5A73-435A-9A12-62CCDC5CF366}.Deployment|Any CPU.Deploy.0 = Deployment|.NET
		{F1B12EC9-5A73-435A-9A12-62CCDC5CF366}.Deployment|Mixed platforms.ActiveCfg = Deployment|.NET
		{F1B12EC9-5A73-435A-9A12-62CCDC5CF366}.Deployment|Mixed platforms.Build.0 = Deployment|.NET
		{F1B12EC9-5A73-435A-9A12-62CCDC5CF366}.Deployment|Mixed platforms.Deploy.0 = Deployment|.NET
		{F1B12EC9-5A73-435A-9A12-62CCDC5CF366}.Development|.NET.ActiveCfg = Development|.NET
		{F1B12EC9-5A73-435A-9A12-62CCDC5CF366}.Development|.NET.Build.0 = Development|.NET
		{F1B12EC9-5A73-435A-9A12-62CCDC5CF366}.Development|Any CPU.ActiveCfg = Development|.NET
		{F1B12EC9-5A73-435A-9A12-62CCDC5CF366}.Development|Any CPU.Build.0 = Development|.NET
		{F1B12EC9-5A73-435A-9A12-62CCDC5CF366}.Development|Any CPU.Deploy.0 = Development|.NET
		{F1B12EC9-5A73-435A-9A12-62CCDC5CF366}.Development|Mixed platforms.ActiveCfg = Development|.NET
		{F1B12EC9-5A73-435A-9A12-62CCDC5CF366}.Development|Mixed platforms.Build.0 = Development|.NET
		{F1B12EC9-5A73-435A-9A12-62CCDC5CF366}.Development|Mixed platforms.Deploy.0 = Development|.NET
		{F1B12EC9-5A73-435A-9A12-62CCDC5CF366}.Release|.NET.ActiveCfg = Deployment|.NET
		{F1B12EC9-5A73-435A-9A12-62CCDC5CF366}.Release|.NET.Build.0 = Deployment|.NET
		{F1B12EC9-5A73-435A-9A12-62CCDC5CF366}.Release|.NET.Deploy.0 = Deployment|.NET
		{F1B12EC9-5A73-435A-9A12-62CCDC5CF366}.Release|Any CPU.ActiveCfg = Deployment|.NET
		{F1B12EC9-5A73-435A-9A12-62CCDC5CF366}.Release|Any CPU.Build.0 = Deployment|.NET
		{F1B12EC9-5A73-435A-9A12-62CCDC5CF366}.Release|Any CPU.Deploy.0 = Deployment|.NET
		{F1B12EC9-5A73-435A-9A12-62CCDC5CF366}.Release|Mixed platforms.ActiveCfg = Deployment|.NET
		{F1B12EC9-5A73-435A-9A12-62CCDC5CF366}.Release|Mixed platforms.Build.0 = Deployment|.NET
		{F1B12EC9-5A73-435A-9A12-62CCDC5CF366}.Release|Mixed platforms.Deploy.0 = Deployment|.NET
		{2DDB64EF-DBFA-492F-BF8A-F91E6409CCC5}.Debug|.NET.ActiveCfg = Deployment|.NET
		{2DDB64EF-DBFA-492F-BF8A-F91E6409CCC5}.Debug|.NET.Build.0 = Deployment|.NET
		{2DDB64EF-DBFA-492F-BF8A-F91E6409CCC5}.Debug|.NET.Deploy.0 = Deployment|.NET
		{2DDB64EF-DBFA-492F-BF8A-F91E6409CCC5}.Debug|Any CPU.ActiveCfg = Deployment|.NET
		{2DDB64EF-DBFA-492F-BF8A-F91E6409CCC5}.Debug|Any CPU.Build.0 = Deployment|.NET
		{2DDB64EF-DBFA-492F-BF8A-F91E6409CCC5}.Debug|Any CPU.Deploy.0 = Deployment|.NET
		{2DDB64EF-DBFA-492F-BF8A-F91E6409CCC5}.Debug|Mixed platforms.ActiveCfg = Deployment|.NET
		{2DDB64EF-DBFA-492F-BF8A-F91E6409CCC5}.Debug|Mixed platforms.Build.0 = Deployment|.NET
		{2DDB64EF-DBFA-492F-BF8A-F91E6409CCC5}.Debug|Mixed platforms.Deploy.0 = Deployment|.NET
		{2DDB64EF-DBFA-492F-BF8A-F91E6409CCC5}.Deployment|.NET.ActiveCfg = Deployment|.NET
		{2DDB64EF-DBFA-492F-BF8A-F91E6409CCC5}.Deployment|.NET.Build.0 = Deployment|.NET
		{2DDB64EF-DBFA-492F-BF8A-F91E6409CCC5}.Deployment|.NET.Deploy.0 = Deployment|.NET
		{2DDB64EF-DBFA-492F-BF8A-F91E6409CCC5}.Deployment|Any CPU.ActiveCfg = Deployment|.NET
		{2DDB64EF-DBFA-492F-BF8A-F91E6409CCC5}.Deployment|Any CPU.Build.0 = Deployment|.NET
		{2DDB64EF-DBFA-492F-BF8A-F91E6409CCC5}.Deployment|Any CPU.Deploy.0 = Deployment|.NET
		{2DDB64EF-DBFA-492F-BF8A-F91E6409CCC5}.Deployment|Mixed platforms.ActiveCfg = Deployment|.NET
		{2DDB64EF-DBFA-492F-BF8A-F91E6409CCC5}.Deployment|Mixed platforms.Build.0 = Deployment|.NET
		{2DDB64EF-DBFA-492F-BF8A-F91E6409CCC5}.Deployment|Mixed platforms.Deploy.0 = Deployment|.NET
		{2DDB64EF-DBFA-492F-BF8A-F91E6409CCC5}.Development|.NET.ActiveCfg = Development|.NET
		{2DDB64EF-DBFA-492F-BF8A-F91E6409CCC5}.Development|.NET.Build.0 = Development|.NET
		{2DDB64EF-DBFA-492F-BF8A-F91E6409CCC5}.Development|.NET.Deploy.0 = Development|.NET
		{2DDB64EF-DBFA-492F-BF8A-F91E6409CCC5}.Development|Any CPU.ActiveCfg = Development|.NET
		{2DDB64EF-DBFA-492F-BF8A-F91E6409CCC5}.Development|Any CPU.Build.0 = Development|.NET
		{2DDB64EF-DBFA-492F-BF8A-F91E6409CCC5}.Development|Any CPU.Deploy.0 = Development|.NET
		{2DDB64EF-DBFA-492F-BF8A-F91E6409CCC5}.Development|Mixed platforms.ActiveCfg = Development|.NET
		{2DDB64EF-DBFA-492F-BF8A-F91E6409CCC5}.Development|Mixed platforms.Build.0 = Development|.NET
		{2DDB64EF-DBFA-492F-BF8A-F91E6409CCC5}.Development|Mixed platforms.Deploy.0 = Development|.NET
		{2DDB64EF-DBFA-492F-BF8A-F91E6409CCC5}.Release|.NET.ActiveCfg = Deployment|.NET
		{2DDB64EF-DBFA-492F-BF8A-F91E6409CCC5}.Release|.NET.Build.0 = Deployment|.NET
		{2DDB64EF-DBFA-492F-BF8A-F91E6409CCC5}.Release|.NET.Deploy.0 = Deployment|.NET
		{2DDB64EF-DBFA-492F-BF8A-F91E6409CCC5}.Release|Any CPU.ActiveCfg = Deployment|.NET
		{2DDB64EF-DBFA-492F-BF8A-F91E6409CCC5}.Release|Any CPU.Build.0 = Deployment|.NET
		{2DDB64EF-DBFA-492F-BF8A-F91E6409CCC5}.Release|Any CPU.Deploy.0 = Deployment|.NET
		{2DDB64EF-DBFA-492F-BF8A-F91E6409CCC5}.Release|Mixed platforms.ActiveCfg = Deployment|.NET
		{2DDB64EF-DBFA-492F-BF8A-F91E6409CCC5}.Release|Mixed platforms.Build.0 = Deployment|.NET
		{2DDB64EF-DBFA-492F-BF8A-F91E6409CCC5}.Release|Mixed platforms.Deploy.0 = Deployment|.NET
		{51A81E68-296D-4E55-97F0-7AB38136E63F}.Debug|.NET.ActiveCfg = Deployment|.NET
		{51A81E68-296D-4E55-97F0-7AB38136E63F}.Debug|.NET.Build.0 = Deployment|.NET
		{51A81E68-296D-4E55-97F0-7AB38136E63F}.Debug|.NET.Deploy.0 = Deployment|.NET
		{51A81E68-296D-4E55-97F0-7AB38136E63F}.Debug|Any CPU.ActiveCfg = Deployment|.NET
		{51A81E68-296D-4E55-97F0-7AB38136E63F}.Debug|Any CPU.Build.0 = Deployment|.NET
		{51A81E68-296D-4E55-97F0-7AB38136E63F}.Debug|Any CPU.Deploy.0 = Deployment|.NET
		{51A81E68-296D-4E55-97F0-7AB38136E63F}.Debug|Mixed platforms.ActiveCfg = Deployment|.NET
		{51A81E68-296D-4E55-97F0-7AB38136E63F}.Debug|Mixed platforms.Build.0 = Deployment|.NET
		{51A81E68-296D-4E55-97F0-7AB38136E63F}.Debug|Mixed platforms.Deploy.0 = Deployment|.NET
		{51A81E68-296D-4E55-97F0-7AB38136E63F}.Deployment|.NET.ActiveCfg = Deployment|.NET
		{51A81E68-296D-4E55-97F0-7AB38136E63F}.Deployment|.NET.Build.0 = Deployment|.NET
		{51A81E68-296D-4E55-97F0-7AB38136E63F}.Deployment|.NET.Deploy.0 = Deployment|.NET
		{51A81E68-296D-4E55-97F0-7AB38136E63F}.Deployment|Any CPU.ActiveCfg = Deployment|.NET
		{51A81E68-296D-4E55-97F0-7AB38136E63F}.Deployment|Any CPU.Build.0 = Deployment|.NET
		{51A81E68-296D-4E55-97F0-7AB38136E63F}.Deployment|Any CPU.Deploy.0 = Deployment|.NET
		{51A81E68-296D-4E55-97F0-7AB38136E63F}.Deployment|Mixed platforms.ActiveCfg = Deployment|.NET
		{51A81E68-296D-4E55-97F0-7AB38136E63F}.Deployment|Mixed platforms.Build.0 = Deployment|.NET
		{51A81E68-296D-4E55-97F0-7AB38136E63F}.Deployment|Mixed platforms.Deploy.0 = Deployment|.NET
		{51A81E68-296D-4E55-97F0-7AB38136E63F}.Development|.NET.ActiveCfg = Development|.NET
		{51A81E68-296D-4E55-97F0-7AB38136E63F}.Development|.NET.Build.0 = Development|.NET
		{51A81E68-296D-4E55-97F0-7AB38136E63F}.Development|.NET.Deploy.0 = Development|.NET
		{51A81E68-296D-4E55-97F0-7AB38136E63F}.Development|Any CPU.ActiveCfg = Development|.NET
		{51A81E68-296D-4E55-97F0-7AB38136E63F}.Development|Any CPU.Build.0 = Development|.NET
		{51A81E68-296D-4E55-97F0-7AB38136E63F}.Development|Any CPU.Deploy.0 = Development|.NET
		{51A81E68-296D-4E55-97F0-7AB38136E63F}.Development|Mixed platforms.ActiveCfg = Development|.NET
		{51A81E68-296D-4E55-97F0-7AB38136E63F}.Development|Mixed platforms.Build.0 = Development|.NET
		{51A81E68-296D-4E55-97F0-7AB38136E63F}.Development|Mixed platforms.Deploy.0 = Development|.NET
		{51A81E68-296D-4E55-97F0-7AB38136E63F}.Release|.NET.ActiveCfg = Deployment|.NET
		{51A81E68-296D-4E55-97F0-7AB38136E63F}.Release|.NET.Build.0 = Deployment|.NET
		{51A81E68-296D-4E55-97F0-7AB38136E63F}.Release|.NET.Deploy.0 = Deployment|.NET
		{51A81E68-296D-4E55-97F0-7AB38136E63F}.Release|Any CPU.ActiveCfg = Deployment|.NET
		{51A81E68-296D-4E55-97F0-7AB38136E63F}.Release|Any CPU.Build.0 = Deployment|.NET
		{51A81E68-296D-4E55-97F0-7AB38136E63F}.Release|Any CPU.Deploy.0 = Deployment|.NET
		{51A81E68-296D-4E55-97F0-7AB38136E63F}.Release|Mixed platforms.ActiveCfg = Deployment|.NET
		{51A81E68-296D-4E55-97F0-7AB38136E63F}.Release|Mixed platforms.Build.0 = Deployment|.NET
		{51A81E68-296D-4E55-97F0-7AB38136E63F}.Release|Mixed platforms.Deploy.0 = Deployment|.NET
		{588E59F1-D292-4553-B58B-8655A2D2C7A7}.Debug|.NET.ActiveCfg = Deployment|.NET
		{588E59F1-D292-4553-B58B-8655A2D2C7A7}.Debug|.NET.Build.0 = Deployment|.NET
		{588E59F1-D292-4553-B58B-8655A2D2C7A7}.Debug|.NET.Deploy.0 = Deployment|.NET
		{588E59F1-D292-4553-B58B-8655A2D2C7A7}.Debug|Any CPU.ActiveCfg = Deployment|.NET
		{588E59F1-D292-4553-B58B-8655A2D2C7A7}.Debug|Any CPU.Build.0 = Deployment|.NET
		{588E59F1-D292-4553-B58B-8655A2D2C7A7}.Debug|Any CPU.Deploy.0 = Deployment|.NET
		{588E59F1-D292-4553-B58B-8655A2D2C7A7}.Debug|Mixed platforms.ActiveCfg = Deployment|.NET
		{588E59F1-D292-4553-B58B-8655A2D2C7A7}.Debug|Mixed platforms.Build.0 = Deployment|.NET
		{588E59F1-D292-4553-B58B-8655A2D2C7A7}.Debug|Mixed platforms.Deploy.0 = Deployment|.NET
		{588E59F1-D292-4553-B58B-8655A2D2C7A7}.Deployment|.NET.ActiveCfg = Deployment|.NET
		{588E59F1-D292-4553-B58B-8655A2D2C7A7}.Deployment|.NET.Build.0 = Deployment|.NET
		{588E59F1-D292-4553-B58B-8655A2D2C7A7}.Deployment|.NET.Deploy.0 = Deployment|.NET
		{588E59F1-D292-4553-B58B-8655A2D2C7A7}.Deployment|Any CPU.ActiveCfg = Deployment|.NET
		{588E59F1-D292-4553-B58B-8655A2D2C7A7}.Deployment|Any CPU.Build.0 = Deployment|.NET
		{588E59F1-D292-4553-B58B-8655A2D2C7A7}.Deployment|Any CPU.Deploy.0 = Deployment|.NET
		{588E59F1-D292-4553-B58B-8655A2D2C7A7}.Deployment|Mixed platforms.ActiveCfg = Deployment|.NET
		{588E59F1-D292-4553-B58B-8655A2D2C7A7}.Deployment|Mixed platforms.Build.0 = Deployment|.NET
		{588E59F1-D292-4553-B58B-8655A2D2C7A7}.Deployment|Mixed platforms.Deploy.0 = Deployment|.NET
		{588E59F1-D292-4553-B58B-8655A2D2C7A7}.Development|.NET.ActiveCfg = Development|.NET
		{588E59F1-D292-4553-B58B-8655A2D2C7A7}.Development|.NET.Build.0 = Development|.NET
		{588E59F1-D292-4553-B58B-8655A2D2C7A7}.Development|.NET.Deploy.0 = Development|.NET
		{588E59F1-D292-4553-B58B-8655A2D2C7A7}.Development|Any CPU.ActiveCfg = Development|.NET
		{588E59F1-D292-4553-B58B-8655A2D2C7A7}.Development|Any CPU.Build.0 = Development|.NET
		{588E59F1-D292-4553-B58B-8655A2D2C7A7}.Development|Any CPU.Deploy.0 = Development|.NET
		{588E59F1-D292-4553-B58B-8655A2D2C7A7}.Development|Mixed platforms.ActiveCfg = Development|.NET
		{588E59F1-D292-4553-B58B-8655A2D2C7A7}.Development|Mixed platforms.Build.0 = Development|.NET
		{588E59F1-D292-4553-B58B-8655A2D2C7A7}.Development|Mixed platforms.Deploy.0 = Development|.NET
		{588E59F1-D292-4553-B58B-8655A2D2C7A7}.Release|.NET.ActiveCfg = Deployment|.NET
		{588E59F1-D292-4553-B58B-8655A2D2C7A7}.Release|.NET.Build.0 = Deployment|.NET
		{588E59F1-D292-4553-B58B-8655A2D2C7A7}.Release|.NET.Deploy.0 = Deployment|.NET
		{588E59F1-D292-4553-B58B-8655A2D2C7A7}.Release|Any CPU.ActiveCfg = Deployment|.NET
		{588E59F1-D292-4553-B58B-8655A2D2C7A7}.Release|Any CPU.Build.0 = Deployment|.NET
		{588E59F1-D292-4553-B58B-8655A2D2C7A7}.Release|Any CPU.Deploy.0 = Deployment|.NET
		{588E59F1-D292-4553-B58B-8655A2D2C7A7}.Release|Mixed platforms.ActiveCfg = Deployment|.NET
		{588E59F1-D292-4553-B58B-8655A2D2C7A7}.Release|Mixed platforms.Build.0 = Deployment|.NET
		{588E59F1-D292-4553-B58B-8655A2D2C7A7}.Release|Mixed platforms.Deploy.0 = Deployment|.NET
		{B164AFA7-598A-41A4-AFEE-996FC79A4321}.Debug|.NET.ActiveCfg = Debug|Any CPU
		{B164AFA7-598A-41A4-AFEE-996FC79A4321}.Debug|Any CPU.ActiveCfg = Debug|Any CPU
		{B164AFA7-598A-41A4-AFEE-996FC79A4321}.Debug|Mixed platforms.ActiveCfg = Debug|Any CPU
		{B164AFA7-598A-41A4-AFEE-996FC79A4321}.Debug|Mixed platforms.Build.0 = Debug|Any CPU
		{B164AFA7-598A-41A4-AFEE-996FC79A4321}.Deployment|.NET.ActiveCfg = Debug|Any CPU
		{B164AFA7-598A-41A4-AFEE-996FC79A4321}.Deployment|Any CPU.ActiveCfg = Debug|Any CPU
		{B164AFA7-598A-41A4-AFEE-996FC79A4321}.Deployment|Mixed platforms.ActiveCfg = Debug|Any CPU
		{B164AFA7-598A-41A4-AFEE-996FC79A4321}.Deployment|Mixed platforms.Build.0 = Debug|Any CPU
		{B164AFA7-598A-41A4-AFEE-996FC79A4321}.Development|.NET.ActiveCfg = Debug|Any CPU
		{B164AFA7-598A-41A4-AFEE-996FC79A4321}.Development|Any CPU.ActiveCfg = Debug|Any CPU
		{B164AFA7-598A-41A4-AFEE-996FC79A4321}.Development|Mixed platforms.ActiveCfg = Debug|Any CPU
		{B164AFA7-598A-41A4-AFEE-996FC79A4321}.Development|Mixed platforms.Build.0 = Debug|Any CPU
		{B164AFA7-598A-41A4-AFEE-996FC79A4321}.Release|.NET.ActiveCfg = Release|Any CPU
		{B164AFA7-598A-41A4-AFEE-996FC79A4321}.Release|Any CPU.ActiveCfg = Release|Any CPU
		{B164AFA7-598A-41A4-AFEE-996FC79A4321}.Release|Mixed platforms.ActiveCfg = Release|Any CPU
		{B164AFA7-598A-41A4-AFEE-996FC79A4321}.Release|Mixed platforms.Build.0 = Release|Any CPU
		{7B018FE9-9DA1-43FB-BE10-6BFF243ABF2E}.Debug|.NET.ActiveCfg = Debug|Any CPU
		{7B018FE9-9DA1-43FB-BE10-6BFF243ABF2E}.Debug|Any CPU.ActiveCfg = Debug|Any CPU
		{7B018FE9-9DA1-43FB-BE10-6BFF243ABF2E}.Debug|Mixed platforms.ActiveCfg = Debug|Any CPU
		{7B018FE9-9DA1-43FB-BE10-6BFF243ABF2E}.Debug|Mixed platforms.Build.0 = Debug|Any CPU
		{7B018FE9-9DA1-43FB-BE10-6BFF243ABF2E}.Deployment|.NET.ActiveCfg = Debug|Any CPU
		{7B018FE9-9DA1-43FB-BE10-6BFF243ABF2E}.Deployment|Any CPU.ActiveCfg = Debug|Any CPU
		{7B018FE9-9DA1-43FB-BE10-6BFF243ABF2E}.Deployment|Mixed platforms.ActiveCfg = Debug|Any CPU
		{7B018FE9-9DA1-43FB-BE10-6BFF243ABF2E}.Deployment|Mixed platforms.Build.0 = Debug|Any CPU
		{7B018FE9-9DA1-43FB-BE10-6BFF243ABF2E}.Development|.NET.ActiveCfg = Debug|Any CPU
		{7B018FE9-9DA1-43FB-BE10-6BFF243ABF2E}.Development|Any CPU.ActiveCfg = Debug|Any CPU
		{7B018FE9-9DA1-43FB-BE10-6BFF243ABF2E}.Development|Mixed platforms.ActiveCfg = Debug|Any CPU
		{7B018FE9-9DA1-43FB-BE10-6BFF243ABF2E}.Development|Mixed platforms.Build.0 = Debug|Any CPU
		{7B018FE9-9DA1-43FB-BE10-6BFF243ABF2E}.Release|.NET.ActiveCfg = Release|Any CPU
		{7B018FE9-9DA1-43FB-BE10-6BFF243ABF2E}.Release|Any CPU.ActiveCfg = Release|Any CPU
		{7B018FE9-9DA1-43FB-BE10-6BFF243ABF2E}.Release|Mixed platforms.ActiveCfg = Release|Any CPU
		{7B018FE9-9DA1-43FB-BE10-6BFF243ABF2E}.Release|Mixed platforms.Build.0 = Release|Any CPU
		{BE39C6E7-F26C-4447-BDAA-D686284B5FB1}.Debug|.NET.ActiveCfg = Debug|Any CPU
		{BE39C6E7-F26C-4447-BDAA-D686284B5FB1}.Debug|Any CPU.ActiveCfg = Debug|Any CPU
		{BE39C6E7-F26C-4447-BDAA-D686284B5FB1}.Debug|Mixed platforms.ActiveCfg = Debug|Any CPU
		{BE39C6E7-F26C-4447-BDAA-D686284B5FB1}.Debug|Mixed platforms.Build.0 = Debug|Any CPU
		{BE39C6E7-F26C-4447-BDAA-D686284B5FB1}.Deployment|.NET.ActiveCfg = Debug|Any CPU
		{BE39C6E7-F26C-4447-BDAA-D686284B5FB1}.Deployment|Any CPU.ActiveCfg = Debug|Any CPU
		{BE39C6E7-F26C-4447-BDAA-D686284B5FB1}.Deployment|Mixed platforms.ActiveCfg = Debug|Any CPU
		{BE39C6E7-F26C-4447-BDAA-D686284B5FB1}.Deployment|Mixed platforms.Build.0 = Debug|Any CPU
		{BE39C6E7-F26C-4447-BDAA-D686284B5FB1}.Development|.NET.ActiveCfg = Debug|Any CPU
		{BE39C6E7-F26C-4447-BDAA-D686284B5FB1}.Development|Any CPU.ActiveCfg = Debug|Any CPU
		{BE39C6E7-F26C-4447-BDAA-D686284B5FB1}.Development|Mixed platforms.ActiveCfg = Debug|Any CPU
		{BE39C6E7-F26C-4447-BDAA-D686284B5FB1}.Development|Mixed platforms.Build.0 = Debug|Any CPU
		{BE39C6E7-F26C-4447-BDAA-D686284B5FB1}.Release|.NET.ActiveCfg = Release|Any CPU
		{BE39C6E7-F26C-4447-BDAA-D686284B5FB1}.Release|Any CPU.ActiveCfg = Release|Any CPU
		{BE39C6E7-F26C-4447-BDAA-D686284B5FB1}.Release|Mixed platforms.ActiveCfg = Release|Any CPU
		{BE39C6E7-F26C-4447-BDAA-D686284B5FB1}.Release|Mixed platforms.Build.0 = Release|Any CPU
		{2CDD7766-0D9B-477C-A843-DD4CE304E630}.Debug|.NET.ActiveCfg = Debug|Any CPU
		{2CDD7766-0D9B-477C-A843-DD4CE304E630}.Debug|Any CPU.ActiveCfg = Debug|Any CPU
		{2CDD7766-0D9B-477C-A843-DD4CE304E630}.Debug|Mixed platforms.ActiveCfg = Debug|Any CPU
		{2CDD7766-0D9B-477C-A843-DD4CE304E630}.Debug|Mixed platforms.Build.0 = Debug|Any CPU
		{2CDD7766-0D9B-477C-A843-DD4CE304E630}.Deployment|.NET.ActiveCfg = Debug|Any CPU
		{2CDD7766-0D9B-477C-A843-DD4CE304E630}.Deployment|Any CPU.ActiveCfg = Debug|Any CPU
		{2CDD7766-0D9B-477C-A843-DD4CE304E630}.Deployment|Mixed platforms.ActiveCfg = Debug|Any CPU
		{2CDD7766-0D9B-477C-A843-DD4CE304E630}.Deployment|Mixed platforms.Build.0 = Debug|Any CPU
		{2CDD7766-0D9B-477C-A843-DD4CE304E630}.Development|.NET.ActiveCfg = Debug|Any CPU
		{2CDD7766-0D9B-477C-A843-DD4CE304E630}.Development|Any CPU.ActiveCfg = Debug|Any CPU
		{2CDD7766-0D9B-477C-A843-DD4CE304E630}.Development|Mixed platforms.ActiveCfg = Debug|Any CPU
		{2CDD7766-0D9B-477C-A843-DD4CE304E630}.Development|Mixed platforms.Build.0 = Debug|Any CPU
		{2CDD7766-0D9B-477C-A843-DD4CE304E630}.Release|.NET.ActiveCfg = Release|Any CPU
		{2CDD7766-0D9B-477C-A843-DD4CE304E630}.Release|Any CPU.ActiveCfg = Release|Any CPU
		{2CDD7766-0D9B-477C-A843-DD4CE304E630}.Release|Mixed platforms.ActiveCfg = Release|Any CPU
		{2CDD7766-0D9B-477C-A843-DD4CE304E630}.Release|Mixed platforms.Build.0 = Release|Any CPU
		{18DD915C-E24C-4394-AB02-70A3AF357440}.Debug|.NET.ActiveCfg = Debug|Any CPU
		{18DD915C-E24C-4394-AB02-70A3AF357440}.Debug|Any CPU.ActiveCfg = Debug|Any CPU
		{18DD915C-E24C-4394-AB02-70A3AF357440}.Debug|Mixed platforms.ActiveCfg = Debug|Any CPU
		{18DD915C-E24C-4394-AB02-70A3AF357440}.Debug|Mixed platforms.Build.0 = Debug|Any CPU
		{18DD915C-E24C-4394-AB02-70A3AF357440}.Deployment|.NET.ActiveCfg = Debug|Any CPU
		{18DD915C-E24C-4394-AB02-70A3AF357440}.Deployment|Any CPU.ActiveCfg = Debug|Any CPU
		{18DD915C-E24C-4394-AB02-70A3AF357440}.Deployment|Mixed platforms.ActiveCfg = Debug|Any CPU
		{18DD915C-E24C-4394-AB02-70A3AF357440}.Deployment|Mixed platforms.Build.0 = Debug|Any CPU
		{18DD915C-E24C-4394-AB02-70A3AF357440}.Development|.NET.ActiveCfg = Debug|Any CPU
		{18DD915C-E24C-4394-AB02-70A3AF357440}.Development|Any CPU.ActiveCfg = Debug|Any CPU
		{18DD915C-E24C-4394-AB02-70A3AF357440}.Development|Mixed platforms.ActiveCfg = Debug|Any CPU
		{18DD915C-E24C-4394-AB02-70A3AF357440}.Development|Mixed platforms.Build.0 = Debug|Any CPU
		{18DD915C-E24C-4394-AB02-70A3AF357440}.Release|.NET.ActiveCfg = Release|Any CPU
		{18DD915C-E24C-4394-AB02-70A3AF357440}.Release|Any CPU.ActiveCfg = Release|Any CPU
		{18DD915C-E24C-4394-AB02-70A3AF357440}.Release|Mixed platforms.ActiveCfg = Release|Any CPU
		{18DD915C-E24C-4394-AB02-70A3AF357440}.Release|Mixed platforms.Build.0 = Release|Any CPU
		{4C85F6F7-04D5-427B-B3F5-0F0CB0F21397}.Debug|.NET.ActiveCfg = Deployment|.NET
		{4C85F6F7-04D5-427B-B3F5-0F0CB0F21397}.Debug|.NET.Build.0 = Deployment|.NET
		{4C85F6F7-04D5-427B-B3F5-0F0CB0F21397}.Debug|.NET.Deploy.0 = Deployment|.NET
		{4C85F6F7-04D5-427B-B3F5-0F0CB0F21397}.Debug|Any CPU.ActiveCfg = Deployment|.NET
		{4C85F6F7-04D5-427B-B3F5-0F0CB0F21397}.Debug|Mixed platforms.ActiveCfg = Deployment|.NET
		{4C85F6F7-04D5-427B-B3F5-0F0CB0F21397}.Debug|Mixed platforms.Build.0 = Deployment|.NET
		{4C85F6F7-04D5-427B-B3F5-0F0CB0F21397}.Debug|Mixed platforms.Deploy.0 = Deployment|.NET
		{4C85F6F7-04D5-427B-B3F5-0F0CB0F21397}.Deployment|.NET.ActiveCfg = Deployment|.NET
		{4C85F6F7-04D5-427B-B3F5-0F0CB0F21397}.Deployment|.NET.Build.0 = Deployment|.NET
		{4C85F6F7-04D5-427B-B3F5-0F0CB0F21397}.Deployment|.NET.Deploy.0 = Deployment|.NET
		{4C85F6F7-04D5-427B-B3F5-0F0CB0F21397}.Deployment|Any CPU.ActiveCfg = Deployment|.NET
		{4C85F6F7-04D5-427B-B3F5-0F0CB0F21397}.Deployment|Mixed platforms.ActiveCfg = Deployment|.NET
		{4C85F6F7-04D5-427B-B3F5-0F0CB0F21397}.Deployment|Mixed platforms.Build.0 = Deployment|.NET
		{4C85F6F7-04D5-427B-B3F5-0F0CB0F21397}.Deployment|Mixed platforms.Deploy.0 = Deployment|.NET
		{4C85F6F7-04D5-427B-B3F5-0F0CB0F21397}.Development|.NET.ActiveCfg = Development|.NET
		{4C85F6F7-04D5-427B-B3F5-0F0CB0F21397}.Development|.NET.Build.0 = Development|.NET
		{4C85F6F7-04D5-427B-B3F5-0F0CB0F21397}.Development|Any CPU.ActiveCfg = Development|.NET
		{4C85F6F7-04D5-427B-B3F5-0F0CB0F21397}.Development|Mixed platforms.ActiveCfg = Development|.NET
		{4C85F6F7-04D5-427B-B3F5-0F0CB0F21397}.Development|Mixed platforms.Build.0 = Development|.NET
		{4C85F6F7-04D5-427B-B3F5-0F0CB0F21397}.Development|Mixed platforms.Deploy.0 = Development|.NET
		{4C85F6F7-04D5-427B-B3F5-0F0CB0F21397}.Release|.NET.ActiveCfg = Deployment|.NET
		{4C85F6F7-04D5-427B-B3F5-0F0CB0F21397}.Release|.NET.Build.0 = Deployment|.NET
		{4C85F6F7-04D5-427B-B3F5-0F0CB0F21397}.Release|.NET.Deploy.0 = Deployment|.NET
		{4C85F6F7-04D5-427B-B3F5-0F0CB0F21397}.Release|Any CPU.ActiveCfg = Deployment|.NET
		{4C85F6F7-04D5-427B-B3F5-0F0CB0F21397}.Release|Mixed platforms.ActiveCfg = Deployment|.NET
		{4C85F6F7-04D5-427B-B3F5-0F0CB0F21397}.Release|Mixed platforms.Build.0 = Deployment|.NET
		{4C85F6F7-04D5-427B-B3F5-0F0CB0F21397}.Release|Mixed platforms.Deploy.0 = Deployment|.NET
		{E0487701-7A47-46CA-8C58-F29E10AAE413}.Debug|.NET.ActiveCfg = Deployment|.NET
		{E0487701-7A47-46CA-8C58-F29E10AAE413}.Debug|.NET.Build.0 = Deployment|.NET
		{E0487701-7A47-46CA-8C58-F29E10AAE413}.Debug|.NET.Deploy.0 = Deployment|.NET
		{E0487701-7A47-46CA-8C58-F29E10AAE413}.Debug|Any CPU.ActiveCfg = Deployment|.NET
		{E0487701-7A47-46CA-8C58-F29E10AAE413}.Debug|Mixed platforms.ActiveCfg = Deployment|.NET
		{E0487701-7A47-46CA-8C58-F29E10AAE413}.Debug|Mixed platforms.Build.0 = Deployment|.NET
		{E0487701-7A47-46CA-8C58-F29E10AAE413}.Debug|Mixed platforms.Deploy.0 = Deployment|.NET
		{E0487701-7A47-46CA-8C58-F29E10AAE413}.Deployment|.NET.ActiveCfg = Deployment|.NET
		{E0487701-7A47-46CA-8C58-F29E10AAE413}.Deployment|.NET.Build.0 = Deployment|.NET
		{E0487701-7A47-46CA-8C58-F29E10AAE413}.Deployment|.NET.Deploy.0 = Deployment|.NET
		{E0487701-7A47-46CA-8C58-F29E10AAE413}.Deployment|Any CPU.ActiveCfg = Deployment|.NET
		{E0487701-7A47-46CA-8C58-F29E10AAE413}.Deployment|Mixed platforms.ActiveCfg = Deployment|.NET
		{E0487701-7A47-46CA-8C58-F29E10AAE413}.Deployment|Mixed platforms.Build.0 = Deployment|.NET
		{E0487701-7A47-46CA-8C58-F29E10AAE413}.Deployment|Mixed platforms.Deploy.0 = Deployment|.NET
		{E0487701-7A47-46CA-8C58-F29E10AAE413}.Development|.NET.ActiveCfg = Development|.NET
		{E0487701-7A47-46CA-8C58-F29E10AAE413}.Development|.NET.Build.0 = Development|.NET
		{E0487701-7A47-46CA-8C58-F29E10AAE413}.Development|Any CPU.ActiveCfg = Development|.NET
		{E0487701-7A47-46CA-8C58-F29E10AAE413}.Development|Mixed platforms.ActiveCfg = Development|.NET
		{E0487701-7A47-46CA-8C58-F29E10AAE413}.Development|Mixed platforms.Build.0 = Development|.NET
		{E0487701-7A47-46CA-8C58-F29E10AAE413}.Development|Mixed platforms.Deploy.0 = Development|.NET
		{E0487701-7A47-46CA-8C58-F29E10AAE413}.Release|.NET.ActiveCfg = Deployment|.NET
		{E0487701-7A47-46CA-8C58-F29E10AAE413}.Release|.NET.Build.0 = Deployment|.NET
		{E0487701-7A47-46CA-8C58-F29E10AAE413}.Release|.NET.Deploy.0 = Deployment|.NET
		{E0487701-7A47-46CA-8C58-F29E10AAE413}.Release|Any CPU.ActiveCfg = Deployment|.NET
		{E0487701-7A47-46CA-8C58-F29E10AAE413}.Release|Mixed platforms.ActiveCfg = Deployment|.NET
		{E0487701-7A47-46CA-8C58-F29E10AAE413}.Release|Mixed platforms.Build.0 = Deployment|.NET
		{E0487701-7A47-46CA-8C58-F29E10AAE413}.Release|Mixed platforms.Deploy.0 = Deployment|.NET
		{86068F72-4F06-49E4-B0F9-B5C801AA0DC8}.Debug|.NET.ActiveCfg = Deployment|.NET
		{86068F72-4F06-49E4-B0F9-B5C801AA0DC8}.Debug|.NET.Build.0 = Deployment|.NET
		{86068F72-4F06-49E4-B0F9-B5C801AA0DC8}.Debug|.NET.Deploy.0 = Deployment|.NET
		{86068F72-4F06-49E4-B0F9-B5C801AA0DC8}.Debug|Any CPU.ActiveCfg = Deployment|.NET
		{86068F72-4F06-49E4-B0F9-B5C801AA0DC8}.Debug|Mixed platforms.ActiveCfg = Deployment|.NET
		{86068F72-4F06-49E4-B0F9-B5C801AA0DC8}.Debug|Mixed platforms.Build.0 = Deployment|.NET
		{86068F72-4F06-49E4-B0F9-B5C801AA0DC8}.Debug|Mixed platforms.Deploy.0 = Deployment|.NET
		{86068F72-4F06-49E4-B0F9-B5C801AA0DC8}.Deployment|.NET.ActiveCfg = Deployment|.NET
		{86068F72-4F06-49E4-B0F9-B5C801AA0DC8}.Deployment|.NET.Build.0 = Deployment|.NET
		{86068F72-4F06-49E4-B0F9-B5C801AA0DC8}.Deployment|.NET.Deploy.0 = Deployment|.NET
		{86068F72-4F06-49E4-B0F9-B5C801AA0DC8}.Deployment|Any CPU.ActiveCfg = Deployment|.NET
		{86068F72-4F06-49E4-B0F9-B5C801AA0DC8}.Deployment|Mixed platforms.ActiveCfg = Deployment|.NET
		{86068F72-4F06-49E4-B0F9-B5C801AA0DC8}.Deployment|Mixed platforms.Build.0 = Deployment|.NET
		{86068F72-4F06-49E4-B0F9-B5C801AA0DC8}.Deployment|Mixed platforms.Deploy.0 = Deployment|.NET
		{86068F72-4F06-49E4-B0F9-B5C801AA0DC8}.Development|.NET.ActiveCfg = Development|.NET
		{86068F72-4F06-49E4-B0F9-B5C801AA0DC8}.Development|.NET.Build.0 = Development|.NET
		{86068F72-4F06-49E4-B0F9-B5C801AA0DC8}.Development|Any CPU.ActiveCfg = Development|.NET
		{86068F72-4F06-49E4-B0F9-B5C801AA0DC8}.Development|Mixed platforms.ActiveCfg = Development|.NET
		{86068F72-4F06-49E4-B0F9-B5C801AA0DC8}.Development|Mixed platforms.Build.0 = Development|.NET
		{86068F72-4F06-49E4-B0F9-B5C801AA0DC8}.Development|Mixed platforms.Deploy.0 = Development|.NET
		{86068F72-4F06-49E4-B0F9-B5C801AA0DC8}.Release|.NET.ActiveCfg = Deployment|.NET
		{86068F72-4F06-49E4-B0F9-B5C801AA0DC8}.Release|.NET.Build.0 = Deployment|.NET
		{86068F72-4F06-49E4-B0F9-B5C801AA0DC8}.Release|.NET.Deploy.0 = Deployment|.NET
		{86068F72-4F06-49E4-B0F9-B5C801AA0DC8}.Release|Any CPU.ActiveCfg = Deployment|.NET
		{86068F72-4F06-49E4-B0F9-B5C801AA0DC8}.Release|Mixed platforms.ActiveCfg = Deployment|.NET
		{86068F72-4F06-49E4-B0F9-B5C801AA0DC8}.Release|Mixed platforms.Build.0 = Deployment|.NET
		{86068F72-4F06-49E4-B0F9-B5C801AA0DC8}.Release|Mixed platforms.Deploy.0 = Deployment|.NET
		{D9D576AF-CE23-42E2-A561-874BE8C46A67}.Debug|.NET.ActiveCfg = Debug|Any CPU
		{D9D576AF-CE23-42E2-A561-874BE8C46A67}.Debug|Any CPU.ActiveCfg = Debug|Any CPU
		{D9D576AF-CE23-42E2-A561-874BE8C46A67}.Debug|Any CPU.Build.0 = Debug|Any CPU
		{D9D576AF-CE23-42E2-A561-874BE8C46A67}.Debug|Mixed platforms.ActiveCfg = Debug|Any CPU
		{D9D576AF-CE23-42E2-A561-874BE8C46A67}.Debug|Mixed platforms.Build.0 = Debug|Any CPU
		{D9D576AF-CE23-42E2-A561-874BE8C46A67}.Deployment|.NET.ActiveCfg = Debug|Any CPU
		{D9D576AF-CE23-42E2-A561-874BE8C46A67}.Deployment|Any CPU.ActiveCfg = Debug|Any CPU
		{D9D576AF-CE23-42E2-A561-874BE8C46A67}.Deployment|Any CPU.Build.0 = Debug|Any CPU
		{D9D576AF-CE23-42E2-A561-874BE8C46A67}.Deployment|Mixed platforms.ActiveCfg = Debug|Any CPU
		{D9D576AF-CE23-42E2-A561-874BE8C46A67}.Deployment|Mixed platforms.Build.0 = Debug|Any CPU
		{D9D576AF-CE23-42E2-A561-874BE8C46A67}.Development|.NET.ActiveCfg = Debug|Any CPU
		{D9D576AF-CE23-42E2-A561-874BE8C46A67}.Development|Any CPU.ActiveCfg = Debug|Any CPU
		{D9D576AF-CE23-42E2-A561-874BE8C46A67}.Development|Any CPU.Build.0 = Debug|Any CPU
		{D9D576AF-CE23-42E2-A561-874BE8C46A67}.Development|Mixed platforms.ActiveCfg = Debug|Any CPU
		{D9D576AF-CE23-42E2-A561-874BE8C46A67}.Development|Mixed platforms.Build.0 = Debug|Any CPU
		{D9D576AF-CE23-42E2-A561-874BE8C46A67}.Release|.NET.ActiveCfg = Release|Any CPU
		{D9D576AF-CE23-42E2-A561-874BE8C46A67}.Release|Any CPU.ActiveCfg = Release|Any CPU
		{D9D576AF-CE23-42E2-A561-874BE8C46A67}.Release|Any CPU.Build.0 = Release|Any CPU
		{D9D576AF-CE23-42E2-A561-874BE8C46A67}.Release|Mixed platforms.ActiveCfg = Release|Any CPU
		{D9D576AF-CE23-42E2-A561-874BE8C46A67}.Release|Mixed platforms.Build.0 = Release|Any CPU
	EndGlobalSection
	GlobalSection(SolutionProperties) = preSolution
		HideSolutionNode = FALSE
	EndGlobalSection
EndGlobal
