
Microsoft Visual Studio Solution File, Format Version 9.00
# Visual Studio 2005
Project("{EF7E3281-CD33-11D4-8326-00C04FA0CE8D}") = "EnvelopeProcessing", "EnvelopeProcessing.btproj", "{74B34763-7C50-4331-9A9D-16824AE98475}"
EndProject
Global
	GlobalSection(SolutionConfigurationPlatforms) = preSolution
		Deployment|.NET = Deployment|.NET
		Development|.NET = Development|.NET
	EndGlobalSection
	GlobalSection(ProjectConfigurationPlatforms) = postSolution
		{74B34763-7C50-4331-9A9D-16824AE98475}.Deployment|.NET.ActiveCfg = Deployment|.NET
		{74B34763-7C50-4331-9A9D-16824AE98475}.Deployment|.NET.Build.0 = Deployment|.NET
		{74B34763-7C50-4331-9A9D-16824AE98475}.Deployment|.NET.Deploy.0 = Deployment|.NET
		{74B34763-7C50-4331-9A9D-16824AE98475}.Development|.NET.ActiveCfg = Development|.NET
		{74B34763-7C50-4331-9A9D-16824AE98475}.Development|.NET.Build.0 = Development|.NET
		{74B34763-7C50-4331-9A9D-16824AE98475}.Development|.NET.Deploy.0 = Development|.NET
	EndGlobalSection
	GlobalSection(SolutionProperties) = preSolution
		HideSolutionNode = FALSE
	EndGlobalSection
EndGlobal
