
Microsoft Visual Studio Solution File, Format Version 11.00
# Visual Studio 2010
Project("{FAE04EC0-301F-11D3-BF4B-00C04F79EFBC}") = "ClassicASPCOM", "ClassLibraryClassicASPCOM\ClassicASPCOM.csproj", "{AD6C6C40-84CC-411D-98F6-CE7615E1B241}"
EndProject
Project("{FAE04EC0-301F-11D3-BF4B-00C04F79EFBC}") = "WebApplicationClassicASP", "WebApplicationClassicASP\WebApplicationClassicASP.csproj", "{F03ED6F7-7C5E-45D0-94C3-5CD1E7693B41}"
EndProject
Global
	GlobalSection(SolutionConfigurationPlatforms) = preSolution
		Debug|Any CPU = Debug|Any CPU
		Release|Any CPU = Release|Any CPU
	EndGlobalSection
	GlobalSection(ProjectConfigurationPlatforms) = postSolution
		{AD6C6C40-84CC-411D-98F6-CE7615E1B241}.Debug|Any CPU.ActiveCfg = Debug|Any CPU
		{AD6C6C40-84CC-411D-98F6-CE7615E1B241}.Debug|Any CPU.Build.0 = Debug|Any CPU
		{AD6C6C40-84CC-411D-98F6-CE7615E1B241}.Release|Any CPU.ActiveCfg = Release|Any CPU
		{AD6C6C40-84CC-411D-98F6-CE7615E1B241}.Release|Any CPU.Build.0 = Release|Any CPU
		{F03ED6F7-7C5E-45D0-94C3-5CD1E7693B41}.Debug|Any CPU.ActiveCfg = Debug|Any CPU
		{F03ED6F7-7C5E-45D0-94C3-5CD1E7693B41}.Debug|Any CPU.Build.0 = Debug|Any CPU
		{F03ED6F7-7C5E-45D0-94C3-5CD1E7693B41}.Release|Any CPU.ActiveCfg = Release|Any CPU
		{F03ED6F7-7C5E-45D0-94C3-5CD1E7693B41}.Release|Any CPU.Build.0 = Release|Any CPU
	EndGlobalSection
	GlobalSection(SolutionProperties) = preSolution
		HideSolutionNode = FALSE
	EndGlobalSection
EndGlobal
