
Microsoft Visual Studio Solution File, Format Version 10.00
# Visual Studio 2008
Project("{FAE04EC0-301F-11D3-BF4B-00C04F79EFBC}") = "AJAXCS2008AutoCompleteExtender", "AJAXCS2008AutoCompleteExtender\AJAXCS2008AutoCompleteExtender.csproj", "{8B3972DE-E8F2-477B-9E50-4C7CF46429EC}"
EndProject
Global
	GlobalSection(SolutionConfigurationPlatforms) = preSolution
		Debug|Any CPU = Debug|Any CPU
		Release|Any CPU = Release|Any CPU
	EndGlobalSection
	GlobalSection(ProjectConfigurationPlatforms) = postSolution
		{8B3972DE-E8F2-477B-9E50-4C7CF46429EC}.Debug|Any CPU.ActiveCfg = Debug|Any CPU
		{8B3972DE-E8F2-477B-9E50-4C7CF46429EC}.Debug|Any CPU.Build.0 = Debug|Any CPU
		{8B3972DE-E8F2-477B-9E50-4C7CF46429EC}.Release|Any CPU.ActiveCfg = Release|Any CPU
		{8B3972DE-E8F2-477B-9E50-4C7CF46429EC}.Release|Any CPU.Build.0 = Release|Any CPU
	EndGlobalSection
	GlobalSection(SolutionProperties) = preSolution
		HideSolutionNode = FALSE
	EndGlobalSection
EndGlobal
