
Microsoft Visual Studio Solution File, Format Version 10.00
# Visual Studio 2008
Project("{FAE04EC0-301F-11D3-BF4B-00C04F79EFBC}") = "HttpHandler", "HttpHandler.csproj", "{1E44802D-89C3-464A-8B8D-45F0E0119A3F}"
EndProject
Project("{F184B08F-C81C-45F6-A57F-5ABD9991F28F}") = "HttpHandlerVB", "..\HttpHandlerVB\HttpHandlerVB.vbproj", "{37823E6E-CD9B-4C16-9ACA-18DE252FF7D4}"
EndProject
Global
	GlobalSection(SolutionConfigurationPlatforms) = preSolution
		Debug|Any CPU = Debug|Any CPU
		Release|Any CPU = Release|Any CPU
	EndGlobalSection
	GlobalSection(ProjectConfigurationPlatforms) = postSolution
		{1E44802D-89C3-464A-8B8D-45F0E0119A3F}.Debug|Any CPU.ActiveCfg = Debug|Any CPU
		{1E44802D-89C3-464A-8B8D-45F0E0119A3F}.Debug|Any CPU.Build.0 = Debug|Any CPU
		{1E44802D-89C3-464A-8B8D-45F0E0119A3F}.Release|Any CPU.ActiveCfg = Release|Any CPU
		{1E44802D-89C3-464A-8B8D-45F0E0119A3F}.Release|Any CPU.Build.0 = Release|Any CPU
		{37823E6E-CD9B-4C16-9ACA-18DE252FF7D4}.Debug|Any CPU.ActiveCfg = Debug|Any CPU
		{37823E6E-CD9B-4C16-9ACA-18DE252FF7D4}.Debug|Any CPU.Build.0 = Debug|Any CPU
		{37823E6E-CD9B-4C16-9ACA-18DE252FF7D4}.Release|Any CPU.ActiveCfg = Release|Any CPU
		{37823E6E-CD9B-4C16-9ACA-18DE252FF7D4}.Release|Any CPU.Build.0 = Release|Any CPU
	EndGlobalSection
	GlobalSection(SolutionProperties) = preSolution
		HideSolutionNode = FALSE
	EndGlobalSection
EndGlobal
