
Microsoft Visual Studio Solution File, Format Version 10.00
# Visual Studio 2008
Project("{FAE04EC0-301F-11D3-BF4B-00C04F79EFBC}") = "SilverlightSaveFileDialog", "SilverlightSaveFileDialog\SilverlightSaveFileDialog.csproj", "{7A8F03BA-C6F5-46C7-B2C3-269A89EC8905}"
EndProject
Project("{FAE04EC0-301F-11D3-BF4B-00C04F79EFBC}") = "SilverlightSaveFileDialog.Web", "SilverlightSaveFileDialog.Web\SilverlightSaveFileDialog.Web.csproj", "{B92BFAED-5474-48A5-A35C-18A625D33982}"
EndProject
Global
	GlobalSection(SolutionConfigurationPlatforms) = preSolution
		Debug|Any CPU = Debug|Any CPU
		Release|Any CPU = Release|Any CPU
	EndGlobalSection
	GlobalSection(ProjectConfigurationPlatforms) = postSolution
		{7A8F03BA-C6F5-46C7-B2C3-269A89EC8905}.Debug|Any CPU.ActiveCfg = Debug|Any CPU
		{7A8F03BA-C6F5-46C7-B2C3-269A89EC8905}.Debug|Any CPU.Build.0 = Debug|Any CPU
		{7A8F03BA-C6F5-46C7-B2C3-269A89EC8905}.Release|Any CPU.ActiveCfg = Release|Any CPU
		{7A8F03BA-C6F5-46C7-B2C3-269A89EC8905}.Release|Any CPU.Build.0 = Release|Any CPU
		{B92BFAED-5474-48A5-A35C-18A625D33982}.Debug|Any CPU.ActiveCfg = Debug|Any CPU
		{B92BFAED-5474-48A5-A35C-18A625D33982}.Debug|Any CPU.Build.0 = Debug|Any CPU
		{B92BFAED-5474-48A5-A35C-18A625D33982}.Release|Any CPU.ActiveCfg = Release|Any CPU
		{B92BFAED-5474-48A5-A35C-18A625D33982}.Release|Any CPU.Build.0 = Release|Any CPU
	EndGlobalSection
	GlobalSection(SolutionProperties) = preSolution
		HideSolutionNode = FALSE
	EndGlobalSection
EndGlobal
