
Microsoft Visual Studio Solution File, Format Version 10.00
# Visual Studio 2008
Project("{E24C65DC-7377-472B-9ABA-BC803B73C61A}") = "LINQRSSGridView", "..\..\WebSites\LINQRSSGridView\", "{74D7E23D-C167-4D90-B5F0-BF3BD92905C9}"
	ProjectSection(WebsiteProperties) = preProject
		TargetFramework = "3.5"
		Debug.AspNetCompiler.VirtualPath = "/LINQRSSGridView"
		Debug.AspNetCompiler.PhysicalPath = "..\..\WebSites\LINQRSSGridView\"
		Debug.AspNetCompiler.TargetPath = "PrecompiledWeb\LINQRSSGridView\"
		Debug.AspNetCompiler.Updateable = "true"
		Debug.AspNetCompiler.ForceOverwrite = "true"
		Debug.AspNetCompiler.FixedNames = "false"
		Debug.AspNetCompiler.Debug = "True"
		Release.AspNetCompiler.VirtualPath = "/LINQRSSGridView"
		Release.AspNetCompiler.PhysicalPath = "..\..\WebSites\LINQRSSGridView\"
		Release.AspNetCompiler.TargetPath = "PrecompiledWeb\LINQRSSGridView\"
		Release.AspNetCompiler.Updateable = "true"
		Release.AspNetCompiler.ForceOverwrite = "true"
		Release.AspNetCompiler.FixedNames = "false"
		Release.AspNetCompiler.Debug = "False"
		VWDPort = "62607"
		DefaultWebSiteLanguage = "Visual C#"
	EndProjectSection
EndProject
Project("{F184B08F-C81C-45F6-A57F-5ABD9991F28F}") = "LINQRSSGridViewVB", "LINQRSSGridViewVB\LINQRSSGridViewVB.vbproj", "{A2A82250-65AC-43A7-9467-2E6F2DB671B3}"
EndProject
Global
	GlobalSection(SolutionConfigurationPlatforms) = preSolution
		Debug|Any CPU = Debug|Any CPU
		Release|Any CPU = Release|Any CPU
	EndGlobalSection
	GlobalSection(ProjectConfigurationPlatforms) = postSolution
		{74D7E23D-C167-4D90-B5F0-BF3BD92905C9}.Debug|Any CPU.ActiveCfg = Debug|Any CPU
		{74D7E23D-C167-4D90-B5F0-BF3BD92905C9}.Debug|Any CPU.Build.0 = Debug|Any CPU
		{74D7E23D-C167-4D90-B5F0-BF3BD92905C9}.Release|Any CPU.ActiveCfg = Debug|Any CPU
		{74D7E23D-C167-4D90-B5F0-BF3BD92905C9}.Release|Any CPU.Build.0 = Debug|Any CPU
		{A2A82250-65AC-43A7-9467-2E6F2DB671B3}.Debug|Any CPU.ActiveCfg = Debug|Any CPU
		{A2A82250-65AC-43A7-9467-2E6F2DB671B3}.Debug|Any CPU.Build.0 = Debug|Any CPU
		{A2A82250-65AC-43A7-9467-2E6F2DB671B3}.Release|Any CPU.ActiveCfg = Release|Any CPU
		{A2A82250-65AC-43A7-9467-2E6F2DB671B3}.Release|Any CPU.Build.0 = Release|Any CPU
	EndGlobalSection
	GlobalSection(SolutionProperties) = preSolution
		HideSolutionNode = FALSE
	EndGlobalSection
EndGlobal
