Microsoft Visual Studio Solution File, Format Version 9.00
# Visual Studio 2005
Project("{EF7E3281-CD33-11D4-8326-00C04FA0CE8D}") = "BPELShipping", "BPELShipping\BPELShipping.btproj", "{AEB046BA-4B77-45DD-9B51-6B1EFE42DBE3}"
EndProject
Global
	GlobalSection(SolutionConfigurationPlatforms) = preSolution
		Deployment|.NET = Deployment|.NET
		Development|.NET = Development|.NET
	EndGlobalSection
	GlobalSection(ProjectConfigurationPlatforms) = postSolution
		{AEB046BA-4B77-45DD-9B51-6B1EFE42DBE3}.Deployment|.NET.ActiveCfg = Deployment|.NET
		{AEB046BA-4B77-45DD-9B51-6B1EFE42DBE3}.Deployment|.NET.Build.0 = Deployment|.NET
		{AEB046BA-4B77-45DD-9B51-6B1EFE42DBE3}.Deployment|.NET.Deploy.0 = Deployment|.NET
		{AEB046BA-4B77-45DD-9B51-6B1EFE42DBE3}.Development|.NET.ActiveCfg = Development|.NET
		{AEB046BA-4B77-45DD-9B51-6B1EFE42DBE3}.Development|.NET.Build.0 = Development|.NET
		{AEB046BA-4B77-45DD-9B51-6B1EFE42DBE3}.Development|.NET.Deploy.0 = Development|.NET
	EndGlobalSection
	GlobalSection(SolutionProperties) = preSolution
		HideSolutionNode = FALSE
	EndGlobalSection
EndGlobal
