
Microsoft Visual Studio Solution File, Format Version 10.00
# Visual Studio 2008
Project("{FAE04EC0-301F-11D3-BF4B-00C04F79EFBC}") = "LinqToSqlGroupJoin", "LinqToSqlGroupJoin\LinqToSqlGroupJoin.csproj", "{DF56D45A-8C37-4137-96E1-B43F3EE9595C}"
EndProject
Global
	GlobalSection(SourceCodeControl) = preSolution
		SccNumberOfProjects = 2
		SccLocalPath0 = .
		SccProjectUniqueName1 = LinqToSqlGroupJoin\\LinqToSqlGroupJoin.csproj
		SccLocalPath1 = .
		SccProjectFilePathRelativizedFromConnection1 = LinqToSqlGroupJoin\\
	EndGlobalSection
	GlobalSection(SolutionConfigurationPlatforms) = preSolution
		Debug|Any CPU = Debug|Any CPU
		Release|Any CPU = Release|Any CPU
	EndGlobalSection
	GlobalSection(ProjectConfigurationPlatforms) = postSolution
		{DF56D45A-8C37-4137-96E1-B43F3EE9595C}.Debug|Any CPU.ActiveCfg = Debug|Any CPU
		{DF56D45A-8C37-4137-96E1-B43F3EE9595C}.Debug|Any CPU.Build.0 = Debug|Any CPU
		{DF56D45A-8C37-4137-96E1-B43F3EE9595C}.Release|Any CPU.ActiveCfg = Release|Any CPU
		{DF56D45A-8C37-4137-96E1-B43F3EE9595C}.Release|Any CPU.Build.0 = Release|Any CPU
	EndGlobalSection
	GlobalSection(SolutionProperties) = preSolution
		HideSolutionNode = FALSE
	EndGlobalSection
EndGlobal
