Microsoft Visual Studio Solution File, Format Version 9.00
# Visual Studio 2005
Project("{EF7E3281-CD33-11D4-8326-00C04FA0CE8D}") = "ConsumeWebService", "ConsumeWebService.btproj", "{B8AD18D8-163F-4CDC-9555-4852E89D1CEB}"
EndProject
Global
	GlobalSection(SolutionConfigurationPlatforms) = preSolution
		Debug|.NET = Debug|.NET
		Deployment|.NET = Deployment|.NET
		Development|.NET = Development|.NET
		Release|.NET = Release|.NET
	EndGlobalSection
	GlobalSection(ProjectConfigurationPlatforms) = postSolution
		{B8AD18D8-163F-4CDC-9555-4852E89D1CEB}.Debug|.NET.ActiveCfg = Deployment|.NET
		{B8AD18D8-163F-4CDC-9555-4852E89D1CEB}.Debug|.NET.Build.0 = Deployment|.NET
		{B8AD18D8-163F-4CDC-9555-4852E89D1CEB}.Debug|.NET.Deploy.0 = Deployment|.NET
		{B8AD18D8-163F-4CDC-9555-4852E89D1CEB}.Deployment|.NET.ActiveCfg = Deployment|.NET
		{B8AD18D8-163F-4CDC-9555-4852E89D1CEB}.Deployment|.NET.Build.0 = Deployment|.NET
		{B8AD18D8-163F-4CDC-9555-4852E89D1CEB}.Deployment|.NET.Deploy.0 = Deployment|.NET
		{B8AD18D8-163F-4CDC-9555-4852E89D1CEB}.Development|.NET.ActiveCfg = Development|.NET
		{B8AD18D8-163F-4CDC-9555-4852E89D1CEB}.Development|.NET.Build.0 = Development|.NET
		{B8AD18D8-163F-4CDC-9555-4852E89D1CEB}.Development|.NET.Deploy.0 = Development|.NET
		{B8AD18D8-163F-4CDC-9555-4852E89D1CEB}.Release|.NET.ActiveCfg = Deployment|.NET
		{B8AD18D8-163F-4CDC-9555-4852E89D1CEB}.Release|.NET.Build.0 = Deployment|.NET
		{B8AD18D8-163F-4CDC-9555-4852E89D1CEB}.Release|.NET.Deploy.0 = Deployment|.NET
	EndGlobalSection
	GlobalSection(SolutionProperties) = preSolution
		HideSolutionNode = FALSE
	EndGlobalSection
EndGlobal
