
Microsoft Visual Studio Solution File, Format Version 9.00
# Visual Studio 2005
Project("{E24C65DC-7377-472B-9ABA-BC803B73C61A}") = ".\", ".\", "{2BF0E9D5-65D8-4947-A04B-7BE519E4A8E4}"
	ProjectSection(WebsiteProperties) = preProject
		VWDPort = 36102
	EndProjectSection
EndProject
Global
	GlobalSection(SolutionConfigurationPlatforms) = preSolution
		Debug|.NET = Debug|.NET
	EndGlobalSection
	GlobalSection(ProjectConfigurationPlatforms) = postSolution
		{2BF0E9D5-65D8-4947-A04B-7BE519E4A8E4}.Debug|.NET.ActiveCfg = Debug|.NET
		{2BF0E9D5-65D8-4947-A04B-7BE519E4A8E4}.Debug|.NET.Build.0 = Debug|.NET
	EndGlobalSection
	GlobalSection(SolutionProperties) = preSolution
		HideSolutionNode = FALSE
	EndGlobalSection
EndGlobal
