
Microsoft Visual Studio Solution File, Format Version 11.00
# Visual Studio 2010
Project("{FAE04EC0-301F-11D3-BF4B-00C04F79EFBC}") = "SilverlightODataREST", "SilverlightODataREST\SilverlightODataREST.csproj", "{D9F8FC78-194C-4200-9017-C13B72777CBE}"
EndProject
Project("{FAE04EC0-301F-11D3-BF4B-00C04F79EFBC}") = "SilverlightODataREST.Web", "SilverlightODataREST.Web\SilverlightODataREST.Web.csproj", "{F4C72C47-1C8F-4DBE-9C94-89F2C370A3CB}"
EndProject
Global
	GlobalSection(SolutionConfigurationPlatforms) = preSolution
		Debug|Any CPU = Debug|Any CPU
		Release|Any CPU = Release|Any CPU
	EndGlobalSection
	GlobalSection(ProjectConfigurationPlatforms) = postSolution
		{D9F8FC78-194C-4200-9017-C13B72777CBE}.Debug|Any CPU.ActiveCfg = Debug|Any CPU
		{D9F8FC78-194C-4200-9017-C13B72777CBE}.Debug|Any CPU.Build.0 = Debug|Any CPU
		{D9F8FC78-194C-4200-9017-C13B72777CBE}.Release|Any CPU.ActiveCfg = Release|Any CPU
		{D9F8FC78-194C-4200-9017-C13B72777CBE}.Release|Any CPU.Build.0 = Release|Any CPU
		{F4C72C47-1C8F-4DBE-9C94-89F2C370A3CB}.Debug|Any CPU.ActiveCfg = Debug|Any CPU
		{F4C72C47-1C8F-4DBE-9C94-89F2C370A3CB}.Debug|Any CPU.Build.0 = Debug|Any CPU
		{F4C72C47-1C8F-4DBE-9C94-89F2C370A3CB}.Release|Any CPU.ActiveCfg = Release|Any CPU
		{F4C72C47-1C8F-4DBE-9C94-89F2C370A3CB}.Release|Any CPU.Build.0 = Release|Any CPU
	EndGlobalSection
	GlobalSection(SolutionProperties) = preSolution
		HideSolutionNode = FALSE
	EndGlobalSection
EndGlobal
