
Microsoft Visual Studio Solution File, Format Version 10.00
# Visual Studio 2008
Project("{E24C65DC-7377-472B-9ABA-BC803B73C61A}") = "MemberShipRoleProvider", "..\..\..\..\MemberShipRoleProvider", "{E4B71166-049B-4C1D-A54B-21372A22413F}"
	ProjectSection(WebsiteProperties) = preProject
		TargetFramework = "3.5"
		Debug.AspNetCompiler.VirtualPath = "/MemberShipRoleProvider"
		Debug.AspNetCompiler.PhysicalPath = "..\..\..\..\MemberShipRoleProvider\"
		Debug.AspNetCompiler.TargetPath = "PrecompiledWeb\MemberShipRoleProvider\"
		Debug.AspNetCompiler.Updateable = "true"
		Debug.AspNetCompiler.ForceOverwrite = "true"
		Debug.AspNetCompiler.FixedNames = "false"
		Debug.AspNetCompiler.Debug = "True"
		Release.AspNetCompiler.VirtualPath = "/MemberShipRoleProvider"
		Release.AspNetCompiler.PhysicalPath = "..\..\..\..\MemberShipRoleProvider\"
		Release.AspNetCompiler.TargetPath = "PrecompiledWeb\MemberShipRoleProvider\"
		Release.AspNetCompiler.Updateable = "true"
		Release.AspNetCompiler.ForceOverwrite = "true"
		Release.AspNetCompiler.FixedNames = "false"
		Release.AspNetCompiler.Debug = "False"
		VWDPort = "49490"
		DefaultWebSiteLanguage = "Visual Basic"
	EndProjectSection
EndProject
Global
	GlobalSection(SolutionConfigurationPlatforms) = preSolution
		Debug|Any CPU = Debug|Any CPU
	EndGlobalSection
	GlobalSection(ProjectConfigurationPlatforms) = postSolution
		{E4B71166-049B-4C1D-A54B-21372A22413F}.Debug|Any CPU.ActiveCfg = Debug|Any CPU
		{E4B71166-049B-4C1D-A54B-21372A22413F}.Debug|Any CPU.Build.0 = Debug|Any CPU
	EndGlobalSection
	GlobalSection(SolutionProperties) = preSolution
		HideSolutionNode = FALSE
	EndGlobalSection
EndGlobal
