
Microsoft Visual Studio Solution File, Format Version 11.00
# Visual Studio 2010
Project("{FAE04EC0-301F-11D3-BF4B-00C04F79EFBC}") = "AnimatedButtonAppCS", "AnimatedButtonAppCS\AnimatedButtonAppCS.csproj", "{3B8804FD-15D2-4E42-994A-FA347EA884FF}"
EndProject
Project("{FAE04EC0-301F-11D3-BF4B-00C04F79EFBC}") = "AnimatedButtonAppCS.Web", "AnimatedButtonAppCS.Web\AnimatedButtonAppCS.Web.csproj", "{874E1CB1-9A81-4CCD-8350-8AD176DA0E90}"
EndProject
Global
	GlobalSection(SolutionConfigurationPlatforms) = preSolution
		Debug|Any CPU = Debug|Any CPU
		Release|Any CPU = Release|Any CPU
	EndGlobalSection
	GlobalSection(ProjectConfigurationPlatforms) = postSolution
		{3B8804FD-15D2-4E42-994A-FA347EA884FF}.Debug|Any CPU.ActiveCfg = Debug|Any CPU
		{3B8804FD-15D2-4E42-994A-FA347EA884FF}.Debug|Any CPU.Build.0 = Debug|Any CPU
		{3B8804FD-15D2-4E42-994A-FA347EA884FF}.Release|Any CPU.ActiveCfg = Release|Any CPU
		{3B8804FD-15D2-4E42-994A-FA347EA884FF}.Release|Any CPU.Build.0 = Release|Any CPU
		{874E1CB1-9A81-4CCD-8350-8AD176DA0E90}.Debug|Any CPU.ActiveCfg = Debug|Any CPU
		{874E1CB1-9A81-4CCD-8350-8AD176DA0E90}.Debug|Any CPU.Build.0 = Debug|Any CPU
		{874E1CB1-9A81-4CCD-8350-8AD176DA0E90}.Release|Any CPU.ActiveCfg = Release|Any CPU
		{874E1CB1-9A81-4CCD-8350-8AD176DA0E90}.Release|Any CPU.Build.0 = Release|Any CPU
	EndGlobalSection
	GlobalSection(SolutionProperties) = preSolution
		HideSolutionNode = FALSE
	EndGlobalSection
EndGlobal
