
Microsoft Visual Studio Solution File, Format Version 11.00
# Visual Studio 2010
Project("{FAE04EC0-301F-11D3-BF4B-00C04F79EFBC}") = "ASPCS2010JavaScriptCallWebService", "ASPCS2010JavaScriptCallWebService\ASPCS2010JavaScriptCallWebService.csproj", "{ADC48321-C9C5-4ED9-8441-B79A2C0F0CF3}"
EndProject
Global
	GlobalSection(SolutionConfigurationPlatforms) = preSolution
		Debug|Any CPU = Debug|Any CPU
		Release|Any CPU = Release|Any CPU
	EndGlobalSection
	GlobalSection(ProjectConfigurationPlatforms) = postSolution
		{ADC48321-C9C5-4ED9-8441-B79A2C0F0CF3}.Debug|Any CPU.ActiveCfg = Debug|Any CPU
		{ADC48321-C9C5-4ED9-8441-B79A2C0F0CF3}.Debug|Any CPU.Build.0 = Debug|Any CPU
		{ADC48321-C9C5-4ED9-8441-B79A2C0F0CF3}.Release|Any CPU.ActiveCfg = Release|Any CPU
		{ADC48321-C9C5-4ED9-8441-B79A2C0F0CF3}.Release|Any CPU.Build.0 = Release|Any CPU
	EndGlobalSection
	GlobalSection(SolutionProperties) = preSolution
		HideSolutionNode = FALSE
	EndGlobalSection
EndGlobal
