
Microsoft Visual Studio Solution File, Format Version 10.00
# Visual Studio 2008
Project("{FAE04EC0-301F-11D3-BF4B-00C04F79EFBC}") = "CreatingXMLFromSQLData", "CreatingXMLFromSQLData\CreatingXMLFromSQLData.csproj", "{2C4B56EA-98A3-441F-B11E-F24B7B1A7D5D}"
EndProject
Project("{E24C65DC-7377-472B-9ABA-BC803B73C61A}") = "WebSite1", "..\WebSite1", "{12231F9F-7756-4C71-8343-1C36DB14FFE3}"
	ProjectSection(WebsiteProperties) = preProject
		SccProjectName = ""$/Books/Addison Wesley/LINQ/SOURCE/Chapter 23/CreatingXMLFromSQLData.root/CreatingXMLFromSQLData", GEZBAAAA"
		SccAuxPath = ""
		SccLocalPath = ".."
		SccProvider = "MSSCCI:Microsoft Visual SourceSafe"
		TargetFramework = "3.5"
		Debug.AspNetCompiler.VirtualPath = "/WebSite1"
		Debug.AspNetCompiler.PhysicalPath = "..\WebSite1\"
		Debug.AspNetCompiler.TargetPath = "PrecompiledWeb\WebSite1\"
		Debug.AspNetCompiler.Updateable = "true"
		Debug.AspNetCompiler.ForceOverwrite = "true"
		Debug.AspNetCompiler.FixedNames = "false"
		Debug.AspNetCompiler.Debug = "True"
		Release.AspNetCompiler.VirtualPath = "/WebSite1"
		Release.AspNetCompiler.PhysicalPath = "..\WebSite1\"
		Release.AspNetCompiler.TargetPath = "PrecompiledWeb\WebSite1\"
		Release.AspNetCompiler.Updateable = "true"
		Release.AspNetCompiler.ForceOverwrite = "true"
		Release.AspNetCompiler.FixedNames = "false"
		Release.AspNetCompiler.Debug = "False"
		VWDPort = "51988"
		DefaultWebSiteLanguage = "Visual C#"
	EndProjectSection
EndProject
Global
	GlobalSection(SourceCodeControl) = preSolution
		SccNumberOfProjects = 3
		SccProjectName0 = \u0022$/Books/Addison\u0020Wesley/LINQ/SOURCE/Chapter\u002023/CreatingXMLFromSQLData.root/CreatingXMLFromSQLData\u0022,\u0020GEZBAAAA
		SccLocalPath0 = ..
		SccProvider0 = MSSCCI:Microsoft\u0020Visual\u0020SourceSafe
		SccProjectFilePathRelativizedFromConnection0 = CreatingXMLFromSQLData\\
		SccProjectUniqueName1 = CreatingXMLFromSQLData\\CreatingXMLFromSQLData.csproj
		SccLocalPath1 = ..
		SccProjectFilePathRelativizedFromConnection1 = CreatingXMLFromSQLData\\CreatingXMLFromSQLData\\
		SccWebProject2 = true
		SccProjectUniqueName2 = ..\\WebSite1
		SccLocalPath2 = ..
		SccProjectFilePathRelativizedFromConnection2 = WebSite1\\
		SccProjectEnlistmentChoice2 = 2
	EndGlobalSection
	GlobalSection(SolutionConfigurationPlatforms) = preSolution
		Debug|.NET = Debug|.NET
		Debug|Any CPU = Debug|Any CPU
		Debug|Mixed Platforms = Debug|Mixed Platforms
		Release|.NET = Release|.NET
		Release|Any CPU = Release|Any CPU
		Release|Mixed Platforms = Release|Mixed Platforms
	EndGlobalSection
	GlobalSection(ProjectConfigurationPlatforms) = postSolution
		{2C4B56EA-98A3-441F-B11E-F24B7B1A7D5D}.Debug|.NET.ActiveCfg = Debug|Any CPU
		{2C4B56EA-98A3-441F-B11E-F24B7B1A7D5D}.Debug|Any CPU.ActiveCfg = Debug|Any CPU
		{2C4B56EA-98A3-441F-B11E-F24B7B1A7D5D}.Debug|Any CPU.Build.0 = Debug|Any CPU
		{2C4B56EA-98A3-441F-B11E-F24B7B1A7D5D}.Debug|Mixed Platforms.ActiveCfg = Debug|Any CPU
		{2C4B56EA-98A3-441F-B11E-F24B7B1A7D5D}.Debug|Mixed Platforms.Build.0 = Debug|Any CPU
		{2C4B56EA-98A3-441F-B11E-F24B7B1A7D5D}.Release|.NET.ActiveCfg = Release|Any CPU
		{2C4B56EA-98A3-441F-B11E-F24B7B1A7D5D}.Release|Any CPU.ActiveCfg = Release|Any CPU
		{2C4B56EA-98A3-441F-B11E-F24B7B1A7D5D}.Release|Any CPU.Build.0 = Release|Any CPU
		{2C4B56EA-98A3-441F-B11E-F24B7B1A7D5D}.Release|Mixed Platforms.ActiveCfg = Release|Any CPU
		{2C4B56EA-98A3-441F-B11E-F24B7B1A7D5D}.Release|Mixed Platforms.Build.0 = Release|Any CPU
		{12231F9F-7756-4C71-8343-1C36DB14FFE3}.Debug|.NET.ActiveCfg = Debug|.NET
		{12231F9F-7756-4C71-8343-1C36DB14FFE3}.Debug|.NET.Build.0 = Debug|.NET
		{12231F9F-7756-4C71-8343-1C36DB14FFE3}.Debug|Any CPU.ActiveCfg = Debug|.NET
		{12231F9F-7756-4C71-8343-1C36DB14FFE3}.Debug|Mixed Platforms.ActiveCfg = Debug|.NET
		{12231F9F-7756-4C71-8343-1C36DB14FFE3}.Debug|Mixed Platforms.Build.0 = Debug|.NET
		{12231F9F-7756-4C71-8343-1C36DB14FFE3}.Release|.NET.ActiveCfg = Debug|.NET
		{12231F9F-7756-4C71-8343-1C36DB14FFE3}.Release|.NET.Build.0 = Debug|.NET
		{12231F9F-7756-4C71-8343-1C36DB14FFE3}.Release|Any CPU.ActiveCfg = Debug|.NET
		{12231F9F-7756-4C71-8343-1C36DB14FFE3}.Release|Mixed Platforms.ActiveCfg = Debug|.NET
		{12231F9F-7756-4C71-8343-1C36DB14FFE3}.Release|Mixed Platforms.Build.0 = Debug|.NET
	EndGlobalSection
	GlobalSection(SolutionProperties) = preSolution
		HideSolutionNode = FALSE
	EndGlobalSection
EndGlobal
