Microsoft Visual Studio Solution File, Format Version 9.00
# Visual Studio 2005
Project("{EF7E3281-CD33-11D4-8326-00C04FA0CE8D}") = "HelloWorld", "HelloWorld.btproj", "{15D66853-F262-4787-BB77-F0F6E20D6896}"
EndProject
Global
	GlobalSection(SolutionConfigurationPlatforms) = preSolution
		Deployment|.NET = Deployment|.NET
		Development|.NET = Development|.NET
	EndGlobalSection
	GlobalSection(ProjectConfigurationPlatforms) = postSolution
		{15D66853-F262-4787-BB77-F0F6E20D6896}.Deployment|.NET.ActiveCfg = Deployment|.NET
		{15D66853-F262-4787-BB77-F0F6E20D6896}.Deployment|.NET.Build.0 = Deployment|.NET
		{15D66853-F262-4787-BB77-F0F6E20D6896}.Deployment|.NET.Deploy.0 = Deployment|.NET
		{15D66853-F262-4787-BB77-F0F6E20D6896}.Development|.NET.ActiveCfg = Development|.NET
		{15D66853-F262-4787-BB77-F0F6E20D6896}.Development|.NET.Build.0 = Development|.NET
		{15D66853-F262-4787-BB77-F0F6E20D6896}.Development|.NET.Deploy.0 = Development|.NET
	EndGlobalSection
	GlobalSection(SolutionProperties) = preSolution
		HideSolutionNode = FALSE
	EndGlobalSection
EndGlobal
