Microsoft Visual Studio Solution File, Format Version 9.00
# Visual Studio 2005
Project("{EF7E3281-CD33-11D4-8326-00C04FA0CE8D}") = "Session 1", "Session 1\Session 1.btproj", "{CF38321D-C961-40A0-ADF7-A2641B593ED6}"
EndProject
Global
	GlobalSection(SolutionConfigurationPlatforms) = preSolution
		Deployment|.NET = Deployment|.NET
		Development|.NET = Development|.NET
	EndGlobalSection
	GlobalSection(ProjectConfigurationPlatforms) = postSolution
		{CF38321D-C961-40A0-ADF7-A2641B593ED6}.Deployment|.NET.ActiveCfg = Deployment|.NET
		{CF38321D-C961-40A0-ADF7-A2641B593ED6}.Deployment|.NET.Build.0 = Deployment|.NET
		{CF38321D-C961-40A0-ADF7-A2641B593ED6}.Deployment|.NET.Deploy.0 = Deployment|.NET
		{CF38321D-C961-40A0-ADF7-A2641B593ED6}.Development|.NET.ActiveCfg = Deployment|.NET
		{CF38321D-C961-40A0-ADF7-A2641B593ED6}.Development|.NET.Build.0 = Deployment|.NET
		{CF38321D-C961-40A0-ADF7-A2641B593ED6}.Development|.NET.Deploy.0 = Deployment|.NET
	EndGlobalSection
	GlobalSection(SolutionProperties) = preSolution
		HideSolutionNode = FALSE
	EndGlobalSection
EndGlobal
