Microsoft Visual Studio Solution File, Format Version 9.00
# Visual Studio 2005
Project("{EF7E3281-CD33-11D4-8326-00C04FA0CE8D}") = "MethodCallSample", "MethodCallSample.btproj", "{58B30406-9CFC-4228-BFB3-8BDBB1F0C776}"
EndProject
Project("{FAE04EC0-301F-11D3-BF4B-00C04F79EFBC}") = "MathLibrary", "..\MathLibrary\MathLibrary.csproj", "{9CDD4B43-AD9D-454D-9B67-8F06176603A8}"
EndProject
Global
	GlobalSection(SolutionConfigurationPlatforms) = preSolution
		Deployment|.NET = Deployment|.NET
		Development|.NET = Development|.NET
	EndGlobalSection
	GlobalSection(ProjectConfigurationPlatforms) = postSolution
		{58B30406-9CFC-4228-BFB3-8BDBB1F0C776}.Deployment|.NET.ActiveCfg = Deployment|.NET
		{58B30406-9CFC-4228-BFB3-8BDBB1F0C776}.Deployment|.NET.Build.0 = Deployment|.NET
		{58B30406-9CFC-4228-BFB3-8BDBB1F0C776}.Deployment|.NET.Deploy.0 = Deployment|.NET
		{58B30406-9CFC-4228-BFB3-8BDBB1F0C776}.Development|.NET.ActiveCfg = Development|.NET
		{58B30406-9CFC-4228-BFB3-8BDBB1F0C776}.Development|.NET.Build.0 = Development|.NET
		{58B30406-9CFC-4228-BFB3-8BDBB1F0C776}.Development|.NET.Deploy.0 = Development|.NET
		{9CDD4B43-AD9D-454D-9B67-8F06176603A8}.Deployment|.NET.ActiveCfg = Debug|Any CPU
		{9CDD4B43-AD9D-454D-9B67-8F06176603A8}.Deployment|.NET.Build.0 = Debug|Any CPU
		{9CDD4B43-AD9D-454D-9B67-8F06176603A8}.Development|.NET.ActiveCfg = Debug|Any CPU
		{9CDD4B43-AD9D-454D-9B67-8F06176603A8}.Development|.NET.Build.0 = Debug|Any CPU
	EndGlobalSection
	GlobalSection(SolutionProperties) = preSolution
		HideSolutionNode = FALSE
	EndGlobalSection
EndGlobal
