Microsoft Visual Studio Solution File, Format Version 9.00
# Visual Studio 2005
Project("{EF7E3281-CD33-11D4-8326-00C04FA0CE8D}") = "CallOrchestration", "CallOrchestration.btproj", "{20D2C96F-B24F-47DB-BBD5-95FE1CD4E2A7}"
EndProject
Global
	GlobalSection(SolutionConfigurationPlatforms) = preSolution
		Deployment|.NET = Deployment|.NET
		Development|.NET = Development|.NET
	EndGlobalSection
	GlobalSection(ProjectConfigurationPlatforms) = postSolution
		{20D2C96F-B24F-47DB-BBD5-95FE1CD4E2A7}.Deployment|.NET.ActiveCfg = Deployment|.NET
		{20D2C96F-B24F-47DB-BBD5-95FE1CD4E2A7}.Deployment|.NET.Build.0 = Deployment|.NET
		{20D2C96F-B24F-47DB-BBD5-95FE1CD4E2A7}.Deployment|.NET.Deploy.0 = Deployment|.NET
		{20D2C96F-B24F-47DB-BBD5-95FE1CD4E2A7}.Development|.NET.ActiveCfg = Development|.NET
		{20D2C96F-B24F-47DB-BBD5-95FE1CD4E2A7}.Development|.NET.Build.0 = Development|.NET
		{20D2C96F-B24F-47DB-BBD5-95FE1CD4E2A7}.Development|.NET.Deploy.0 = Development|.NET
	EndGlobalSection
	GlobalSection(SolutionProperties) = preSolution
		HideSolutionNode = FALSE
	EndGlobalSection
EndGlobal
