Microsoft Visual Studio Solution File, Format Version 9.00
# Visual Studio 2005
Project("{EF7E3281-CD33-11D4-8326-00C04FA0CE8D}") = "ProjectSchema", "ProjectSchema.btproj", "{4D9BE62E-C822-4006-84AC-A5D903BEE3DF}"
EndProject
Global
	GlobalSection(SolutionConfigurationPlatforms) = preSolution
		Deployment|.NET = Deployment|.NET
		Standard|.NET = Standard|.NET
	EndGlobalSection
	GlobalSection(ProjectConfigurationPlatforms) = postSolution
		{4D9BE62E-C822-4006-84AC-A5D903BEE3DF}.Deployment|.NET.ActiveCfg = Deployment|.NET
		{4D9BE62E-C822-4006-84AC-A5D903BEE3DF}.Deployment|.NET.Build.0 = Deployment|.NET
		{4D9BE62E-C822-4006-84AC-A5D903BEE3DF}.Deployment|.NET.Deploy.0 = Deployment|.NET
		{4D9BE62E-C822-4006-84AC-A5D903BEE3DF}.Standard|.NET.ActiveCfg = Standard|.NET
		{4D9BE62E-C822-4006-84AC-A5D903BEE3DF}.Standard|.NET.Build.0 = Standard|.NET
		{4D9BE62E-C822-4006-84AC-A5D903BEE3DF}.Standard|.NET.Deploy.0 = Standard|.NET
	EndGlobalSection
	GlobalSection(SolutionProperties) = preSolution
		HideSolutionNode = FALSE
	EndGlobalSection
EndGlobal
