
Microsoft Visual Studio Solution File, Format Version 9.00
# Visual Studio 2005
Project("{FAE04EC0-301F-11D3-BF4B-00C04F79EFBC}") = "OpsTxAdapter", "OpsTxAdapter\OpsTxAdapter.csproj", "{B916D3F4-50DD-436B-8400-AD1CC5FE722E}"
EndProject
Project("{FAE04EC0-301F-11D3-BF4B-00C04F79EFBC}") = "OpsAdapterMgmt", "OpsAdapterMgmt\OpsAdapterMgmt.csproj", "{1A23D605-8EE2-430C-8A3C-60FC44357058}"
EndProject
Project("{FAE04EC0-301F-11D3-BF4B-00C04F79EFBC}") = "Microsoft.Samples.BizTalk.Adapter.Common", "..\..\..\..\SDK\Samples\AdaptersDevelopment\BaseAdapter\v1.0.2\Microsoft.Samples.BizTalk.Adapter.Common.csproj", "{44B780E7-6D79-4BAF-9994-28CFFA1172A6}"
EndProject
Project("{FAE04EC0-301F-11D3-BF4B-00C04F79EFBC}") = "IOpsAIC", "IOpsAIC\IOpsAIC.csproj", "{401DA8AE-DC57-4E81-BF30-7FAF5132EAE1}"
EndProject
Global
	GlobalSection(SolutionConfigurationPlatforms) = preSolution
		Debug|Any CPU = Debug|Any CPU
		Release|Any CPU = Release|Any CPU
	EndGlobalSection
	GlobalSection(ProjectConfigurationPlatforms) = postSolution
		{B916D3F4-50DD-436B-8400-AD1CC5FE722E}.Debug|Any CPU.ActiveCfg = Debug|Any CPU
		{B916D3F4-50DD-436B-8400-AD1CC5FE722E}.Debug|Any CPU.Build.0 = Debug|Any CPU
		{B916D3F4-50DD-436B-8400-AD1CC5FE722E}.Release|Any CPU.ActiveCfg = Release|Any CPU
		{B916D3F4-50DD-436B-8400-AD1CC5FE722E}.Release|Any CPU.Build.0 = Release|Any CPU
		{1A23D605-8EE2-430C-8A3C-60FC44357058}.Debug|Any CPU.ActiveCfg = Debug|Any CPU
		{1A23D605-8EE2-430C-8A3C-60FC44357058}.Debug|Any CPU.Build.0 = Debug|Any CPU
		{1A23D605-8EE2-430C-8A3C-60FC44357058}.Release|Any CPU.ActiveCfg = Release|Any CPU
		{1A23D605-8EE2-430C-8A3C-60FC44357058}.Release|Any CPU.Build.0 = Release|Any CPU
		{44B780E7-6D79-4BAF-9994-28CFFA1172A6}.Debug|Any CPU.ActiveCfg = Debug|Any CPU
		{44B780E7-6D79-4BAF-9994-28CFFA1172A6}.Debug|Any CPU.Build.0 = Debug|Any CPU
		{44B780E7-6D79-4BAF-9994-28CFFA1172A6}.Release|Any CPU.ActiveCfg = Release|Any CPU
		{44B780E7-6D79-4BAF-9994-28CFFA1172A6}.Release|Any CPU.Build.0 = Release|Any CPU
		{401DA8AE-DC57-4E81-BF30-7FAF5132EAE1}.Debug|Any CPU.ActiveCfg = Debug|Any CPU
		{401DA8AE-DC57-4E81-BF30-7FAF5132EAE1}.Debug|Any CPU.Build.0 = Debug|Any CPU
		{401DA8AE-DC57-4E81-BF30-7FAF5132EAE1}.Release|Any CPU.ActiveCfg = Release|Any CPU
		{401DA8AE-DC57-4E81-BF30-7FAF5132EAE1}.Release|Any CPU.Build.0 = Release|Any CPU
	EndGlobalSection
	GlobalSection(SolutionProperties) = preSolution
		HideSolutionNode = FALSE
	EndGlobalSection
EndGlobal
