
Microsoft Visual Studio Solution File, Format Version 10.00
# Visual Studio 2008
Project("{FAE04EC0-301F-11D3-BF4B-00C04F79EFBC}") = "ScreenShotOneClickCS", "ScreenShotOneClickCS\ScreenShotOneClickCS.csproj", "{6EE01DC3-789E-4898-81F6-B3030B8D687A}"
EndProject
Project("{F184B08F-C81C-45F6-A57F-5ABD9991F28F}") = "ScreenShotOneClickVB", "ScreenShotOneClickVB\ScreenShotOneClickVB.vbproj", "{3715D5B3-91A6-438E-811F-082337534B24}"
EndProject
Global
	GlobalSection(SolutionConfigurationPlatforms) = preSolution
		Debug|Any CPU = Debug|Any CPU
		Release|Any CPU = Release|Any CPU
	EndGlobalSection
	GlobalSection(ProjectConfigurationPlatforms) = postSolution
		{6EE01DC3-789E-4898-81F6-B3030B8D687A}.Debug|Any CPU.ActiveCfg = Debug|Any CPU
		{6EE01DC3-789E-4898-81F6-B3030B8D687A}.Debug|Any CPU.Build.0 = Debug|Any CPU
		{6EE01DC3-789E-4898-81F6-B3030B8D687A}.Release|Any CPU.ActiveCfg = Release|Any CPU
		{6EE01DC3-789E-4898-81F6-B3030B8D687A}.Release|Any CPU.Build.0 = Release|Any CPU
		{3715D5B3-91A6-438E-811F-082337534B24}.Debug|Any CPU.ActiveCfg = Debug|Any CPU
		{3715D5B3-91A6-438E-811F-082337534B24}.Debug|Any CPU.Build.0 = Debug|Any CPU
		{3715D5B3-91A6-438E-811F-082337534B24}.Release|Any CPU.ActiveCfg = Release|Any CPU
		{3715D5B3-91A6-438E-811F-082337534B24}.Release|Any CPU.Build.0 = Release|Any CPU
	EndGlobalSection
	GlobalSection(SolutionProperties) = preSolution
		HideSolutionNode = FALSE
	EndGlobalSection
EndGlobal
