
Microsoft Visual Studio Solution File, Format Version 10.00
# Visual Studio 2008
Project("{FAE04EC0-301F-11D3-BF4B-00C04F79EFBC}") = "ReturnAnonymousTypeFromMethod", "ReturnAnonymousTypeFromMethod\ReturnAnonymousTypeFromMethod.csproj", "{AED65449-6F2F-4989-9A2F-DB487F8CD314}"
EndProject
Global
	GlobalSection(SolutionConfigurationPlatforms) = preSolution
		Debug|Any CPU = Debug|Any CPU
		Release|Any CPU = Release|Any CPU
	EndGlobalSection
	GlobalSection(ProjectConfigurationPlatforms) = postSolution
		{AED65449-6F2F-4989-9A2F-DB487F8CD314}.Debug|Any CPU.ActiveCfg = Debug|Any CPU
		{AED65449-6F2F-4989-9A2F-DB487F8CD314}.Debug|Any CPU.Build.0 = Debug|Any CPU
		{AED65449-6F2F-4989-9A2F-DB487F8CD314}.Release|Any CPU.ActiveCfg = Release|Any CPU
		{AED65449-6F2F-4989-9A2F-DB487F8CD314}.Release|Any CPU.Build.0 = Release|Any CPU
	EndGlobalSection
	GlobalSection(SolutionProperties) = preSolution
		HideSolutionNode = FALSE
	EndGlobalSection
EndGlobal
