Microsoft Visual Studio Solution File, Format Version 9.00
# Visual Studio 2005
Project("{EF7E3281-CD33-11D4-8326-00C04FA0CE8D}") = "MQSCorrelationSetOrchestration", "MQSCorrelationSetOrchestration.btproj", "{D778B8EB-6C8C-478B-B17E-23D0B092BABB}"
EndProject
Global
	GlobalSection(SolutionConfigurationPlatforms) = preSolution
		Deployment|.NET = Deployment|.NET
		Development|.NET = Development|.NET
	EndGlobalSection
	GlobalSection(ProjectConfigurationPlatforms) = postSolution
		{D778B8EB-6C8C-478B-B17E-23D0B092BABB}.Deployment|.NET.ActiveCfg = Deployment|.NET
		{D778B8EB-6C8C-478B-B17E-23D0B092BABB}.Deployment|.NET.Build.0 = Deployment|.NET
		{D778B8EB-6C8C-478B-B17E-23D0B092BABB}.Deployment|.NET.Deploy.0 = Deployment|.NET
		{D778B8EB-6C8C-478B-B17E-23D0B092BABB}.Development|.NET.ActiveCfg = Development|.NET
		{D778B8EB-6C8C-478B-B17E-23D0B092BABB}.Development|.NET.Build.0 = Development|.NET
		{D778B8EB-6C8C-478B-B17E-23D0B092BABB}.Development|.NET.Deploy.0 = Development|.NET
	EndGlobalSection
	GlobalSection(SolutionProperties) = preSolution
		HideSolutionNode = FALSE
	EndGlobalSection
EndGlobal
